
COCOAPODS: 0.15.2

PODS: 
- AFNetworking (1.0)
- Parse (1.1.10)
- SSToolkit (1.0.2)

DEPENDENCIES: 
- AFNetworking
- Parse
- SSToolkit

SPEC CHECKSUMS: 
  AFNetworking: 758a1cb1ab5a0d22795ba1c44abb9cad395bc126
  SSToolkit: 852044205c6a15586431e90f46b2ef01f693285a
  Parse: 73298a0a43a045072f88211fae49e31fe9f227ea
