// !$*UTF8*$!
{
	archiveVersion = 1;
	classes = {
	};
	objectVersion = 46;
	objects = {

/* Begin PBXBuildFile section */
		4EECF74716334AEE007A7D56 /* UIKit.framework in Frameworks */ = {isa = PBXBuildFile; fileRef = 4EECF74616334AEE007A7D56 /* UIKit.framework */; };
		4EECF74916334AEE007A7D56 /* Foundation.framework in Frameworks */ = {isa = PBXBuildFile; fileRef = 4EECF74816334AEE007A7D56 /* Foundation.framework */; };
		4EECF74B16334AEE007A7D56 /* CoreGraphics.framework in Frameworks */ = {isa = PBXBuildFile; fileRef = 4EECF74A16334AEE007A7D56 /* CoreGraphics.framework */; };
		4EECF75116334AEE007A7D56 /* InfoPlist.strings in Resources */ = {isa = PBXBuildFile; fileRef = 4EECF74F16334AEE007A7D56 /* InfoPlist.strings */; };
		4EECF75316334AEE007A7D56 /* main.m in Sources */ = {isa = PBXBuildFile; fileRef = 4EECF75216334AEE007A7D56 /* main.m */; };
		4EECF75716334AEE007A7D56 /* CYAppDelegate.m in Sources */ = {isa = PBXBuildFile; fileRef = 4EECF75616334AEE007A7D56 /* CYAppDelegate.m */; };
		4EECF75916334AEE007A7D56 /* Default.png in Resources */ = {isa = PBXBuildFile; fileRef = 4EECF75816334AEE007A7D56 /* Default.png */; };
		4EECF75B16334AEE007A7D56 /* Default@2x.png in Resources */ = {isa = PBXBuildFile; fileRef = 4EECF75A16334AEE007A7D56 /* Default@2x.png */; };
		4EECF75D16334AEE007A7D56 /* Default-568h@2x.png in Resources */ = {isa = PBXBuildFile; fileRef = 4EECF75C16334AEE007A7D56 /* Default-568h@2x.png */; };
		4EECF76016334AEE007A7D56 /* MainStoryboard.storyboard in Resources */ = {isa = PBXBuildFile; fileRef = 4EECF75E16334AEE007A7D56 /* MainStoryboard.storyboard */; };
		4EECF76316334AEE007A7D56 /* CYViewController.m in Sources */ = {isa = PBXBuildFile; fileRef = 4EECF76216334AEE007A7D56 /* CYViewController.m */; };
		4EECF78216334D96007A7D56 /* NSArray+Accessing.m in Sources */ = {isa = PBXBuildFile; fileRef = 4EECF77616334D96007A7D56 /* NSArray+Accessing.m */; };
		4EECF78316334D96007A7D56 /* NSObject+PerformBlock.m in Sources */ = {isa = PBXBuildFile; fileRef = 4EECF77816334D96007A7D56 /* NSObject+PerformBlock.m */; };
		4EECF78416334D96007A7D56 /* NSString+UUID.m in Sources */ = {isa = PBXBuildFile; fileRef = 4EECF77A16334D96007A7D56 /* NSString+UUID.m */; };
		4EECF78516334D96007A7D56 /* README.md in Resources */ = {isa = PBXBuildFile; fileRef = 4EECF77B16334D96007A7D56 /* README.md */; };
		4EECF78616334D96007A7D56 /* UIImage+ImageFromDiskNamed.m in Sources */ = {isa = PBXBuildFile; fileRef = 4EECF77D16334D96007A7D56 /* UIImage+ImageFromDiskNamed.m */; };
		4EECF78716334D96007A7D56 /* UIView+Animations.m in Sources */ = {isa = PBXBuildFile; fileRef = 4EECF77F16334D96007A7D56 /* UIView+Animations.m */; };
		4EECF78816334D96007A7D56 /* UIView+Layout.m in Sources */ = {isa = PBXBuildFile; fileRef = 4EECF78116334D96007A7D56 /* UIView+Layout.m */; };
		4EECF7A616334DA5007A7D56 /* HPImageSprite.m in Sources */ = {isa = PBXBuildFile; fileRef = 4EECF79816334DA5007A7D56 /* HPImageSprite.m */; };
		4EECF7A816334DA5007A7D56 /* HPUI.m in Sources */ = {isa = PBXBuildFile; fileRef = 4EECF79C16334DA5007A7D56 /* HPUI.m */; };
		4EECF7AB16334E99007A7D56 /* NSAttributedString+Attributes.m in Sources */ = {isa = PBXBuildFile; fileRef = 4EECF7AA16334E99007A7D56 /* NSAttributedString+Attributes.m */; };
		4EECF7C516334FC2007A7D56 /* MobileCoreServices.framework in Frameworks */ = {isa = PBXBuildFile; fileRef = 4EECF7C416334FC2007A7D56 /* MobileCoreServices.framework */; };
		4EECF7C716334FD4007A7D56 /* libsqlite3.dylib in Frameworks */ = {isa = PBXBuildFile; fileRef = 4EECF7C616334FD4007A7D56 /* libsqlite3.dylib */; };
		4EECF7C916334FDD007A7D56 /* QuartzCore.framework in Frameworks */ = {isa = PBXBuildFile; fileRef = 4EECF7C816334FDD007A7D56 /* QuartzCore.framework */; };
		4EECF7CB16334FE3007A7D56 /* CoreText.framework in Frameworks */ = {isa = PBXBuildFile; fileRef = 4EECF7CA16334FE3007A7D56 /* CoreText.framework */; };
		4EECF7CD16334FEB007A7D56 /* CoreLocation.framework in Frameworks */ = {isa = PBXBuildFile; fileRef = 4EECF7CC16334FEB007A7D56 /* CoreLocation.framework */; };
		4EECF7CF16334FF1007A7D56 /* MapKit.framework in Frameworks */ = {isa = PBXBuildFile; fileRef = 4EECF7CE16334FF1007A7D56 /* MapKit.framework */; };
		4EECF7D116334FF7007A7D56 /* SystemConfiguration.framework in Frameworks */ = {isa = PBXBuildFile; fileRef = 4EECF7D016334FF7007A7D56 /* SystemConfiguration.framework */; };
		868DF4A5D572487C8FDA4CFD /* libPods.a in Frameworks */ = {isa = PBXBuildFile; fileRef = F5AC94A4F04D4FBE8935303A /* libPods.a */; };
/* End PBXBuildFile section */

/* Begin PBXFileReference section */
		4EECF74216334AEE007A7D56 /* Cygnus.app */ = {isa = PBXFileReference; explicitFileType = wrapper.application; includeInIndex = 0; path = Cygnus.app; sourceTree = BUILT_PRODUCTS_DIR; };
		4EECF74616334AEE007A7D56 /* UIKit.framework */ = {isa = PBXFileReference; includeInIndex = 1; lastKnownFileType = wrapper.framework; name = UIKit.framework; path = System/Library/Frameworks/UIKit.framework; sourceTree = SDKROOT; };
		4EECF74816334AEE007A7D56 /* Foundation.framework */ = {isa = PBXFileReference; includeInIndex = 1; lastKnownFileType = wrapper.framework; name = Foundation.framework; path = System/Library/Frameworks/Foundation.framework; sourceTree = SDKROOT; };
		4EECF74A16334AEE007A7D56 /* CoreGraphics.framework */ = {isa = PBXFileReference; includeInIndex = 1; lastKnownFileType = wrapper.framework; name = CoreGraphics.framework; path = System/Library/Frameworks/CoreGraphics.framework; sourceTree = SDKROOT; };
		4EECF74E16334AEE007A7D56 /* Cygnus-Info.plist */ = {isa = PBXFileReference; lastKnownFileType = text.plist.xml; path = "Cygnus-Info.plist"; sourceTree = "<group>"; };
		4EECF75016334AEE007A7D56 /* en */ = {isa = PBXFileReference; lastKnownFileType = text.plist.strings; name = en; path = en.lproj/InfoPlist.strings; sourceTree = "<group>"; };
		4EECF75216334AEE007A7D56 /* main.m */ = {isa = PBXFileReference; lastKnownFileType = sourcecode.c.objc; path = main.m; sourceTree = "<group>"; };
		4EECF75416334AEE007A7D56 /* Cygnus-Prefix.pch */ = {isa = PBXFileReference; lastKnownFileType = sourcecode.c.h; path = "Cygnus-Prefix.pch"; sourceTree = "<group>"; };
		4EECF75516334AEE007A7D56 /* CYAppDelegate.h */ = {isa = PBXFileReference; lastKnownFileType = sourcecode.c.h; path = CYAppDelegate.h; sourceTree = "<group>"; };
		4EECF75616334AEE007A7D56 /* CYAppDelegate.m */ = {isa = PBXFileReference; lastKnownFileType = sourcecode.c.objc; path = CYAppDelegate.m; sourceTree = "<group>"; };
		4EECF75816334AEE007A7D56 /* Default.png */ = {isa = PBXFileReference; lastKnownFileType = image.png; path = Default.png; sourceTree = "<group>"; };
		4EECF75A16334AEE007A7D56 /* Default@2x.png */ = {isa = PBXFileReference; lastKnownFileType = image.png; path = "Default@2x.png"; sourceTree = "<group>"; };
		4EECF75C16334AEE007A7D56 /* Default-568h@2x.png */ = {isa = PBXFileReference; lastKnownFileType = image.png; path = "Default-568h@2x.png"; sourceTree = "<group>"; };
		4EECF75F16334AEE007A7D56 /* en */ = {isa = PBXFileReference; lastKnownFileType = file.storyboard; name = en; path = en.lproj/MainStoryboard.storyboard; sourceTree = "<group>"; };
		4EECF76116334AEE007A7D56 /* CYViewController.h */ = {isa = PBXFileReference; lastKnownFileType = sourcecode.c.h; path = CYViewController.h; sourceTree = "<group>"; };
		4EECF76216334AEE007A7D56 /* CYViewController.m */ = {isa = PBXFileReference; lastKnownFileType = sourcecode.c.objc; path = CYViewController.m; sourceTree = "<group>"; };
		4EECF77416334D96007A7D56 /* FDNullOrEmpty.h */ = {isa = PBXFileReference; fileEncoding = 4; lastKnownFileType = sourcecode.c.h; path = FDNullOrEmpty.h; sourceTree = "<group>"; };
		4EECF77516334D96007A7D56 /* NSArray+Accessing.h */ = {isa = PBXFileReference; fileEncoding = 4; lastKnownFileType = sourcecode.c.h; path = "NSArray+Accessing.h"; sourceTree = "<group>"; };
		4EECF77616334D96007A7D56 /* NSArray+Accessing.m */ = {isa = PBXFileReference; fileEncoding = 4; lastKnownFileType = sourcecode.c.objc; path = "NSArray+Accessing.m"; sourceTree = "<group>"; };
		4EECF77716334D96007A7D56 /* NSObject+PerformBlock.h */ = {isa = PBXFileReference; fileEncoding = 4; lastKnownFileType = sourcecode.c.h; path = "NSObject+PerformBlock.h"; sourceTree = "<group>"; };
		4EECF77816334D96007A7D56 /* NSObject+PerformBlock.m */ = {isa = PBXFileReference; fileEncoding = 4; lastKnownFileType = sourcecode.c.objc; path = "NSObject+PerformBlock.m"; sourceTree = "<group>"; };
		4EECF77916334D96007A7D56 /* NSString+UUID.h */ = {isa = PBXFileReference; fileEncoding = 4; lastKnownFileType = sourcecode.c.h; path = "NSString+UUID.h"; sourceTree = "<group>"; };
		4EECF77A16334D96007A7D56 /* NSString+UUID.m */ = {isa = PBXFileReference; fileEncoding = 4; lastKnownFileType = sourcecode.c.objc; path = "NSString+UUID.m"; sourceTree = "<group>"; };
		4EECF77B16334D96007A7D56 /* README.md */ = {isa = PBXFileReference; fileEncoding = 4; lastKnownFileType = text; path = README.md; sourceTree = "<group>"; };
		4EECF77C16334D96007A7D56 /* UIImage+ImageFromDiskNamed.h */ = {isa = PBXFileReference; fileEncoding = 4; lastKnownFileType = sourcecode.c.h; path = "UIImage+ImageFromDiskNamed.h"; sourceTree = "<group>"; };
		4EECF77D16334D96007A7D56 /* UIImage+ImageFromDiskNamed.m */ = {isa = PBXFileReference; fileEncoding = 4; lastKnownFileType = sourcecode.c.objc; path = "UIImage+ImageFromDiskNamed.m"; sourceTree = "<group>"; };
		4EECF77E16334D96007A7D56 /* UIView+Animations.h */ = {isa = PBXFileReference; fileEncoding = 4; lastKnownFileType = sourcecode.c.h; path = "UIView+Animations.h"; sourceTree = "<group>"; };
		4EECF77F16334D96007A7D56 /* UIView+Animations.m */ = {isa = PBXFileReference; fileEncoding = 4; lastKnownFileType = sourcecode.c.objc; path = "UIView+Animations.m"; sourceTree = "<group>"; };
		4EECF78016334D96007A7D56 /* UIView+Layout.h */ = {isa = PBXFileReference; fileEncoding = 4; lastKnownFileType = sourcecode.c.h; path = "UIView+Layout.h"; sourceTree = "<group>"; };
		4EECF78116334D96007A7D56 /* UIView+Layout.m */ = {isa = PBXFileReference; fileEncoding = 4; lastKnownFileType = sourcecode.c.objc; path = "UIView+Layout.m"; sourceTree = "<group>"; };
		4EECF79716334DA5007A7D56 /* HPImageSprite.h */ = {isa = PBXFileReference; fileEncoding = 4; lastKnownFileType = sourcecode.c.h; path = HPImageSprite.h; sourceTree = "<group>"; };
		4EECF79816334DA5007A7D56 /* HPImageSprite.m */ = {isa = PBXFileReference; fileEncoding = 4; lastKnownFileType = sourcecode.c.objc; path = HPImageSprite.m; sourceTree = "<group>"; };
		4EECF79B16334DA5007A7D56 /* HPUI.h */ = {isa = PBXFileReference; fileEncoding = 4; lastKnownFileType = sourcecode.c.h; path = HPUI.h; sourceTree = "<group>"; };
		4EECF79C16334DA5007A7D56 /* HPUI.m */ = {isa = PBXFileReference; fileEncoding = 4; lastKnownFileType = sourcecode.c.objc; path = HPUI.m; sourceTree = "<group>"; };
		4EECF7A916334E99007A7D56 /* NSAttributedString+Attributes.h */ = {isa = PBXFileReference; fileEncoding = 4; lastKnownFileType = sourcecode.c.h; path = "NSAttributedString+Attributes.h"; sourceTree = "<group>"; };
		4EECF7AA16334E99007A7D56 /* NSAttributedString+Attributes.m */ = {isa = PBXFileReference; fileEncoding = 4; lastKnownFileType = sourcecode.c.objc; path = "NSAttributedString+Attributes.m"; sourceTree = "<group>"; };
		4EECF7C416334FC2007A7D56 /* MobileCoreServices.framework */ = {isa = PBXFileReference; lastKnownFileType = wrapper.framework; name = MobileCoreServices.framework; path = System/Library/Frameworks/MobileCoreServices.framework; sourceTree = SDKROOT; };
		4EECF7C616334FD4007A7D56 /* libsqlite3.dylib */ = {isa = PBXFileReference; lastKnownFileType = "compiled.mach-o.dylib"; name = libsqlite3.dylib; path = usr/lib/libsqlite3.dylib; sourceTree = SDKROOT; };
		4EECF7C816334FDD007A7D56 /* QuartzCore.framework */ = {isa = PBXFileReference; lastKnownFileType = wrapper.framework; name = QuartzCore.framework; path = System/Library/Frameworks/QuartzCore.framework; sourceTree = SDKROOT; };
		4EECF7CA16334FE3007A7D56 /* CoreText.framework */ = {isa = PBXFileReference; lastKnownFileType = wrapper.framework; name = CoreText.framework; path = System/Library/Frameworks/CoreText.framework; sourceTree = SDKROOT; };
		4EECF7CC16334FEB007A7D56 /* CoreLocation.framework */ = {isa = PBXFileReference; lastKnownFileType = wrapper.framework; name = CoreLocation.framework; path = System/Library/Frameworks/CoreLocation.framework; sourceTree = SDKROOT; };
		4EECF7CE16334FF1007A7D56 /* MapKit.framework */ = {isa = PBXFileReference; lastKnownFileType = wrapper.framework; name = MapKit.framework; path = System/Library/Frameworks/MapKit.framework; sourceTree = SDKROOT; };
		4EECF7D016334FF7007A7D56 /* SystemConfiguration.framework */ = {isa = PBXFileReference; lastKnownFileType = wrapper.framework; name = SystemConfiguration.framework; path = System/Library/Frameworks/SystemConfiguration.framework; sourceTree = SDKROOT; };
		B9CF026FC7BC48B5A35098D7 /* Pods.xcconfig */ = {isa = PBXFileReference; includeInIndex = 1; lastKnownFileType = text.xcconfig; name = Pods.xcconfig; path = Pods/Pods.xcconfig; sourceTree = SOURCE_ROOT; };
		F5AC94A4F04D4FBE8935303A /* libPods.a */ = {isa = PBXFileReference; explicitFileType = archive.ar; includeInIndex = 0; path = libPods.a; sourceTree = BUILT_PRODUCTS_DIR; };
/* End PBXFileReference section */

/* Begin PBXFrameworksBuildPhase section */
		4EECF73F16334AEE007A7D56 /* Frameworks */ = {
			isa = PBXFrameworksBuildPhase;
			buildActionMask = 2147483647;
			files = (
				4EECF74B16334AEE007A7D56 /* CoreGraphics.framework in Frameworks */,
				4EECF7D116334FF7007A7D56 /* SystemConfiguration.framework in Frameworks */,
				4EECF7CF16334FF1007A7D56 /* MapKit.framework in Frameworks */,
				4EECF7CD16334FEB007A7D56 /* CoreLocation.framework in Frameworks */,
				4EECF7CB16334FE3007A7D56 /* CoreText.framework in Frameworks */,
				4EECF7C916334FDD007A7D56 /* QuartzCore.framework in Frameworks */,
				4EECF7C716334FD4007A7D56 /* libsqlite3.dylib in Frameworks */,
				4EECF7C516334FC2007A7D56 /* MobileCoreServices.framework in Frameworks */,
				4EECF74716334AEE007A7D56 /* UIKit.framework in Frameworks */,
				4EECF74916334AEE007A7D56 /* Foundation.framework in Frameworks */,
				868DF4A5D572487C8FDA4CFD /* libPods.a in Frameworks */,
			);
			runOnlyForDeploymentPostprocessing = 0;
		};
/* End PBXFrameworksBuildPhase section */

/* Begin PBXGroup section */
		4EECF73716334AEE007A7D56 = {
			isa = PBXGroup;
			children = (
				4EECF74C16334AEE007A7D56 /* Cygnus */,
				4EECF74516334AEE007A7D56 /* Frameworks */,
				4EECF74316334AEE007A7D56 /* Products */,
				B9CF026FC7BC48B5A35098D7 /* Pods.xcconfig */,
			);
			sourceTree = "<group>";
		};
		4EECF74316334AEE007A7D56 /* Products */ = {
			isa = PBXGroup;
			children = (
				4EECF74216334AEE007A7D56 /* Cygnus.app */,
			);
			name = Products;
			sourceTree = "<group>";
		};
		4EECF74516334AEE007A7D56 /* Frameworks */ = {
			isa = PBXGroup;
			children = (
				4EECF7D016334FF7007A7D56 /* SystemConfiguration.framework */,
				4EECF7CE16334FF1007A7D56 /* MapKit.framework */,
				4EECF7CC16334FEB007A7D56 /* CoreLocation.framework */,
				4EECF7CA16334FE3007A7D56 /* CoreText.framework */,
				4EECF7C816334FDD007A7D56 /* QuartzCore.framework */,
				4EECF7C616334FD4007A7D56 /* libsqlite3.dylib */,
				4EECF7C416334FC2007A7D56 /* MobileCoreServices.framework */,
				4EECF74616334AEE007A7D56 /* UIKit.framework */,
				4EECF74816334AEE007A7D56 /* Foundation.framework */,
				4EECF74A16334AEE007A7D56 /* CoreGraphics.framework */,
				F5AC94A4F04D4FBE8935303A /* libPods.a */,
			);
			name = Frameworks;
			sourceTree = "<group>";
		};
		4EECF74C16334AEE007A7D56 /* Cygnus */ = {
			isa = PBXGroup;
			children = (
				4EECF75516334AEE007A7D56 /* CYAppDelegate.h */,
				4EECF75616334AEE007A7D56 /* CYAppDelegate.m */,
				4EECF75E16334AEE007A7D56 /* MainStoryboard.storyboard */,
				4EECF77216334D81007A7D56 /* Resources */,
				4EECF77016334D6F007A7D56 /* Navigation */,
				4EECF74D16334AEE007A7D56 /* Supporting Files */,
			);
			path = Cygnus;
			sourceTree = "<group>";
		};
		4EECF74D16334AEE007A7D56 /* Supporting Files */ = {
			isa = PBXGroup;
			children = (
				4EECF74E16334AEE007A7D56 /* Cygnus-Info.plist */,
				4EECF74F16334AEE007A7D56 /* InfoPlist.strings */,
				4EECF75216334AEE007A7D56 /* main.m */,
				4EECF75416334AEE007A7D56 /* Cygnus-Prefix.pch */,
				4EECF75816334AEE007A7D56 /* Default.png */,
				4EECF75A16334AEE007A7D56 /* Default@2x.png */,
				4EECF75C16334AEE007A7D56 /* Default-568h@2x.png */,
			);
			name = "Supporting Files";
			sourceTree = "<group>";
		};
		4EECF77016334D6F007A7D56 /* Navigation */ = {
			isa = PBXGroup;
			children = (
				4EECF76116334AEE007A7D56 /* CYViewController.h */,
				4EECF76216334AEE007A7D56 /* CYViewController.m */,
			);
			name = Navigation;
			sourceTree = "<group>";
		};
		4EECF77216334D81007A7D56 /* Resources */ = {
			isa = PBXGroup;
			children = (
				4EECF78916334DA5007A7D56 /* UI */,
				4EECF77316334D96007A7D56 /* Objective-C-Categories-and-Macros */,
			);
			name = Resources;
			sourceTree = "<group>";
		};
		4EECF77316334D96007A7D56 /* Objective-C-Categories-and-Macros */ = {
			isa = PBXGroup;
			children = (
				4EECF7A916334E99007A7D56 /* NSAttributedString+Attributes.h */,
				4EECF7AA16334E99007A7D56 /* NSAttributedString+Attributes.m */,
				4EECF77416334D96007A7D56 /* FDNullOrEmpty.h */,
				4EECF77516334D96007A7D56 /* NSArray+Accessing.h */,
				4EECF77616334D96007A7D56 /* NSArray+Accessing.m */,
				4EECF77716334D96007A7D56 /* NSObject+PerformBlock.h */,
				4EECF77816334D96007A7D56 /* NSObject+PerformBlock.m */,
				4EECF77916334D96007A7D56 /* NSString+UUID.h */,
				4EECF77A16334D96007A7D56 /* NSString+UUID.m */,
				4EECF77B16334D96007A7D56 /* README.md */,
				4EECF77C16334D96007A7D56 /* UIImage+ImageFromDiskNamed.h */,
				4EECF77D16334D96007A7D56 /* UIImage+ImageFromDiskNamed.m */,
				4EECF77E16334D96007A7D56 /* UIView+Animations.h */,
				4EECF77F16334D96007A7D56 /* UIView+Animations.m */,
				4EECF78016334D96007A7D56 /* UIView+Layout.h */,
				4EECF78116334D96007A7D56 /* UIView+Layout.m */,
			);
			path = "Objective-C-Categories-and-Macros";
			sourceTree = "<group>";
		};
		4EECF78916334DA5007A7D56 /* UI */ = {
			isa = PBXGroup;
			children = (
				4EECF79B16334DA5007A7D56 /* HPUI.h */,
				4EECF79C16334DA5007A7D56 /* HPUI.m */,
				4EECF79716334DA5007A7D56 /* HPImageSprite.h */,
				4EECF79816334DA5007A7D56 /* HPImageSprite.m */,
			);
			path = UI;
			sourceTree = "<group>";
		};
/* End PBXGroup section */

/* Begin PBXNativeTarget section */
		4EECF74116334AEE007A7D56 /* Cygnus */ = {
			isa = PBXNativeTarget;
			buildConfigurationList = 4EECF76616334AEE007A7D56 /* Build configuration list for PBXNativeTarget "Cygnus" */;
			buildPhases = (
				4EECF73E16334AEE007A7D56 /* Sources */,
				4EECF73F16334AEE007A7D56 /* Frameworks */,
				4EECF74016334AEE007A7D56 /* Resources */,
				10A6004ACC134834A5903C77 /* Copy Pods Resources */,
			);
			buildRules = (
			);
			dependencies = (
			);
			name = Cygnus;
			productName = Cygnus;
			productReference = 4EECF74216334AEE007A7D56 /* Cygnus.app */;
			productType = "com.apple.product-type.application";
		};
/* End PBXNativeTarget section */

/* Begin PBXProject section */
		4EECF73916334AEE007A7D56 /* Project object */ = {
			isa = PBXProject;
			attributes = {
				CLASSPREFIX = CY;
				LastUpgradeCheck = 0450;
				ORGANIZATIONNAME = Cygnus;
			};
			buildConfigurationList = 4EECF73C16334AEE007A7D56 /* Build configuration list for PBXProject "Cygnus" */;
			compatibilityVersion = "Xcode 3.2";
			developmentRegion = English;
			hasScannedForEncodings = 0;
			knownRegions = (
				en,
			);
			mainGroup = 4EECF73716334AEE007A7D56;
			productRefGroup = 4EECF74316334AEE007A7D56 /* Products */;
			projectDirPath = "";
			projectRoot = "";
			targets = (
				4EECF74116334AEE007A7D56 /* Cygnus */,
			);
		};
/* End PBXProject section */

/* Begin PBXResourcesBuildPhase section */
		4EECF74016334AEE007A7D56 /* Resources */ = {
			isa = PBXResourcesBuildPhase;
			buildActionMask = 2147483647;
			files = (
				4EECF75116334AEE007A7D56 /* InfoPlist.strings in Resources */,
				4EECF75916334AEE007A7D56 /* Default.png in Resources */,
				4EECF75B16334AEE007A7D56 /* Default@2x.png in Resources */,
				4EECF75D16334AEE007A7D56 /* Default-568h@2x.png in Resources */,
				4EECF76016334AEE007A7D56 /* MainStoryboard.storyboard in Resources */,
				4EECF78516334D96007A7D56 /* README.md in Resources */,
			);
			runOnlyForDeploymentPostprocessing = 0;
		};
/* End PBXResourcesBuildPhase section */

/* Begin PBXShellScriptBuildPhase section */
		10A6004ACC134834A5903C77 /* Copy Pods Resources */ = {
			isa = PBXShellScriptBuildPhase;
			buildActionMask = 2147483647;
			files = (
			);
			inputPaths = (
			);
			name = "Copy Pods Resources";
			outputPaths = (
			);
			runOnlyForDeploymentPostprocessing = 0;
			shellPath = /bin/sh;
			shellScript = "\"${SRCROOT}/Pods/Pods-resources.sh\"\n";
		};
/* End PBXShellScriptBuildPhase section */

/* Begin PBXSourcesBuildPhase section */
		4EECF73E16334AEE007A7D56 /* Sources */ = {
			isa = PBXSourcesBuildPhase;
			buildActionMask = 2147483647;
			files = (
				4EECF75316334AEE007A7D56 /* main.m in Sources */,
				4EECF75716334AEE007A7D56 /* CYAppDelegate.m in Sources */,
				4EECF76316334AEE007A7D56 /* CYViewController.m in Sources */,
				4EECF78216334D96007A7D56 /* NSArray+Accessing.m in Sources */,
				4EECF78316334D96007A7D56 /* NSObject+PerformBlock.m in Sources */,
				4EECF78416334D96007A7D56 /* NSString+UUID.m in Sources */,
				4EECF78616334D96007A7D56 /* UIImage+ImageFromDiskNamed.m in Sources */,
				4EECF78716334D96007A7D56 /* UIView+Animations.m in Sources */,
				4EECF78816334D96007A7D56 /* UIView+Layout.m in Sources */,
				4EECF7A616334DA5007A7D56 /* HPImageSprite.m in Sources */,
				4EECF7A816334DA5007A7D56 /* HPUI.m in Sources */,
				4EECF7AB16334E99007A7D56 /* NSAttributedString+Attributes.m in Sources */,
			);
			runOnlyForDeploymentPostprocessing = 0;
		};
/* End PBXSourcesBuildPhase section */

/* Begin PBXVariantGroup section */
		4EECF74F16334AEE007A7D56 /* InfoPlist.strings */ = {
			isa = PBXVariantGroup;
			children = (
				4EECF75016334AEE007A7D56 /* en */,
			);
			name = InfoPlist.strings;
			sourceTree = "<group>";
		};
		4EECF75E16334AEE007A7D56 /* MainStoryboard.storyboard */ = {
			isa = PBXVariantGroup;
			children = (
				4EECF75F16334AEE007A7D56 /* en */,
			);
			name = MainStoryboard.storyboard;
			sourceTree = "<group>";
		};
/* End PBXVariantGroup section */

/* Begin XCBuildConfiguration section */
		4EECF76416334AEE007A7D56 /* Debug */ = {
			isa = XCBuildConfiguration;
			buildSettings = {
				ALWAYS_SEARCH_USER_PATHS = NO;
				CLANG_CXX_LANGUAGE_STANDARD = "gnu++0x";
				CLANG_CXX_LIBRARY = "libc++";
				CLANG_ENABLE_OBJC_ARC = YES;
				CLANG_WARN_EMPTY_BODY = YES;
				CLANG_WARN__DUPLICATE_METHOD_MATCH = YES;
				"CODE_SIGN_IDENTITY[sdk=iphoneos*]" = "iPhone Developer";
				COPY_PHASE_STRIP = NO;
				GCC_C_LANGUAGE_STANDARD = gnu99;
				GCC_DYNAMIC_NO_PIC = NO;
				GCC_OPTIMIZATION_LEVEL = 0;
				GCC_PREPROCESSOR_DEFINITIONS = (
					"DEBUG=1",
					"$(inherited)",
				);
				GCC_SYMBOLS_PRIVATE_EXTERN = NO;
				GCC_WARN_ABOUT_RETURN_TYPE = YES;
				GCC_WARN_UNINITIALIZED_AUTOS = YES;
				GCC_WARN_UNUSED_VARIABLE = YES;
				IPHONEOS_DEPLOYMENT_TARGET = 6.0;
				ONLY_ACTIVE_ARCH = YES;
				SDKROOT = iphoneos;
			};
			name = Debug;
		};
		4EECF76516334AEE007A7D56 /* Release */ = {
			isa = XCBuildConfiguration;
			buildSettings = {
				ALWAYS_SEARCH_USER_PATHS = NO;
				CLANG_CXX_LANGUAGE_STANDARD = "gnu++0x";
				CLANG_CXX_LIBRARY = "libc++";
				CLANG_ENABLE_OBJC_ARC = YES;
				CLANG_WARN_EMPTY_BODY = YES;
				CLANG_WARN__DUPLICATE_METHOD_MATCH = YES;
				"CODE_SIGN_IDENTITY[sdk=iphoneos*]" = "iPhone Developer";
				COPY_PHASE_STRIP = YES;
				GCC_C_LANGUAGE_STANDARD = gnu99;
				GCC_WARN_ABOUT_RETURN_TYPE = YES;
				GCC_WARN_UNINITIALIZED_AUTOS = YES;
				GCC_WARN_UNUSED_VARIABLE = YES;
				IPHONEOS_DEPLOYMENT_TARGET = 6.0;
				OTHER_CFLAGS = "-DNS_BLOCK_ASSERTIONS=1";
				SDKROOT = iphoneos;
				VALIDATE_PRODUCT = YES;
			};
			name = Release;
		};
		4EECF76716334AEE007A7D56 /* Debug */ = {
			isa = XCBuildConfiguration;
			baseConfigurationReference = B9CF026FC7BC48B5A35098D7 /* Pods.xcconfig */;
			buildSettings = {
				GCC_PRECOMPILE_PREFIX_HEADER = YES;
				GCC_PREFIX_HEADER = "Cygnus/Cygnus-Prefix.pch";
				INFOPLIST_FILE = "Cygnus/Cygnus-Info.plist";
				PRODUCT_NAME = "$(TARGET_NAME)";
				WRAPPER_EXTENSION = app;
			};
			name = Debug;
		};
		4EECF76816334AEE007A7D56 /* Release */ = {
			isa = XCBuildConfiguration;
			baseConfigurationReference = B9CF026FC7BC48B5A35098D7 /* Pods.xcconfig */;
			buildSettings = {
				GCC_PRECOMPILE_PREFIX_HEADER = YES;
				GCC_PREFIX_HEADER = "Cygnus/Cygnus-Prefix.pch";
				INFOPLIST_FILE = "Cygnus/Cygnus-Info.plist";
				PRODUCT_NAME = "$(TARGET_NAME)";
				WRAPPER_EXTENSION = app;
			};
			name = Release;
		};
/* End XCBuildConfiguration section */

/* Begin XCConfigurationList section */
		4EECF73C16334AEE007A7D56 /* Build configuration list for PBXProject "Cygnus" */ = {
			isa = XCConfigurationList;
			buildConfigurations = (
				4EECF76416334AEE007A7D56 /* Debug */,
				4EECF76516334AEE007A7D56 /* Release */,
			);
			defaultConfigurationIsVisible = 0;
			defaultConfigurationName = Release;
		};
		4EECF76616334AEE007A7D56 /* Build configuration list for PBXNativeTarget "Cygnus" */ = {
			isa = XCConfigurationList;
			buildConfigurations = (
				4EECF76716334AEE007A7D56 /* Debug */,
				4EECF76816334AEE007A7D56 /* Release */,
			);
			defaultConfigurationIsVisible = 0;
			defaultConfigurationName = Release;
		};
/* End XCConfigurationList section */
	};
	rootObject = 4EECF73916334AEE007A7D56 /* Project object */;
}
