// !$*UTF8*$!
{
	archiveVersion = 1;
	classes = {
	};
	objectVersion = 46;
	objects = {

/* Begin PBXBuildFile section */
		4E541ADE16550F9F00E495D1 /* pointCreationDefaultScheme.json in Resources */ = {isa = PBXBuildFile; fileRef = 4E541ADD16550F9F00E495D1 /* pointCreationDefaultScheme.json */; };
		4E541B18165548EE00E495D1 /* hud-check.png in Resources */ = {isa = PBXBuildFile; fileRef = 4E541B13165548EE00E495D1 /* hud-check.png */; };
		4E541B19165548EE00E495D1 /* hud-check@2x.png in Resources */ = {isa = PBXBuildFile; fileRef = 4E541B14165548EE00E495D1 /* hud-check@2x.png */; };
		4E541B1A165548EE00E495D1 /* polaroid.png in Resources */ = {isa = PBXBuildFile; fileRef = 4E541B15165548EE00E495D1 /* polaroid.png */; };
		4E541B1B165548EE00E495D1 /* polaroid@2x.png in Resources */ = {isa = PBXBuildFile; fileRef = 4E541B16165548EE00E495D1 /* polaroid@2x.png */; };
		4E541B1C165548EE00E495D1 /* tap_to_add_photo.png in Resources */ = {isa = PBXBuildFile; fileRef = 4E541B17165548EE00E495D1 /* tap_to_add_photo.png */; };
		4E541B3416554E7100E495D1 /* UIViewController+KNSemiModal.m in Sources */ = {isa = PBXBuildFile; fileRef = 4E541B3316554E7100E495D1 /* UIViewController+KNSemiModal.m */; };
		4E541B471655507B00E495D1 /* 86-camera.png in Resources */ = {isa = PBXBuildFile; fileRef = 4E541B461655507B00E495D1 /* 86-camera.png */; };
		4E541B5916557ADD00E495D1 /* app_icon.png in Resources */ = {isa = PBXBuildFile; fileRef = 4E541B5816557ADC00E495D1 /* app_icon.png */; };
		4E541B5B16557AE000E495D1 /* app_icon@2x.png in Resources */ = {isa = PBXBuildFile; fileRef = 4E541B5A16557ADF00E495D1 /* app_icon@2x.png */; };
		4E541B5E16557ED200E495D1 /* tab-bar-background.png in Resources */ = {isa = PBXBuildFile; fileRef = 4E541B5C16557ED200E495D1 /* tab-bar-background.png */; };
		4E541B5F16557ED200E495D1 /* tab-bar-background@2x.png in Resources */ = {isa = PBXBuildFile; fileRef = 4E541B5D16557ED200E495D1 /* tab-bar-background@2x.png */; };
		4E541B6216557F0600E495D1 /* tab-selection-indicator.png in Resources */ = {isa = PBXBuildFile; fileRef = 4E541B6016557F0600E495D1 /* tab-selection-indicator.png */; };
		4E541B6316557F0600E495D1 /* tab-selection-indicator@2x.png in Resources */ = {isa = PBXBuildFile; fileRef = 4E541B6116557F0600E495D1 /* tab-selection-indicator@2x.png */; };
		4E6DFF9B1643F3A600AB180C /* NSAttributedString+Attributes.m in Sources */ = {isa = PBXBuildFile; fileRef = 4E6DFF9A1643F3A600AB180C /* NSAttributedString+Attributes.m */; settings = {COMPILER_FLAGS = "-fno-objc-arc"; }; };
		4E8DF92F1655CF8200A113C9 /* CYAnalytics.m in Sources */ = {isa = PBXBuildFile; fileRef = 4E8DF92E1655CF8200A113C9 /* CYAnalytics.m */; };
		4E8DF9311655D07B00A113C9 /* CoreTelephony.framework in Frameworks */ = {isa = PBXBuildFile; fileRef = 4E8DF9301655D07B00A113C9 /* CoreTelephony.framework */; };
		4E8DF9FC1655D14D00A113C9 /* MPCJSONDataSerializer.m in Sources */ = {isa = PBXBuildFile; fileRef = 4E8DF9D21655D14D00A113C9 /* MPCJSONDataSerializer.m */; settings = {COMPILER_FLAGS = "-fno-objc-arc"; }; };
		4E8DF9FD1655D14D00A113C9 /* MPCJSONSerializer.m in Sources */ = {isa = PBXBuildFile; fileRef = 4E8DF9D41655D14D00A113C9 /* MPCJSONSerializer.m */; settings = {COMPILER_FLAGS = "-fno-objc-arc"; }; };
		4E8DF9FE1655D14D00A113C9 /* MPCSerializedJSONData.m in Sources */ = {isa = PBXBuildFile; fileRef = 4E8DF9D61655D14D00A113C9 /* MPCSerializedJSONData.m */; settings = {COMPILER_FLAGS = "-fno-objc-arc"; }; };
		4E8DF9FF1655D14D00A113C9 /* NSData+MPBase64.m in Sources */ = {isa = PBXBuildFile; fileRef = 4E8DF9D91655D14D00A113C9 /* NSData+MPBase64.m */; settings = {COMPILER_FLAGS = "-fno-objc-arc"; }; };
		4E8DFA001655D14D00A113C9 /* Mixpanel.m in Sources */ = {isa = PBXBuildFile; fileRef = 4E8DF9DB1655D14D00A113C9 /* Mixpanel.m */; settings = {COMPILER_FLAGS = "-fno-objc-arc"; }; };
		4E8DFA0B1655D1DE00A113C9 /* libFlurry.a in Frameworks */ = {isa = PBXBuildFile; fileRef = 4E8DFA0A1655D1DE00A113C9 /* libFlurry.a */; };
		4EC259AD165581B500825436 /* accent.ttf in Resources */ = {isa = PBXBuildFile; fileRef = 4EC259A9165581B500825436 /* accent.ttf */; };
		4EC259AE165581B500825436 /* Adamas-Regular.otf in Resources */ = {isa = PBXBuildFile; fileRef = 4EC259AA165581B500825436 /* Adamas-Regular.otf */; };
		4EC259AF165581B500825436 /* CODE Bold.otf in Resources */ = {isa = PBXBuildFile; fileRef = 4EC259AB165581B500825436 /* CODE Bold.otf */; };
		4EC259B0165581B500825436 /* CODE Light.otf in Resources */ = {isa = PBXBuildFile; fileRef = 4EC259AC165581B500825436 /* CODE Light.otf */; };
		4EEB9626163DF84900D67785 /* NSArray+Accessing.m in Sources */ = {isa = PBXBuildFile; fileRef = 4EEB961A163DF84900D67785 /* NSArray+Accessing.m */; };
		4EEB9627163DF84900D67785 /* NSObject+PerformBlock.m in Sources */ = {isa = PBXBuildFile; fileRef = 4EEB961C163DF84900D67785 /* NSObject+PerformBlock.m */; };
		4EEB9628163DF84900D67785 /* NSString+UUID.m in Sources */ = {isa = PBXBuildFile; fileRef = 4EEB961E163DF84900D67785 /* NSString+UUID.m */; };
		4EEB962A163DF84900D67785 /* UIImage+ImageFromDiskNamed.m in Sources */ = {isa = PBXBuildFile; fileRef = 4EEB9621163DF84900D67785 /* UIImage+ImageFromDiskNamed.m */; };
		4EEB962B163DF84900D67785 /* UIView+Animations.m in Sources */ = {isa = PBXBuildFile; fileRef = 4EEB9623163DF84900D67785 /* UIView+Animations.m */; };
		4EEB962C163DF84900D67785 /* UIView+Layout.m in Sources */ = {isa = PBXBuildFile; fileRef = 4EEB9625163DF84900D67785 /* UIView+Layout.m */; };
		4EEEE469164CDCB300D3357B /* 04-eye-white.png in Resources */ = {isa = PBXBuildFile; fileRef = 4EEEE455164CDCB300D3357B /* 04-eye-white.png */; };
		4EEEE46A164CDCB300D3357B /* 04-eye-white@2x.png in Resources */ = {isa = PBXBuildFile; fileRef = 4EEEE456164CDCB300D3357B /* 04-eye-white@2x.png */; };
		4EEEE46B164CDCB300D3357B /* 06-magnify.png in Resources */ = {isa = PBXBuildFile; fileRef = 4EEEE457164CDCB300D3357B /* 06-magnify.png */; };
		4EEEE46C164CDCB300D3357B /* 06-magnify@2x.png in Resources */ = {isa = PBXBuildFile; fileRef = 4EEEE458164CDCB300D3357B /* 06-magnify@2x.png */; };
		4EEEE46D164CDCB300D3357B /* 08-pin-white.png in Resources */ = {isa = PBXBuildFile; fileRef = 4EEEE459164CDCB300D3357B /* 08-pin-white.png */; };
		4EEEE46E164CDCB300D3357B /* 08-pin-white@2x.png in Resources */ = {isa = PBXBuildFile; fileRef = 4EEEE45A164CDCB300D3357B /* 08-pin-white@2x.png */; };
		4EEEE46F164CDCB300D3357B /* 20-gear-2.png in Resources */ = {isa = PBXBuildFile; fileRef = 4EEEE45B164CDCB300D3357B /* 20-gear-2.png */; };
		4EEEE470164CDCB300D3357B /* 20-gear-2@2x.png in Resources */ = {isa = PBXBuildFile; fileRef = 4EEEE45C164CDCB300D3357B /* 20-gear-2@2x.png */; };
		4EEEE471164CDCB300D3357B /* 103-map.png in Resources */ = {isa = PBXBuildFile; fileRef = 4EEEE45D164CDCB300D3357B /* 103-map.png */; };
		4EEEE472164CDCB300D3357B /* 103-map@2x.png in Resources */ = {isa = PBXBuildFile; fileRef = 4EEEE45E164CDCB300D3357B /* 103-map@2x.png */; };
		4EEEE475164CDCB300D3357B /* CYMapView.m in Sources */ = {isa = PBXBuildFile; fileRef = 4EEEE463164CDCB300D3357B /* CYMapView.m */; };
		4EEEE476164CDCB300D3357B /* CYUI.m in Sources */ = {isa = PBXBuildFile; fileRef = 4EEEE465164CDCB300D3357B /* CYUI.m */; };
		4EEEE477164CDCB300D3357B /* Default-568h@2x.png in Resources */ = {isa = PBXBuildFile; fileRef = 4EEEE466164CDCB300D3357B /* Default-568h@2x.png */; };
		4EEEE478164CDCB300D3357B /* Default.png in Resources */ = {isa = PBXBuildFile; fileRef = 4EEEE467164CDCB300D3357B /* Default.png */; };
		4EEEE479164CDCB300D3357B /* Default@2x.png in Resources */ = {isa = PBXBuildFile; fileRef = 4EEEE468164CDCB300D3357B /* Default@2x.png */; };
		661088C8163AAD4D000D1DA2 /* AwesomeMenu.m in Sources */ = {isa = PBXBuildFile; fileRef = 661088C5163AAD4D000D1DA2 /* AwesomeMenu.m */; };
		661088C9163AAD4D000D1DA2 /* AwesomeMenuItem.m in Sources */ = {isa = PBXBuildFile; fileRef = 661088C7163AAD4D000D1DA2 /* AwesomeMenuItem.m */; };
		6627824A1633EEC200F1D0E7 /* UIKit.framework in Frameworks */ = {isa = PBXBuildFile; fileRef = 662782491633EEC200F1D0E7 /* UIKit.framework */; };
		6627824C1633EEC200F1D0E7 /* Foundation.framework in Frameworks */ = {isa = PBXBuildFile; fileRef = 6627824B1633EEC200F1D0E7 /* Foundation.framework */; };
		6627824E1633EEC200F1D0E7 /* CoreGraphics.framework in Frameworks */ = {isa = PBXBuildFile; fileRef = 6627824D1633EEC200F1D0E7 /* CoreGraphics.framework */; };
		662782541633EEC200F1D0E7 /* InfoPlist.strings in Resources */ = {isa = PBXBuildFile; fileRef = 662782521633EEC200F1D0E7 /* InfoPlist.strings */; };
		662782561633EEC200F1D0E7 /* main.m in Sources */ = {isa = PBXBuildFile; fileRef = 662782551633EEC200F1D0E7 /* main.m */; };
		6627825A1633EEC200F1D0E7 /* CYAppDelegate.m in Sources */ = {isa = PBXBuildFile; fileRef = 662782591633EEC200F1D0E7 /* CYAppDelegate.m */; };
		662782631633EEC200F1D0E7 /* MainStoryboard.storyboard in Resources */ = {isa = PBXBuildFile; fileRef = 662782611633EEC200F1D0E7 /* MainStoryboard.storyboard */; };
		6627827F1633EF9200F1D0E7 /* Accounts.framework in Frameworks */ = {isa = PBXBuildFile; fileRef = 662782731633EF9200F1D0E7 /* Accounts.framework */; };
		662782801633EF9200F1D0E7 /* AdSupport.framework in Frameworks */ = {isa = PBXBuildFile; fileRef = 662782741633EF9200F1D0E7 /* AdSupport.framework */; };
		662782811633EF9200F1D0E7 /* AudioToolbox.framework in Frameworks */ = {isa = PBXBuildFile; fileRef = 662782751633EF9200F1D0E7 /* AudioToolbox.framework */; };
		662782821633EF9200F1D0E7 /* CFNetwork.framework in Frameworks */ = {isa = PBXBuildFile; fileRef = 662782761633EF9200F1D0E7 /* CFNetwork.framework */; };
		662782831633EF9200F1D0E7 /* libsqlite3.dylib in Frameworks */ = {isa = PBXBuildFile; fileRef = 662782771633EF9200F1D0E7 /* libsqlite3.dylib */; };
		662782841633EF9200F1D0E7 /* libz.1.1.3.dylib in Frameworks */ = {isa = PBXBuildFile; fileRef = 662782781633EF9200F1D0E7 /* libz.1.1.3.dylib */; };
		662782851633EF9200F1D0E7 /* MobileCoreServices.framework in Frameworks */ = {isa = PBXBuildFile; fileRef = 662782791633EF9200F1D0E7 /* MobileCoreServices.framework */; };
		662782861633EF9200F1D0E7 /* QuartzCore.framework in Frameworks */ = {isa = PBXBuildFile; fileRef = 6627827A1633EF9200F1D0E7 /* QuartzCore.framework */; };
		662782871633EF9200F1D0E7 /* Security.framework in Frameworks */ = {isa = PBXBuildFile; fileRef = 6627827B1633EF9200F1D0E7 /* Security.framework */; };
		662782881633EF9200F1D0E7 /* Social.framework in Frameworks */ = {isa = PBXBuildFile; fileRef = 6627827C1633EF9200F1D0E7 /* Social.framework */; };
		662782891633EF9200F1D0E7 /* StoreKit.framework in Frameworks */ = {isa = PBXBuildFile; fileRef = 6627827D1633EF9200F1D0E7 /* StoreKit.framework */; };
		662782901633F0F400F1D0E7 /* MapKit.framework in Frameworks */ = {isa = PBXBuildFile; fileRef = 6627828F1633F0F400F1D0E7 /* MapKit.framework */; };
		662782921633F10100F1D0E7 /* CoreLocation.framework in Frameworks */ = {isa = PBXBuildFile; fileRef = 662782911633F10100F1D0E7 /* CoreLocation.framework */; };
		6644E253163F338000537778 /* Parse.framework in Frameworks */ = {isa = PBXBuildFile; fileRef = 6644E252163F338000537778 /* Parse.framework */; };
		66558AB116361EBC00C7BB8B /* AFHTTPClient.m in Sources */ = {isa = PBXBuildFile; fileRef = 66558A9F16361EBC00C7BB8B /* AFHTTPClient.m */; };
		66558AB216361EBC00C7BB8B /* AFHTTPRequestOperation.m in Sources */ = {isa = PBXBuildFile; fileRef = 66558AA116361EBC00C7BB8B /* AFHTTPRequestOperation.m */; };
		66558AB316361EBC00C7BB8B /* AFImageRequestOperation.m in Sources */ = {isa = PBXBuildFile; fileRef = 66558AA316361EBC00C7BB8B /* AFImageRequestOperation.m */; };
		66558AB416361EBC00C7BB8B /* AFJSONRequestOperation.m in Sources */ = {isa = PBXBuildFile; fileRef = 66558AA516361EBC00C7BB8B /* AFJSONRequestOperation.m */; };
		66558AB516361EBC00C7BB8B /* AFNetworkActivityIndicatorManager.m in Sources */ = {isa = PBXBuildFile; fileRef = 66558AA716361EBC00C7BB8B /* AFNetworkActivityIndicatorManager.m */; };
		66558AB616361EBC00C7BB8B /* AFPropertyListRequestOperation.m in Sources */ = {isa = PBXBuildFile; fileRef = 66558AAA16361EBC00C7BB8B /* AFPropertyListRequestOperation.m */; };
		66558AB716361EBC00C7BB8B /* AFURLConnectionOperation.m in Sources */ = {isa = PBXBuildFile; fileRef = 66558AAC16361EBC00C7BB8B /* AFURLConnectionOperation.m */; };
		66558AB816361EBC00C7BB8B /* AFXMLRequestOperation.m in Sources */ = {isa = PBXBuildFile; fileRef = 66558AAE16361EBC00C7BB8B /* AFXMLRequestOperation.m */; };
		66558AB916361EBC00C7BB8B /* UIImageView+AFNetworking.m in Sources */ = {isa = PBXBuildFile; fileRef = 66558AB016361EBC00C7BB8B /* UIImageView+AFNetworking.m */; };
		666CED7016564CD300D0179B /* bg-addbutton-highlighted.png in Resources */ = {isa = PBXBuildFile; fileRef = 666CED6216564CD300D0179B /* bg-addbutton-highlighted.png */; };
		666CED7116564CD300D0179B /* bg-addbutton-highlighted@2x.png in Resources */ = {isa = PBXBuildFile; fileRef = 666CED6316564CD300D0179B /* bg-addbutton-highlighted@2x.png */; };
		666CED7216564CD300D0179B /* bg-addbutton.png in Resources */ = {isa = PBXBuildFile; fileRef = 666CED6416564CD300D0179B /* bg-addbutton.png */; };
		666CED7316564CD300D0179B /* bg-addbutton@2x.png in Resources */ = {isa = PBXBuildFile; fileRef = 666CED6516564CD300D0179B /* bg-addbutton@2x.png */; };
		666CED7416564CD300D0179B /* bg-menuitem-highlighted.png in Resources */ = {isa = PBXBuildFile; fileRef = 666CED6616564CD300D0179B /* bg-menuitem-highlighted.png */; };
		666CED7516564CD300D0179B /* bg-menuitem-highlighted@2x.png in Resources */ = {isa = PBXBuildFile; fileRef = 666CED6716564CD300D0179B /* bg-menuitem-highlighted@2x.png */; };
		666CED7616564CD300D0179B /* bg-menuitem.png in Resources */ = {isa = PBXBuildFile; fileRef = 666CED6816564CD300D0179B /* bg-menuitem.png */; };
		666CED7716564CD300D0179B /* bg-menuitem@2x.png in Resources */ = {isa = PBXBuildFile; fileRef = 666CED6916564CD300D0179B /* bg-menuitem@2x.png */; };
		666CED7816564CD300D0179B /* icon-plus-highlighted.png in Resources */ = {isa = PBXBuildFile; fileRef = 666CED6A16564CD300D0179B /* icon-plus-highlighted.png */; };
		666CED7916564CD300D0179B /* icon-plus-highlighted@2x.png in Resources */ = {isa = PBXBuildFile; fileRef = 666CED6B16564CD300D0179B /* icon-plus-highlighted@2x.png */; };
		666CED7A16564CD300D0179B /* icon-plus.png in Resources */ = {isa = PBXBuildFile; fileRef = 666CED6C16564CD300D0179B /* icon-plus.png */; };
		666CED7B16564CD300D0179B /* icon-plus@2x.png in Resources */ = {isa = PBXBuildFile; fileRef = 666CED6D16564CD300D0179B /* icon-plus@2x.png */; };
		666CED7C16564CD300D0179B /* icon-star.png in Resources */ = {isa = PBXBuildFile; fileRef = 666CED6E16564CD300D0179B /* icon-star.png */; };
		666CED7D16564CD300D0179B /* icon-star@2x.png in Resources */ = {isa = PBXBuildFile; fileRef = 666CED6F16564CD300D0179B /* icon-star@2x.png */; };
		666CEDB71656504B00D0179B /* CYConsoleViewController.m in Sources */ = {isa = PBXBuildFile; fileRef = 666CEDA61656504B00D0179B /* CYConsoleViewController.m */; };
		666CEDB81656504B00D0179B /* CYMapCreationViewController.m in Sources */ = {isa = PBXBuildFile; fileRef = 666CEDA81656504B00D0179B /* CYMapCreationViewController.m */; };
		666CEDB91656504B00D0179B /* CYMapDetailViewController.m in Sources */ = {isa = PBXBuildFile; fileRef = 666CEDAA1656504B00D0179B /* CYMapDetailViewController.m */; };
		666CEDBA1656504B00D0179B /* CYMapsTableViewController.m in Sources */ = {isa = PBXBuildFile; fileRef = 666CEDAC1656504B00D0179B /* CYMapsTableViewController.m */; };
		666CEDBB1656504B00D0179B /* CYMapViewController.m in Sources */ = {isa = PBXBuildFile; fileRef = 666CEDAE1656504B00D0179B /* CYMapViewController.m */; };
		666CEDBC1656504B00D0179B /* CYPointCreationViewController.m in Sources */ = {isa = PBXBuildFile; fileRef = 666CEDB01656504B00D0179B /* CYPointCreationViewController.m */; };
		666CEDBD1656504B00D0179B /* CYPointCreationViewController.xib in Resources */ = {isa = PBXBuildFile; fileRef = 666CEDB11656504B00D0179B /* CYPointCreationViewController.xib */; };
		666CEDBE1656504B00D0179B /* CYPointDetailViewController.m in Sources */ = {isa = PBXBuildFile; fileRef = 666CEDB31656504B00D0179B /* CYPointDetailViewController.m */; };
		666CEDBF1656504B00D0179B /* CYTabBarViewController.m in Sources */ = {isa = PBXBuildFile; fileRef = 666CEDB51656504B00D0179B /* CYTabBarViewController.m */; };
		666CEDC0165652DB00D0179B /* libQuickDialog.a in Frameworks */ = {isa = PBXBuildFile; fileRef = 666CED5216564C3400D0179B /* libQuickDialog.a */; };
		666CEDC1165652DB00D0179B /* libSSToolkit.a in Frameworks */ = {isa = PBXBuildFile; fileRef = 666CED5D16564CB700D0179B /* libSSToolkit.a */; };
		666CEDCA1656545800D0179B /* nav-bar-background.png in Resources */ = {isa = PBXBuildFile; fileRef = 666CEDC81656545800D0179B /* nav-bar-background.png */; };
		666CEDCB1656545800D0179B /* nav-bar-background@2x.png in Resources */ = {isa = PBXBuildFile; fileRef = 666CEDC91656545800D0179B /* nav-bar-background@2x.png */; };
		666CEDCE165654C400D0179B /* 103-map-white.png in Resources */ = {isa = PBXBuildFile; fileRef = 666CEDCC165654C400D0179B /* 103-map-white.png */; };
		666CEDCF165654C400D0179B /* 103-map-white@2x.png in Resources */ = {isa = PBXBuildFile; fileRef = 666CEDCD165654C400D0179B /* 103-map-white@2x.png */; };
		6696F6121655B90E0092BDB3 /* 86-camera@2x.png in Resources */ = {isa = PBXBuildFile; fileRef = 6696F6111655B90E0092BDB3 /* 86-camera@2x.png */; };
		669903FE1658A9D600A8CD79 /* CYUser.m in Sources */ = {isa = PBXBuildFile; fileRef = 669903FD1658A9D600A8CD79 /* CYUser.m */; };
		669904011658AD6300A8CD79 /* 73-radar.png in Resources */ = {isa = PBXBuildFile; fileRef = 669903FF1658AD6300A8CD79 /* 73-radar.png */; };
		669904021658AD6300A8CD79 /* 73-radar@2x.png in Resources */ = {isa = PBXBuildFile; fileRef = 669904001658AD6300A8CD79 /* 73-radar@2x.png */; };
		66995E161656F67E005BC35C /* CYMapsTableViewCell.m in Sources */ = {isa = PBXBuildFile; fileRef = 66995E151656F67E005BC35C /* CYMapsTableViewCell.m */; };
		66A1B331163888AC00B9DCEC /* SystemConfiguration.framework in Frameworks */ = {isa = PBXBuildFile; fileRef = 66A1B330163888AC00B9DCEC /* SystemConfiguration.framework */; };
		66A1B3721638AC8100B9DCEC /* MKMapView+ARKit.m in Sources */ = {isa = PBXBuildFile; fileRef = 66A1B36A1638AC8100B9DCEC /* MKMapView+ARKit.m */; };
		66A1B3741638AC8100B9DCEC /* ARTextField.m in Sources */ = {isa = PBXBuildFile; fileRef = 66A1B36E1638AC8100B9DCEC /* ARTextField.m */; };
		66A1B3751638AC8100B9DCEC /* ARTextView.m in Sources */ = {isa = PBXBuildFile; fileRef = 66A1B3701638AC8100B9DCEC /* ARTextView.m */; };
		66C29A59164CEA9400DC8DBA /* CoreText.framework in Frameworks */ = {isa = PBXBuildFile; fileRef = 66C29A58164CEA9400DC8DBA /* CoreText.framework */; };
		66F2B2491654A8550043DD15 /* Cygnus.xcdatamodeld in Sources */ = {isa = PBXBuildFile; fileRef = 66F2B2471654A8550043DD15 /* Cygnus.xcdatamodeld */; };
		66F2B29B1654B1B30043DD15 /* CoreData.framework in Frameworks */ = {isa = PBXBuildFile; fileRef = 66F2B29A1654B1B30043DD15 /* CoreData.framework */; };
		66F2B2CF1654D3490043DD15 /* NSManagedObjectContext+SimpleSave.m in Sources */ = {isa = PBXBuildFile; fileRef = 66F2B2CE1654D3490043DD15 /* NSManagedObjectContext+SimpleSave.m */; };
		66F2B2D61654D7DA0043DD15 /* CYConstants.m in Sources */ = {isa = PBXBuildFile; fileRef = 66F2B2D51654D7D90043DD15 /* CYConstants.m */; };
		66F2B2E21654DA520043DD15 /* CYMap.m in Sources */ = {isa = PBXBuildFile; fileRef = 66F2B2E11654DA510043DD15 /* CYMap.m */; };
		66F2B2E51654DA5E0043DD15 /* CYPoint.m in Sources */ = {isa = PBXBuildFile; fileRef = 66F2B2E41654DA5E0043DD15 /* CYPoint.m */; };
		66F2B2E81654DA8B0043DD15 /* CYMap+Additions.m in Sources */ = {isa = PBXBuildFile; fileRef = 66F2B2E71654DA8B0043DD15 /* CYMap+Additions.m */; };
		66F2B2EB1654DAD20043DD15 /* CYPoint+Additions.m in Sources */ = {isa = PBXBuildFile; fileRef = 66F2B2EA1654DAD20043DD15 /* CYPoint+Additions.m */; };
		66F2B2FF1654F0660043DD15 /* CYUser+Additions.m in Sources */ = {isa = PBXBuildFile; fileRef = 66F2B2FE1654F0660043DD15 /* CYUser+Additions.m */; };
/* End PBXBuildFile section */

/* Begin PBXContainerItemProxy section */
		666CED4F16564C3400D0179B /* PBXContainerItemProxy */ = {
			isa = PBXContainerItemProxy;
			containerPortal = 6696F6131655BCAF0092BDB3 /* QuickDialog.xcodeproj */;
			proxyType = 2;
			remoteGlobalIDString = D80B0E3313E052DF00FA85CA;
			remoteInfo = QuickDialogExample;
		};
		666CED5116564C3400D0179B /* PBXContainerItemProxy */ = {
			isa = PBXContainerItemProxy;
			containerPortal = 6696F6131655BCAF0092BDB3 /* QuickDialog.xcodeproj */;
			proxyType = 2;
			remoteGlobalIDString = 2C542393145ADEBD0026A152;
			remoteInfo = QuickDialog;
		};
		666CED5C16564CB700D0179B /* PBXContainerItemProxy */ = {
			isa = PBXContainerItemProxy;
			containerPortal = 66558A8D16361D4700C7BB8B /* SSToolkit.xcodeproj */;
			proxyType = 2;
			remoteGlobalIDString = D2AAC07E0554694100DB518D;
			remoteInfo = SSToolkit;
		};
		666CED5E16564CB700D0179B /* PBXContainerItemProxy */ = {
			isa = PBXContainerItemProxy;
			containerPortal = 66558A8D16361D4700C7BB8B /* SSToolkit.xcodeproj */;
			proxyType = 2;
			remoteGlobalIDString = B239101D1357DC3E00ADE21B;
			remoteInfo = SSToolkitTests;
		};
		666CED6016564CB700D0179B /* PBXContainerItemProxy */ = {
			isa = PBXContainerItemProxy;
			containerPortal = 66558A8D16361D4700C7BB8B /* SSToolkit.xcodeproj */;
			proxyType = 2;
			remoteGlobalIDString = B2C507EA151BA64400E94614;
			remoteInfo = SSToolkitResources;
		};
		666CEDC2165652E300D0179B /* PBXContainerItemProxy */ = {
			isa = PBXContainerItemProxy;
			containerPortal = 6696F6131655BCAF0092BDB3 /* QuickDialog.xcodeproj */;
			proxyType = 1;
			remoteGlobalIDString = 2C542392145ADEBD0026A152;
			remoteInfo = QuickDialog;
		};
		666CEDC4165652E300D0179B /* PBXContainerItemProxy */ = {
			isa = PBXContainerItemProxy;
			containerPortal = 66558A8D16361D4700C7BB8B /* SSToolkit.xcodeproj */;
			proxyType = 1;
			remoteGlobalIDString = D2AAC07D0554694100DB518D;
			remoteInfo = SSToolkit;
		};
		666CEDC61656532A00D0179B /* PBXContainerItemProxy */ = {
			isa = PBXContainerItemProxy;
			containerPortal = 66558A8D16361D4700C7BB8B /* SSToolkit.xcodeproj */;
			proxyType = 1;
			remoteGlobalIDString = B2C507E9151BA64400E94614;
			remoteInfo = SSToolkitResources;
		};
/* End PBXContainerItemProxy section */

/* Begin PBXFileReference section */
		4E541ADD16550F9F00E495D1 /* pointCreationDefaultScheme.json */ = {isa = PBXFileReference; fileEncoding = 4; lastKnownFileType = text.json; path = pointCreationDefaultScheme.json; sourceTree = "<group>"; };
		4E541B13165548EE00E495D1 /* hud-check.png */ = {isa = PBXFileReference; lastKnownFileType = image.png; path = "hud-check.png"; sourceTree = "<group>"; };
		4E541B14165548EE00E495D1 /* hud-check@2x.png */ = {isa = PBXFileReference; lastKnownFileType = image.png; path = "hud-check@2x.png"; sourceTree = "<group>"; };
		4E541B15165548EE00E495D1 /* polaroid.png */ = {isa = PBXFileReference; lastKnownFileType = image.png; path = polaroid.png; sourceTree = "<group>"; };
		4E541B16165548EE00E495D1 /* polaroid@2x.png */ = {isa = PBXFileReference; lastKnownFileType = image.png; path = "polaroid@2x.png"; sourceTree = "<group>"; };
		4E541B17165548EE00E495D1 /* tap_to_add_photo.png */ = {isa = PBXFileReference; lastKnownFileType = image.png; path = tap_to_add_photo.png; sourceTree = "<group>"; };
		4E541B3216554E7100E495D1 /* UIViewController+KNSemiModal.h */ = {isa = PBXFileReference; fileEncoding = 4; lastKnownFileType = sourcecode.c.h; path = "UIViewController+KNSemiModal.h"; sourceTree = "<group>"; };
		4E541B3316554E7100E495D1 /* UIViewController+KNSemiModal.m */ = {isa = PBXFileReference; fileEncoding = 4; lastKnownFileType = sourcecode.c.objc; path = "UIViewController+KNSemiModal.m"; sourceTree = "<group>"; };
		4E541B461655507B00E495D1 /* 86-camera.png */ = {isa = PBXFileReference; lastKnownFileType = image.png; path = "86-camera.png"; sourceTree = "<group>"; };
		4E541B5816557ADC00E495D1 /* app_icon.png */ = {isa = PBXFileReference; lastKnownFileType = image.png; path = app_icon.png; sourceTree = "<group>"; };
		4E541B5A16557ADF00E495D1 /* app_icon@2x.png */ = {isa = PBXFileReference; lastKnownFileType = image.png; path = "app_icon@2x.png"; sourceTree = "<group>"; };
		4E541B5C16557ED200E495D1 /* tab-bar-background.png */ = {isa = PBXFileReference; lastKnownFileType = image.png; path = "tab-bar-background.png"; sourceTree = "<group>"; };
		4E541B5D16557ED200E495D1 /* tab-bar-background@2x.png */ = {isa = PBXFileReference; lastKnownFileType = image.png; path = "tab-bar-background@2x.png"; sourceTree = "<group>"; };
		4E541B6016557F0600E495D1 /* tab-selection-indicator.png */ = {isa = PBXFileReference; lastKnownFileType = image.png; path = "tab-selection-indicator.png"; sourceTree = "<group>"; };
		4E541B6116557F0600E495D1 /* tab-selection-indicator@2x.png */ = {isa = PBXFileReference; lastKnownFileType = image.png; path = "tab-selection-indicator@2x.png"; sourceTree = "<group>"; };
		4E6DFF991643F3A600AB180C /* NSAttributedString+Attributes.h */ = {isa = PBXFileReference; fileEncoding = 4; lastKnownFileType = sourcecode.c.h; path = "NSAttributedString+Attributes.h"; sourceTree = "<group>"; };
		4E6DFF9A1643F3A600AB180C /* NSAttributedString+Attributes.m */ = {isa = PBXFileReference; fileEncoding = 4; lastKnownFileType = sourcecode.c.objc; path = "NSAttributedString+Attributes.m"; sourceTree = "<group>"; };
		4E8DF92D1655CF8200A113C9 /* CYAnalytics.h */ = {isa = PBXFileReference; fileEncoding = 4; lastKnownFileType = sourcecode.c.h; path = CYAnalytics.h; sourceTree = "<group>"; };
		4E8DF92E1655CF8200A113C9 /* CYAnalytics.m */ = {isa = PBXFileReference; fileEncoding = 4; lastKnownFileType = sourcecode.c.objc; path = CYAnalytics.m; sourceTree = "<group>"; };
		4E8DF9301655D07B00A113C9 /* CoreTelephony.framework */ = {isa = PBXFileReference; lastKnownFileType = wrapper.framework; name = CoreTelephony.framework; path = System/Library/Frameworks/CoreTelephony.framework; sourceTree = SDKROOT; };
		4E8DF9D11655D14D00A113C9 /* MPCJSONDataSerializer.h */ = {isa = PBXFileReference; fileEncoding = 4; lastKnownFileType = sourcecode.c.h; path = MPCJSONDataSerializer.h; sourceTree = "<group>"; };
		4E8DF9D21655D14D00A113C9 /* MPCJSONDataSerializer.m */ = {isa = PBXFileReference; fileEncoding = 4; lastKnownFileType = sourcecode.c.objc; path = MPCJSONDataSerializer.m; sourceTree = "<group>"; };
		4E8DF9D31655D14D00A113C9 /* MPCJSONSerializer.h */ = {isa = PBXFileReference; fileEncoding = 4; lastKnownFileType = sourcecode.c.h; path = MPCJSONSerializer.h; sourceTree = "<group>"; };
		4E8DF9D41655D14D00A113C9 /* MPCJSONSerializer.m */ = {isa = PBXFileReference; fileEncoding = 4; lastKnownFileType = sourcecode.c.objc; path = MPCJSONSerializer.m; sourceTree = "<group>"; };
		4E8DF9D51655D14D00A113C9 /* MPCSerializedJSONData.h */ = {isa = PBXFileReference; fileEncoding = 4; lastKnownFileType = sourcecode.c.h; path = MPCSerializedJSONData.h; sourceTree = "<group>"; };
		4E8DF9D61655D14D00A113C9 /* MPCSerializedJSONData.m */ = {isa = PBXFileReference; fileEncoding = 4; lastKnownFileType = sourcecode.c.objc; path = MPCSerializedJSONData.m; sourceTree = "<group>"; };
		4E8DF9D81655D14D00A113C9 /* NSData+MPBase64.h */ = {isa = PBXFileReference; fileEncoding = 4; lastKnownFileType = sourcecode.c.h; path = "NSData+MPBase64.h"; sourceTree = "<group>"; };
		4E8DF9D91655D14D00A113C9 /* NSData+MPBase64.m */ = {isa = PBXFileReference; fileEncoding = 4; lastKnownFileType = sourcecode.c.objc; path = "NSData+MPBase64.m"; sourceTree = "<group>"; };
		4E8DF9DA1655D14D00A113C9 /* Mixpanel.h */ = {isa = PBXFileReference; fileEncoding = 4; lastKnownFileType = sourcecode.c.h; path = Mixpanel.h; sourceTree = "<group>"; };
		4E8DF9DB1655D14D00A113C9 /* Mixpanel.m */ = {isa = PBXFileReference; fileEncoding = 4; lastKnownFileType = sourcecode.c.objc; path = Mixpanel.m; sourceTree = "<group>"; };
		4E8DFA091655D1DE00A113C9 /* Flurry.h */ = {isa = PBXFileReference; fileEncoding = 4; lastKnownFileType = sourcecode.c.h; path = Flurry.h; sourceTree = "<group>"; };
		4E8DFA0A1655D1DE00A113C9 /* libFlurry.a */ = {isa = PBXFileReference; lastKnownFileType = archive.ar; path = libFlurry.a; sourceTree = "<group>"; };
		4EC259A9165581B500825436 /* accent.ttf */ = {isa = PBXFileReference; lastKnownFileType = file; path = accent.ttf; sourceTree = "<group>"; };
		4EC259AA165581B500825436 /* Adamas-Regular.otf */ = {isa = PBXFileReference; lastKnownFileType = file; path = "Adamas-Regular.otf"; sourceTree = "<group>"; };
		4EC259AB165581B500825436 /* CODE Bold.otf */ = {isa = PBXFileReference; lastKnownFileType = file; path = "CODE Bold.otf"; sourceTree = "<group>"; };
		4EC259AC165581B500825436 /* CODE Light.otf */ = {isa = PBXFileReference; lastKnownFileType = file; path = "CODE Light.otf"; sourceTree = "<group>"; };
		4EEB9618163DF84900D67785 /* FDNullOrEmpty.h */ = {isa = PBXFileReference; fileEncoding = 4; lastKnownFileType = sourcecode.c.h; path = FDNullOrEmpty.h; sourceTree = "<group>"; };
		4EEB9619163DF84900D67785 /* NSArray+Accessing.h */ = {isa = PBXFileReference; fileEncoding = 4; lastKnownFileType = sourcecode.c.h; path = "NSArray+Accessing.h"; sourceTree = "<group>"; };
		4EEB961A163DF84900D67785 /* NSArray+Accessing.m */ = {isa = PBXFileReference; fileEncoding = 4; lastKnownFileType = sourcecode.c.objc; path = "NSArray+Accessing.m"; sourceTree = "<group>"; };
		4EEB961B163DF84900D67785 /* NSObject+PerformBlock.h */ = {isa = PBXFileReference; fileEncoding = 4; lastKnownFileType = sourcecode.c.h; path = "NSObject+PerformBlock.h"; sourceTree = "<group>"; };
		4EEB961C163DF84900D67785 /* NSObject+PerformBlock.m */ = {isa = PBXFileReference; fileEncoding = 4; lastKnownFileType = sourcecode.c.objc; path = "NSObject+PerformBlock.m"; sourceTree = "<group>"; };
		4EEB961D163DF84900D67785 /* NSString+UUID.h */ = {isa = PBXFileReference; fileEncoding = 4; lastKnownFileType = sourcecode.c.h; path = "NSString+UUID.h"; sourceTree = "<group>"; };
		4EEB961E163DF84900D67785 /* NSString+UUID.m */ = {isa = PBXFileReference; fileEncoding = 4; lastKnownFileType = sourcecode.c.objc; path = "NSString+UUID.m"; sourceTree = "<group>"; };
		4EEB961F163DF84900D67785 /* README.md */ = {isa = PBXFileReference; fileEncoding = 4; lastKnownFileType = text; path = README.md; sourceTree = "<group>"; };
		4EEB9620163DF84900D67785 /* UIImage+ImageFromDiskNamed.h */ = {isa = PBXFileReference; fileEncoding = 4; lastKnownFileType = sourcecode.c.h; path = "UIImage+ImageFromDiskNamed.h"; sourceTree = "<group>"; };
		4EEB9621163DF84900D67785 /* UIImage+ImageFromDiskNamed.m */ = {isa = PBXFileReference; fileEncoding = 4; lastKnownFileType = sourcecode.c.objc; path = "UIImage+ImageFromDiskNamed.m"; sourceTree = "<group>"; };
		4EEB9622163DF84900D67785 /* UIView+Animations.h */ = {isa = PBXFileReference; fileEncoding = 4; lastKnownFileType = sourcecode.c.h; path = "UIView+Animations.h"; sourceTree = "<group>"; };
		4EEB9623163DF84900D67785 /* UIView+Animations.m */ = {isa = PBXFileReference; fileEncoding = 4; lastKnownFileType = sourcecode.c.objc; path = "UIView+Animations.m"; sourceTree = "<group>"; };
		4EEB9624163DF84900D67785 /* UIView+Layout.h */ = {isa = PBXFileReference; fileEncoding = 4; lastKnownFileType = sourcecode.c.h; path = "UIView+Layout.h"; sourceTree = "<group>"; };
		4EEB9625163DF84900D67785 /* UIView+Layout.m */ = {isa = PBXFileReference; fileEncoding = 4; lastKnownFileType = sourcecode.c.objc; path = "UIView+Layout.m"; sourceTree = "<group>"; };
		4EEEE455164CDCB300D3357B /* 04-eye-white.png */ = {isa = PBXFileReference; lastKnownFileType = image.png; path = "04-eye-white.png"; sourceTree = "<group>"; };
		4EEEE456164CDCB300D3357B /* 04-eye-white@2x.png */ = {isa = PBXFileReference; lastKnownFileType = image.png; path = "04-eye-white@2x.png"; sourceTree = "<group>"; };
		4EEEE457164CDCB300D3357B /* 06-magnify.png */ = {isa = PBXFileReference; lastKnownFileType = image.png; path = "06-magnify.png"; sourceTree = "<group>"; };
		4EEEE458164CDCB300D3357B /* 06-magnify@2x.png */ = {isa = PBXFileReference; lastKnownFileType = image.png; path = "06-magnify@2x.png"; sourceTree = "<group>"; };
		4EEEE459164CDCB300D3357B /* 08-pin-white.png */ = {isa = PBXFileReference; lastKnownFileType = image.png; path = "08-pin-white.png"; sourceTree = "<group>"; };
		4EEEE45A164CDCB300D3357B /* 08-pin-white@2x.png */ = {isa = PBXFileReference; lastKnownFileType = image.png; path = "08-pin-white@2x.png"; sourceTree = "<group>"; };
		4EEEE45B164CDCB300D3357B /* 20-gear-2.png */ = {isa = PBXFileReference; lastKnownFileType = image.png; path = "20-gear-2.png"; sourceTree = "<group>"; };
		4EEEE45C164CDCB300D3357B /* 20-gear-2@2x.png */ = {isa = PBXFileReference; lastKnownFileType = image.png; path = "20-gear-2@2x.png"; sourceTree = "<group>"; };
		4EEEE45D164CDCB300D3357B /* 103-map.png */ = {isa = PBXFileReference; lastKnownFileType = image.png; path = "103-map.png"; sourceTree = "<group>"; };
		4EEEE45E164CDCB300D3357B /* 103-map@2x.png */ = {isa = PBXFileReference; lastKnownFileType = image.png; path = "103-map@2x.png"; sourceTree = "<group>"; };
		4EEEE462164CDCB300D3357B /* CYMapView.h */ = {isa = PBXFileReference; fileEncoding = 4; lastKnownFileType = sourcecode.c.h; path = CYMapView.h; sourceTree = "<group>"; };
		4EEEE463164CDCB300D3357B /* CYMapView.m */ = {isa = PBXFileReference; fileEncoding = 4; lastKnownFileType = sourcecode.c.objc; path = CYMapView.m; sourceTree = "<group>"; };
		4EEEE464164CDCB300D3357B /* CYUI.h */ = {isa = PBXFileReference; fileEncoding = 4; lastKnownFileType = sourcecode.c.h; path = CYUI.h; sourceTree = "<group>"; };
		4EEEE465164CDCB300D3357B /* CYUI.m */ = {isa = PBXFileReference; fileEncoding = 4; lastKnownFileType = sourcecode.c.objc; path = CYUI.m; sourceTree = "<group>"; };
		4EEEE466164CDCB300D3357B /* Default-568h@2x.png */ = {isa = PBXFileReference; lastKnownFileType = image.png; path = "Default-568h@2x.png"; sourceTree = "<group>"; };
		4EEEE467164CDCB300D3357B /* Default.png */ = {isa = PBXFileReference; lastKnownFileType = image.png; path = Default.png; sourceTree = "<group>"; };
		4EEEE468164CDCB300D3357B /* Default@2x.png */ = {isa = PBXFileReference; lastKnownFileType = image.png; path = "Default@2x.png"; sourceTree = "<group>"; };
		661088C4163AAD4D000D1DA2 /* AwesomeMenu.h */ = {isa = PBXFileReference; fileEncoding = 4; lastKnownFileType = sourcecode.c.h; path = AwesomeMenu.h; sourceTree = "<group>"; };
		661088C5163AAD4D000D1DA2 /* AwesomeMenu.m */ = {isa = PBXFileReference; fileEncoding = 4; lastKnownFileType = sourcecode.c.objc; path = AwesomeMenu.m; sourceTree = "<group>"; };
		661088C6163AAD4D000D1DA2 /* AwesomeMenuItem.h */ = {isa = PBXFileReference; fileEncoding = 4; lastKnownFileType = sourcecode.c.h; path = AwesomeMenuItem.h; sourceTree = "<group>"; };
		661088C7163AAD4D000D1DA2 /* AwesomeMenuItem.m */ = {isa = PBXFileReference; fileEncoding = 4; lastKnownFileType = sourcecode.c.objc; path = AwesomeMenuItem.m; sourceTree = "<group>"; };
		662782451633EEC200F1D0E7 /* Cygnus.app */ = {isa = PBXFileReference; explicitFileType = wrapper.application; includeInIndex = 0; path = Cygnus.app; sourceTree = BUILT_PRODUCTS_DIR; };
		662782491633EEC200F1D0E7 /* UIKit.framework */ = {isa = PBXFileReference; lastKnownFileType = wrapper.framework; name = UIKit.framework; path = System/Library/Frameworks/UIKit.framework; sourceTree = SDKROOT; };
		6627824B1633EEC200F1D0E7 /* Foundation.framework */ = {isa = PBXFileReference; lastKnownFileType = wrapper.framework; name = Foundation.framework; path = System/Library/Frameworks/Foundation.framework; sourceTree = SDKROOT; };
		6627824D1633EEC200F1D0E7 /* CoreGraphics.framework */ = {isa = PBXFileReference; lastKnownFileType = wrapper.framework; name = CoreGraphics.framework; path = System/Library/Frameworks/CoreGraphics.framework; sourceTree = SDKROOT; };
		662782511633EEC200F1D0E7 /* Cygnus-Info.plist */ = {isa = PBXFileReference; lastKnownFileType = text.plist.xml; path = "Cygnus-Info.plist"; sourceTree = "<group>"; };
		662782531633EEC200F1D0E7 /* en */ = {isa = PBXFileReference; lastKnownFileType = text.plist.strings; name = en; path = en.lproj/InfoPlist.strings; sourceTree = "<group>"; };
		662782551633EEC200F1D0E7 /* main.m */ = {isa = PBXFileReference; lastKnownFileType = sourcecode.c.objc; path = main.m; sourceTree = "<group>"; };
		662782571633EEC200F1D0E7 /* Cygnus-Prefix.pch */ = {isa = PBXFileReference; lastKnownFileType = sourcecode.c.h; path = "Cygnus-Prefix.pch"; sourceTree = "<group>"; };
		662782581633EEC200F1D0E7 /* CYAppDelegate.h */ = {isa = PBXFileReference; lastKnownFileType = sourcecode.c.h; path = CYAppDelegate.h; sourceTree = "<group>"; };
		662782591633EEC200F1D0E7 /* CYAppDelegate.m */ = {isa = PBXFileReference; lastKnownFileType = sourcecode.c.objc; path = CYAppDelegate.m; sourceTree = "<group>"; };
		662782621633EEC200F1D0E7 /* en */ = {isa = PBXFileReference; lastKnownFileType = file.storyboard; name = en; path = en.lproj/MainStoryboard.storyboard; sourceTree = "<group>"; };
		662782731633EF9200F1D0E7 /* Accounts.framework */ = {isa = PBXFileReference; lastKnownFileType = wrapper.framework; name = Accounts.framework; path = System/Library/Frameworks/Accounts.framework; sourceTree = SDKROOT; };
		662782741633EF9200F1D0E7 /* AdSupport.framework */ = {isa = PBXFileReference; lastKnownFileType = wrapper.framework; name = AdSupport.framework; path = System/Library/Frameworks/AdSupport.framework; sourceTree = SDKROOT; };
		662782751633EF9200F1D0E7 /* AudioToolbox.framework */ = {isa = PBXFileReference; lastKnownFileType = wrapper.framework; name = AudioToolbox.framework; path = System/Library/Frameworks/AudioToolbox.framework; sourceTree = SDKROOT; };
		662782761633EF9200F1D0E7 /* CFNetwork.framework */ = {isa = PBXFileReference; lastKnownFileType = wrapper.framework; name = CFNetwork.framework; path = System/Library/Frameworks/CFNetwork.framework; sourceTree = SDKROOT; };
		662782771633EF9200F1D0E7 /* libsqlite3.dylib */ = {isa = PBXFileReference; lastKnownFileType = "compiled.mach-o.dylib"; name = libsqlite3.dylib; path = usr/lib/libsqlite3.dylib; sourceTree = SDKROOT; };
		662782781633EF9200F1D0E7 /* libz.1.1.3.dylib */ = {isa = PBXFileReference; lastKnownFileType = "compiled.mach-o.dylib"; name = libz.1.1.3.dylib; path = usr/lib/libz.1.1.3.dylib; sourceTree = SDKROOT; };
		662782791633EF9200F1D0E7 /* MobileCoreServices.framework */ = {isa = PBXFileReference; lastKnownFileType = wrapper.framework; name = MobileCoreServices.framework; path = System/Library/Frameworks/MobileCoreServices.framework; sourceTree = SDKROOT; };
		6627827A1633EF9200F1D0E7 /* QuartzCore.framework */ = {isa = PBXFileReference; lastKnownFileType = wrapper.framework; name = QuartzCore.framework; path = System/Library/Frameworks/QuartzCore.framework; sourceTree = SDKROOT; };
		6627827B1633EF9200F1D0E7 /* Security.framework */ = {isa = PBXFileReference; lastKnownFileType = wrapper.framework; name = Security.framework; path = System/Library/Frameworks/Security.framework; sourceTree = SDKROOT; };
		6627827C1633EF9200F1D0E7 /* Social.framework */ = {isa = PBXFileReference; lastKnownFileType = wrapper.framework; name = Social.framework; path = System/Library/Frameworks/Social.framework; sourceTree = SDKROOT; };
		6627827D1633EF9200F1D0E7 /* StoreKit.framework */ = {isa = PBXFileReference; lastKnownFileType = wrapper.framework; name = StoreKit.framework; path = System/Library/Frameworks/StoreKit.framework; sourceTree = SDKROOT; };
		6627828F1633F0F400F1D0E7 /* MapKit.framework */ = {isa = PBXFileReference; lastKnownFileType = wrapper.framework; name = MapKit.framework; path = System/Library/Frameworks/MapKit.framework; sourceTree = SDKROOT; };
		662782911633F10100F1D0E7 /* CoreLocation.framework */ = {isa = PBXFileReference; lastKnownFileType = wrapper.framework; name = CoreLocation.framework; path = System/Library/Frameworks/CoreLocation.framework; sourceTree = SDKROOT; };
		6644E252163F338000537778 /* Parse.framework */ = {isa = PBXFileReference; lastKnownFileType = wrapper.framework; path = Parse.framework; sourceTree = "<group>"; };
		66558A8D16361D4700C7BB8B /* SSToolkit.xcodeproj */ = {isa = PBXFileReference; lastKnownFileType = "wrapper.pb-project"; name = SSToolkit.xcodeproj; path = SSToolkit/SSToolkit.xcodeproj; sourceTree = "<group>"; };
		66558A9E16361EBC00C7BB8B /* AFHTTPClient.h */ = {isa = PBXFileReference; fileEncoding = 4; lastKnownFileType = sourcecode.c.h; path = AFHTTPClient.h; sourceTree = "<group>"; };
		66558A9F16361EBC00C7BB8B /* AFHTTPClient.m */ = {isa = PBXFileReference; fileEncoding = 4; lastKnownFileType = sourcecode.c.objc; path = AFHTTPClient.m; sourceTree = "<group>"; };
		66558AA016361EBC00C7BB8B /* AFHTTPRequestOperation.h */ = {isa = PBXFileReference; fileEncoding = 4; lastKnownFileType = sourcecode.c.h; path = AFHTTPRequestOperation.h; sourceTree = "<group>"; };
		66558AA116361EBC00C7BB8B /* AFHTTPRequestOperation.m */ = {isa = PBXFileReference; fileEncoding = 4; lastKnownFileType = sourcecode.c.objc; path = AFHTTPRequestOperation.m; sourceTree = "<group>"; };
		66558AA216361EBC00C7BB8B /* AFImageRequestOperation.h */ = {isa = PBXFileReference; fileEncoding = 4; lastKnownFileType = sourcecode.c.h; path = AFImageRequestOperation.h; sourceTree = "<group>"; };
		66558AA316361EBC00C7BB8B /* AFImageRequestOperation.m */ = {isa = PBXFileReference; fileEncoding = 4; lastKnownFileType = sourcecode.c.objc; path = AFImageRequestOperation.m; sourceTree = "<group>"; };
		66558AA416361EBC00C7BB8B /* AFJSONRequestOperation.h */ = {isa = PBXFileReference; fileEncoding = 4; lastKnownFileType = sourcecode.c.h; path = AFJSONRequestOperation.h; sourceTree = "<group>"; };
		66558AA516361EBC00C7BB8B /* AFJSONRequestOperation.m */ = {isa = PBXFileReference; fileEncoding = 4; lastKnownFileType = sourcecode.c.objc; path = AFJSONRequestOperation.m; sourceTree = "<group>"; };
		66558AA616361EBC00C7BB8B /* AFNetworkActivityIndicatorManager.h */ = {isa = PBXFileReference; fileEncoding = 4; lastKnownFileType = sourcecode.c.h; path = AFNetworkActivityIndicatorManager.h; sourceTree = "<group>"; };
		66558AA716361EBC00C7BB8B /* AFNetworkActivityIndicatorManager.m */ = {isa = PBXFileReference; fileEncoding = 4; lastKnownFileType = sourcecode.c.objc; path = AFNetworkActivityIndicatorManager.m; sourceTree = "<group>"; };
		66558AA816361EBC00C7BB8B /* AFNetworking.h */ = {isa = PBXFileReference; fileEncoding = 4; lastKnownFileType = sourcecode.c.h; path = AFNetworking.h; sourceTree = "<group>"; };
		66558AA916361EBC00C7BB8B /* AFPropertyListRequestOperation.h */ = {isa = PBXFileReference; fileEncoding = 4; lastKnownFileType = sourcecode.c.h; path = AFPropertyListRequestOperation.h; sourceTree = "<group>"; };
		66558AAA16361EBC00C7BB8B /* AFPropertyListRequestOperation.m */ = {isa = PBXFileReference; fileEncoding = 4; lastKnownFileType = sourcecode.c.objc; path = AFPropertyListRequestOperation.m; sourceTree = "<group>"; };
		66558AAB16361EBC00C7BB8B /* AFURLConnectionOperation.h */ = {isa = PBXFileReference; fileEncoding = 4; lastKnownFileType = sourcecode.c.h; path = AFURLConnectionOperation.h; sourceTree = "<group>"; };
		66558AAC16361EBC00C7BB8B /* AFURLConnectionOperation.m */ = {isa = PBXFileReference; fileEncoding = 4; lastKnownFileType = sourcecode.c.objc; path = AFURLConnectionOperation.m; sourceTree = "<group>"; };
		66558AAD16361EBC00C7BB8B /* AFXMLRequestOperation.h */ = {isa = PBXFileReference; fileEncoding = 4; lastKnownFileType = sourcecode.c.h; path = AFXMLRequestOperation.h; sourceTree = "<group>"; };
		66558AAE16361EBC00C7BB8B /* AFXMLRequestOperation.m */ = {isa = PBXFileReference; fileEncoding = 4; lastKnownFileType = sourcecode.c.objc; path = AFXMLRequestOperation.m; sourceTree = "<group>"; };
		66558AAF16361EBC00C7BB8B /* UIImageView+AFNetworking.h */ = {isa = PBXFileReference; fileEncoding = 4; lastKnownFileType = sourcecode.c.h; path = "UIImageView+AFNetworking.h"; sourceTree = "<group>"; };
		66558AB016361EBC00C7BB8B /* UIImageView+AFNetworking.m */ = {isa = PBXFileReference; fileEncoding = 4; lastKnownFileType = sourcecode.c.objc; path = "UIImageView+AFNetworking.m"; sourceTree = "<group>"; };
		666CED6216564CD300D0179B /* bg-addbutton-highlighted.png */ = {isa = PBXFileReference; lastKnownFileType = image.png; path = "bg-addbutton-highlighted.png"; sourceTree = "<group>"; };
		666CED6316564CD300D0179B /* bg-addbutton-highlighted@2x.png */ = {isa = PBXFileReference; lastKnownFileType = image.png; path = "bg-addbutton-highlighted@2x.png"; sourceTree = "<group>"; };
		666CED6416564CD300D0179B /* bg-addbutton.png */ = {isa = PBXFileReference; lastKnownFileType = image.png; path = "bg-addbutton.png"; sourceTree = "<group>"; };
		666CED6516564CD300D0179B /* bg-addbutton@2x.png */ = {isa = PBXFileReference; lastKnownFileType = image.png; path = "bg-addbutton@2x.png"; sourceTree = "<group>"; };
		666CED6616564CD300D0179B /* bg-menuitem-highlighted.png */ = {isa = PBXFileReference; lastKnownFileType = image.png; path = "bg-menuitem-highlighted.png"; sourceTree = "<group>"; };
		666CED6716564CD300D0179B /* bg-menuitem-highlighted@2x.png */ = {isa = PBXFileReference; lastKnownFileType = image.png; path = "bg-menuitem-highlighted@2x.png"; sourceTree = "<group>"; };
		666CED6816564CD300D0179B /* bg-menuitem.png */ = {isa = PBXFileReference; lastKnownFileType = image.png; path = "bg-menuitem.png"; sourceTree = "<group>"; };
		666CED6916564CD300D0179B /* bg-menuitem@2x.png */ = {isa = PBXFileReference; lastKnownFileType = image.png; path = "bg-menuitem@2x.png"; sourceTree = "<group>"; };
		666CED6A16564CD300D0179B /* icon-plus-highlighted.png */ = {isa = PBXFileReference; lastKnownFileType = image.png; path = "icon-plus-highlighted.png"; sourceTree = "<group>"; };
		666CED6B16564CD300D0179B /* icon-plus-highlighted@2x.png */ = {isa = PBXFileReference; lastKnownFileType = image.png; path = "icon-plus-highlighted@2x.png"; sourceTree = "<group>"; };
		666CED6C16564CD300D0179B /* icon-plus.png */ = {isa = PBXFileReference; lastKnownFileType = image.png; path = "icon-plus.png"; sourceTree = "<group>"; };
		666CED6D16564CD300D0179B /* icon-plus@2x.png */ = {isa = PBXFileReference; lastKnownFileType = image.png; path = "icon-plus@2x.png"; sourceTree = "<group>"; };
		666CED6E16564CD300D0179B /* icon-star.png */ = {isa = PBXFileReference; lastKnownFileType = image.png; path = "icon-star.png"; sourceTree = "<group>"; };
		666CED6F16564CD300D0179B /* icon-star@2x.png */ = {isa = PBXFileReference; lastKnownFileType = image.png; path = "icon-star@2x.png"; sourceTree = "<group>"; };
		666CEDA51656504B00D0179B /* CYConsoleViewController.h */ = {isa = PBXFileReference; fileEncoding = 4; lastKnownFileType = sourcecode.c.h; path = CYConsoleViewController.h; sourceTree = "<group>"; };
		666CEDA61656504B00D0179B /* CYConsoleViewController.m */ = {isa = PBXFileReference; fileEncoding = 4; lastKnownFileType = sourcecode.c.objc; path = CYConsoleViewController.m; sourceTree = "<group>"; };
		666CEDA71656504B00D0179B /* CYMapCreationViewController.h */ = {isa = PBXFileReference; fileEncoding = 4; lastKnownFileType = sourcecode.c.h; path = CYMapCreationViewController.h; sourceTree = "<group>"; };
		666CEDA81656504B00D0179B /* CYMapCreationViewController.m */ = {isa = PBXFileReference; fileEncoding = 4; lastKnownFileType = sourcecode.c.objc; path = CYMapCreationViewController.m; sourceTree = "<group>"; };
		666CEDA91656504B00D0179B /* CYMapDetailViewController.h */ = {isa = PBXFileReference; fileEncoding = 4; lastKnownFileType = sourcecode.c.h; path = CYMapDetailViewController.h; sourceTree = "<group>"; };
		666CEDAA1656504B00D0179B /* CYMapDetailViewController.m */ = {isa = PBXFileReference; fileEncoding = 4; lastKnownFileType = sourcecode.c.objc; path = CYMapDetailViewController.m; sourceTree = "<group>"; };
		666CEDAB1656504B00D0179B /* CYMapsTableViewController.h */ = {isa = PBXFileReference; fileEncoding = 4; lastKnownFileType = sourcecode.c.h; path = CYMapsTableViewController.h; sourceTree = "<group>"; };
		666CEDAC1656504B00D0179B /* CYMapsTableViewController.m */ = {isa = PBXFileReference; fileEncoding = 4; lastKnownFileType = sourcecode.c.objc; path = CYMapsTableViewController.m; sourceTree = "<group>"; };
		666CEDAD1656504B00D0179B /* CYMapViewController.h */ = {isa = PBXFileReference; fileEncoding = 4; lastKnownFileType = sourcecode.c.h; path = CYMapViewController.h; sourceTree = "<group>"; };
		666CEDAE1656504B00D0179B /* CYMapViewController.m */ = {isa = PBXFileReference; fileEncoding = 4; lastKnownFileType = sourcecode.c.objc; path = CYMapViewController.m; sourceTree = "<group>"; };
		666CEDAF1656504B00D0179B /* CYPointCreationViewController.h */ = {isa = PBXFileReference; fileEncoding = 4; lastKnownFileType = sourcecode.c.h; path = CYPointCreationViewController.h; sourceTree = "<group>"; };
		666CEDB01656504B00D0179B /* CYPointCreationViewController.m */ = {isa = PBXFileReference; fileEncoding = 4; lastKnownFileType = sourcecode.c.objc; path = CYPointCreationViewController.m; sourceTree = "<group>"; };
		666CEDB11656504B00D0179B /* CYPointCreationViewController.xib */ = {isa = PBXFileReference; fileEncoding = 4; lastKnownFileType = file.xib; path = CYPointCreationViewController.xib; sourceTree = "<group>"; };
		666CEDB21656504B00D0179B /* CYPointDetailViewController.h */ = {isa = PBXFileReference; fileEncoding = 4; lastKnownFileType = sourcecode.c.h; path = CYPointDetailViewController.h; sourceTree = "<group>"; };
		666CEDB31656504B00D0179B /* CYPointDetailViewController.m */ = {isa = PBXFileReference; fileEncoding = 4; lastKnownFileType = sourcecode.c.objc; path = CYPointDetailViewController.m; sourceTree = "<group>"; };
		666CEDB41656504B00D0179B /* CYTabBarViewController.h */ = {isa = PBXFileReference; fileEncoding = 4; lastKnownFileType = sourcecode.c.h; path = CYTabBarViewController.h; sourceTree = "<group>"; };
		666CEDB51656504B00D0179B /* CYTabBarViewController.m */ = {isa = PBXFileReference; fileEncoding = 4; lastKnownFileType = sourcecode.c.objc; path = CYTabBarViewController.m; sourceTree = "<group>"; };
		666CEDC81656545800D0179B /* nav-bar-background.png */ = {isa = PBXFileReference; lastKnownFileType = image.png; path = "nav-bar-background.png"; sourceTree = "<group>"; };
		666CEDC91656545800D0179B /* nav-bar-background@2x.png */ = {isa = PBXFileReference; lastKnownFileType = image.png; path = "nav-bar-background@2x.png"; sourceTree = "<group>"; };
		666CEDCC165654C400D0179B /* 103-map-white.png */ = {isa = PBXFileReference; lastKnownFileType = image.png; path = "103-map-white.png"; sourceTree = "<group>"; };
		666CEDCD165654C400D0179B /* 103-map-white@2x.png */ = {isa = PBXFileReference; lastKnownFileType = image.png; path = "103-map-white@2x.png"; sourceTree = "<group>"; };
		6696F6111655B90E0092BDB3 /* 86-camera@2x.png */ = {isa = PBXFileReference; lastKnownFileType = image.png; path = "86-camera@2x.png"; sourceTree = "<group>"; };
		6696F6131655BCAF0092BDB3 /* QuickDialog.xcodeproj */ = {isa = PBXFileReference; lastKnownFileType = "wrapper.pb-project"; name = QuickDialog.xcodeproj; path = QuickDialog/QuickDialog.xcodeproj; sourceTree = "<group>"; };
		669903FC1658A9D600A8CD79 /* CYUser.h */ = {isa = PBXFileReference; fileEncoding = 4; lastKnownFileType = sourcecode.c.h; path = CYUser.h; sourceTree = "<group>"; };
		669903FD1658A9D600A8CD79 /* CYUser.m */ = {isa = PBXFileReference; fileEncoding = 4; lastKnownFileType = sourcecode.c.objc; path = CYUser.m; sourceTree = "<group>"; };
		669903FF1658AD6300A8CD79 /* 73-radar.png */ = {isa = PBXFileReference; lastKnownFileType = image.png; path = "73-radar.png"; sourceTree = "<group>"; };
		669904001658AD6300A8CD79 /* 73-radar@2x.png */ = {isa = PBXFileReference; lastKnownFileType = image.png; path = "73-radar@2x.png"; sourceTree = "<group>"; };
		66995E141656F67E005BC35C /* CYMapsTableViewCell.h */ = {isa = PBXFileReference; fileEncoding = 4; lastKnownFileType = sourcecode.c.h; path = CYMapsTableViewCell.h; sourceTree = "<group>"; };
		66995E151656F67E005BC35C /* CYMapsTableViewCell.m */ = {isa = PBXFileReference; fileEncoding = 4; lastKnownFileType = sourcecode.c.objc; path = CYMapsTableViewCell.m; sourceTree = "<group>"; };
		66A1B330163888AC00B9DCEC /* SystemConfiguration.framework */ = {isa = PBXFileReference; lastKnownFileType = wrapper.framework; name = SystemConfiguration.framework; path = System/Library/Frameworks/SystemConfiguration.framework; sourceTree = SDKROOT; };
		66A1B3691638AC8100B9DCEC /* MKMapView+ARKit.h */ = {isa = PBXFileReference; fileEncoding = 4; lastKnownFileType = sourcecode.c.h; path = "MKMapView+ARKit.h"; sourceTree = "<group>"; };
		66A1B36A1638AC8100B9DCEC /* MKMapView+ARKit.m */ = {isa = PBXFileReference; fileEncoding = 4; lastKnownFileType = sourcecode.c.objc; path = "MKMapView+ARKit.m"; sourceTree = "<group>"; };
		66A1B36D1638AC8100B9DCEC /* ARTextField.h */ = {isa = PBXFileReference; fileEncoding = 4; lastKnownFileType = sourcecode.c.h; path = ARTextField.h; sourceTree = "<group>"; };
		66A1B36E1638AC8100B9DCEC /* ARTextField.m */ = {isa = PBXFileReference; fileEncoding = 4; lastKnownFileType = sourcecode.c.objc; path = ARTextField.m; sourceTree = "<group>"; };
		66A1B36F1638AC8100B9DCEC /* ARTextView.h */ = {isa = PBXFileReference; fileEncoding = 4; lastKnownFileType = sourcecode.c.h; path = ARTextView.h; sourceTree = "<group>"; };
		66A1B3701638AC8100B9DCEC /* ARTextView.m */ = {isa = PBXFileReference; fileEncoding = 4; lastKnownFileType = sourcecode.c.objc; path = ARTextView.m; sourceTree = "<group>"; };
		66C29A58164CEA9400DC8DBA /* CoreText.framework */ = {isa = PBXFileReference; lastKnownFileType = wrapper.framework; name = CoreText.framework; path = System/Library/Frameworks/CoreText.framework; sourceTree = SDKROOT; };
		66F2B2481654A8550043DD15 /* Cygnus.xcdatamodel */ = {isa = PBXFileReference; lastKnownFileType = wrapper.xcdatamodel; path = Cygnus.xcdatamodel; sourceTree = "<group>"; };
		66F2B29A1654B1B30043DD15 /* CoreData.framework */ = {isa = PBXFileReference; lastKnownFileType = wrapper.framework; name = CoreData.framework; path = System/Library/Frameworks/CoreData.framework; sourceTree = SDKROOT; };
		66F2B2CD1654D3490043DD15 /* NSManagedObjectContext+SimpleSave.h */ = {isa = PBXFileReference; fileEncoding = 4; lastKnownFileType = sourcecode.c.h; path = "NSManagedObjectContext+SimpleSave.h"; sourceTree = "<group>"; };
		66F2B2CE1654D3490043DD15 /* NSManagedObjectContext+SimpleSave.m */ = {isa = PBXFileReference; fileEncoding = 4; lastKnownFileType = sourcecode.c.objc; path = "NSManagedObjectContext+SimpleSave.m"; sourceTree = "<group>"; };
		66F2B2D41654D7D90043DD15 /* CYConstants.h */ = {isa = PBXFileReference; fileEncoding = 4; lastKnownFileType = sourcecode.c.h; path = CYConstants.h; sourceTree = "<group>"; };
		66F2B2D51654D7D90043DD15 /* CYConstants.m */ = {isa = PBXFileReference; fileEncoding = 4; lastKnownFileType = sourcecode.c.objc; path = CYConstants.m; sourceTree = "<group>"; };
		66F2B2E01654DA510043DD15 /* CYMap.h */ = {isa = PBXFileReference; fileEncoding = 4; lastKnownFileType = sourcecode.c.h; path = CYMap.h; sourceTree = "<group>"; };
		66F2B2E11654DA510043DD15 /* CYMap.m */ = {isa = PBXFileReference; fileEncoding = 4; lastKnownFileType = sourcecode.c.objc; path = CYMap.m; sourceTree = "<group>"; };
		66F2B2E31654DA5E0043DD15 /* CYPoint.h */ = {isa = PBXFileReference; fileEncoding = 4; lastKnownFileType = sourcecode.c.h; path = CYPoint.h; sourceTree = "<group>"; };
		66F2B2E41654DA5E0043DD15 /* CYPoint.m */ = {isa = PBXFileReference; fileEncoding = 4; lastKnownFileType = sourcecode.c.objc; path = CYPoint.m; sourceTree = "<group>"; };
		66F2B2E61654DA8B0043DD15 /* CYMap+Additions.h */ = {isa = PBXFileReference; fileEncoding = 4; lastKnownFileType = sourcecode.c.h; path = "CYMap+Additions.h"; sourceTree = "<group>"; };
		66F2B2E71654DA8B0043DD15 /* CYMap+Additions.m */ = {isa = PBXFileReference; fileEncoding = 4; lastKnownFileType = sourcecode.c.objc; path = "CYMap+Additions.m"; sourceTree = "<group>"; };
		66F2B2E91654DAD20043DD15 /* CYPoint+Additions.h */ = {isa = PBXFileReference; fileEncoding = 4; lastKnownFileType = sourcecode.c.h; path = "CYPoint+Additions.h"; sourceTree = "<group>"; };
		66F2B2EA1654DAD20043DD15 /* CYPoint+Additions.m */ = {isa = PBXFileReference; fileEncoding = 4; lastKnownFileType = sourcecode.c.objc; path = "CYPoint+Additions.m"; sourceTree = "<group>"; };
		66F2B2FD1654F0660043DD15 /* CYUser+Additions.h */ = {isa = PBXFileReference; fileEncoding = 4; lastKnownFileType = sourcecode.c.h; path = "CYUser+Additions.h"; sourceTree = "<group>"; };
		66F2B2FE1654F0660043DD15 /* CYUser+Additions.m */ = {isa = PBXFileReference; fileEncoding = 4; lastKnownFileType = sourcecode.c.objc; path = "CYUser+Additions.m"; sourceTree = "<group>"; };
/* End PBXFileReference section */

/* Begin PBXFrameworksBuildPhase section */
		662782421633EEC200F1D0E7 /* Frameworks */ = {
			isa = PBXFrameworksBuildPhase;
			buildActionMask = 2147483647;
			files = (
				666CEDC0165652DB00D0179B /* libQuickDialog.a in Frameworks */,
				666CEDC1165652DB00D0179B /* libSSToolkit.a in Frameworks */,
				4E8DF9311655D07B00A113C9 /* CoreTelephony.framework in Frameworks */,
				66F2B29B1654B1B30043DD15 /* CoreData.framework in Frameworks */,
				66C29A59164CEA9400DC8DBA /* CoreText.framework in Frameworks */,
				66A1B331163888AC00B9DCEC /* SystemConfiguration.framework in Frameworks */,
				662782921633F10100F1D0E7 /* CoreLocation.framework in Frameworks */,
				662782901633F0F400F1D0E7 /* MapKit.framework in Frameworks */,
				6627827F1633EF9200F1D0E7 /* Accounts.framework in Frameworks */,
				662782801633EF9200F1D0E7 /* AdSupport.framework in Frameworks */,
				662782811633EF9200F1D0E7 /* AudioToolbox.framework in Frameworks */,
				662782821633EF9200F1D0E7 /* CFNetwork.framework in Frameworks */,
				662782831633EF9200F1D0E7 /* libsqlite3.dylib in Frameworks */,
				662782841633EF9200F1D0E7 /* libz.1.1.3.dylib in Frameworks */,
				662782851633EF9200F1D0E7 /* MobileCoreServices.framework in Frameworks */,
				662782861633EF9200F1D0E7 /* QuartzCore.framework in Frameworks */,
				662782871633EF9200F1D0E7 /* Security.framework in Frameworks */,
				662782881633EF9200F1D0E7 /* Social.framework in Frameworks */,
				662782891633EF9200F1D0E7 /* StoreKit.framework in Frameworks */,
				6627824A1633EEC200F1D0E7 /* UIKit.framework in Frameworks */,
				6627824C1633EEC200F1D0E7 /* Foundation.framework in Frameworks */,
				6627824E1633EEC200F1D0E7 /* CoreGraphics.framework in Frameworks */,
				6644E253163F338000537778 /* Parse.framework in Frameworks */,
				4E8DFA0B1655D1DE00A113C9 /* libFlurry.a in Frameworks */,
			);
			runOnlyForDeploymentPostprocessing = 0;
		};
/* End PBXFrameworksBuildPhase section */

/* Begin PBXGroup section */
		4E541B3116554E7100E495D1 /* KNSemiModalViewController */ = {
			isa = PBXGroup;
			children = (
				4E541B3216554E7100E495D1 /* UIViewController+KNSemiModal.h */,
				4E541B3316554E7100E495D1 /* UIViewController+KNSemiModal.m */,
			);
			name = KNSemiModalViewController;
			path = KNSemiModalViewController/Source;
			sourceTree = "<group>";
		};
		4E8DF9CE1655D14D00A113C9 /* Mixpanel */ = {
			isa = PBXGroup;
			children = (
				4E8DF9CF1655D14D00A113C9 /* Library */,
				4E8DF9DA1655D14D00A113C9 /* Mixpanel.h */,
				4E8DF9DB1655D14D00A113C9 /* Mixpanel.m */,
			);
			name = Mixpanel;
			path = Mixpanel/Mixpanel;
			sourceTree = "<group>";
		};
		4E8DF9CF1655D14D00A113C9 /* Library */ = {
			isa = PBXGroup;
			children = (
				4E8DF9D01655D14D00A113C9 /* JSON */,
				4E8DF9D71655D14D00A113C9 /* NSData_Base64 */,
			);
			path = Library;
			sourceTree = "<group>";
		};
		4E8DF9D01655D14D00A113C9 /* JSON */ = {
			isa = PBXGroup;
			children = (
				4E8DF9D11655D14D00A113C9 /* MPCJSONDataSerializer.h */,
				4E8DF9D21655D14D00A113C9 /* MPCJSONDataSerializer.m */,
				4E8DF9D31655D14D00A113C9 /* MPCJSONSerializer.h */,
				4E8DF9D41655D14D00A113C9 /* MPCJSONSerializer.m */,
				4E8DF9D51655D14D00A113C9 /* MPCSerializedJSONData.h */,
				4E8DF9D61655D14D00A113C9 /* MPCSerializedJSONData.m */,
			);
			path = JSON;
			sourceTree = "<group>";
		};
		4E8DF9D71655D14D00A113C9 /* NSData_Base64 */ = {
			isa = PBXGroup;
			children = (
				4E8DF9D81655D14D00A113C9 /* NSData+MPBase64.h */,
				4E8DF9D91655D14D00A113C9 /* NSData+MPBase64.m */,
			);
			path = NSData_Base64;
			sourceTree = "<group>";
		};
		4E8DFA081655D1DE00A113C9 /* Flurry */ = {
			isa = PBXGroup;
			children = (
				4E8DFA091655D1DE00A113C9 /* Flurry.h */,
				4E8DFA0A1655D1DE00A113C9 /* libFlurry.a */,
			);
			path = Flurry;
			sourceTree = "<group>";
		};
		4EC259A8165581B500825436 /* Fonts */ = {
			isa = PBXGroup;
			children = (
				4EC259A9165581B500825436 /* accent.ttf */,
				4EC259AA165581B500825436 /* Adamas-Regular.otf */,
				4EC259AB165581B500825436 /* CODE Bold.otf */,
				4EC259AC165581B500825436 /* CODE Light.otf */,
			);
			path = Fonts;
			sourceTree = "<group>";
		};
		4EEB9617163DF84900D67785 /* Objective-C-Categories-and-Macros */ = {
			isa = PBXGroup;
			children = (
				4E6DFF991643F3A600AB180C /* NSAttributedString+Attributes.h */,
				4E6DFF9A1643F3A600AB180C /* NSAttributedString+Attributes.m */,
				4EEB9618163DF84900D67785 /* FDNullOrEmpty.h */,
				4EEB9619163DF84900D67785 /* NSArray+Accessing.h */,
				4EEB961A163DF84900D67785 /* NSArray+Accessing.m */,
				4EEB961B163DF84900D67785 /* NSObject+PerformBlock.h */,
				4EEB961C163DF84900D67785 /* NSObject+PerformBlock.m */,
				4EEB961D163DF84900D67785 /* NSString+UUID.h */,
				4EEB961E163DF84900D67785 /* NSString+UUID.m */,
				4EEB961F163DF84900D67785 /* README.md */,
				4EEB9620163DF84900D67785 /* UIImage+ImageFromDiskNamed.h */,
				4EEB9621163DF84900D67785 /* UIImage+ImageFromDiskNamed.m */,
				4EEB9622163DF84900D67785 /* UIView+Animations.h */,
				4EEB9623163DF84900D67785 /* UIView+Animations.m */,
				4EEB9624163DF84900D67785 /* UIView+Layout.h */,
				4EEB9625163DF84900D67785 /* UIView+Layout.m */,
			);
			path = "Objective-C-Categories-and-Macros";
			sourceTree = "<group>";
		};
		661088C3163AAD0B000D1DA2 /* AwesomeMenu */ = {
			isa = PBXGroup;
			children = (
				661088C4163AAD4D000D1DA2 /* AwesomeMenu.h */,
				661088C5163AAD4D000D1DA2 /* AwesomeMenu.m */,
				661088C6163AAD4D000D1DA2 /* AwesomeMenuItem.h */,
				661088C7163AAD4D000D1DA2 /* AwesomeMenuItem.m */,
				661088E7163AAD9A000D1DA2 /* Images */,
			);
			name = AwesomeMenu;
			path = AwesomeMenu/AwesomeMenu/AwesomeMenu;
			sourceTree = "<group>";
		};
		661088E7163AAD9A000D1DA2 /* Images */ = {
			isa = PBXGroup;
			children = (
				666CED6216564CD300D0179B /* bg-addbutton-highlighted.png */,
				666CED6316564CD300D0179B /* bg-addbutton-highlighted@2x.png */,
				666CED6416564CD300D0179B /* bg-addbutton.png */,
				666CED6516564CD300D0179B /* bg-addbutton@2x.png */,
				666CED6616564CD300D0179B /* bg-menuitem-highlighted.png */,
				666CED6716564CD300D0179B /* bg-menuitem-highlighted@2x.png */,
				666CED6816564CD300D0179B /* bg-menuitem.png */,
				666CED6916564CD300D0179B /* bg-menuitem@2x.png */,
				666CED6A16564CD300D0179B /* icon-plus-highlighted.png */,
				666CED6B16564CD300D0179B /* icon-plus-highlighted@2x.png */,
				666CED6C16564CD300D0179B /* icon-plus.png */,
				666CED6D16564CD300D0179B /* icon-plus@2x.png */,
				666CED6E16564CD300D0179B /* icon-star.png */,
				666CED6F16564CD300D0179B /* icon-star@2x.png */,
			);
			name = Images;
			path = ../Images;
			sourceTree = "<group>";
		};
		6627823A1633EEC200F1D0E7 = {
			isa = PBXGroup;
			children = (
				6627824F1633EEC200F1D0E7 /* Cygnus */,
				66A1B31F1638828A00B9DCEC /* Assets */,
				662782481633EEC200F1D0E7 /* Frameworks */,
				66558A8116361CE200C7BB8B /* Libraries */,
				662782461633EEC200F1D0E7 /* Products */,
			);
			sourceTree = "<group>";
		};
		662782461633EEC200F1D0E7 /* Products */ = {
			isa = PBXGroup;
			children = (
				662782451633EEC200F1D0E7 /* Cygnus.app */,
			);
			name = Products;
			sourceTree = "<group>";
		};
		662782481633EEC200F1D0E7 /* Frameworks */ = {
			isa = PBXGroup;
			children = (
				662782731633EF9200F1D0E7 /* Accounts.framework */,
				662782741633EF9200F1D0E7 /* AdSupport.framework */,
				662782751633EF9200F1D0E7 /* AudioToolbox.framework */,
				662782761633EF9200F1D0E7 /* CFNetwork.framework */,
				66F2B29A1654B1B30043DD15 /* CoreData.framework */,
				6627824D1633EEC200F1D0E7 /* CoreGraphics.framework */,
				662782911633F10100F1D0E7 /* CoreLocation.framework */,
				4E8DF9301655D07B00A113C9 /* CoreTelephony.framework */,
				66C29A58164CEA9400DC8DBA /* CoreText.framework */,
				6627824B1633EEC200F1D0E7 /* Foundation.framework */,
				662782771633EF9200F1D0E7 /* libsqlite3.dylib */,
				662782781633EF9200F1D0E7 /* libz.1.1.3.dylib */,
				6627828F1633F0F400F1D0E7 /* MapKit.framework */,
				662782791633EF9200F1D0E7 /* MobileCoreServices.framework */,
				6644E252163F338000537778 /* Parse.framework */,
				6627827A1633EF9200F1D0E7 /* QuartzCore.framework */,
				6627827B1633EF9200F1D0E7 /* Security.framework */,
				6627827C1633EF9200F1D0E7 /* Social.framework */,
				6627827D1633EF9200F1D0E7 /* StoreKit.framework */,
				66A1B330163888AC00B9DCEC /* SystemConfiguration.framework */,
				662782491633EEC200F1D0E7 /* UIKit.framework */,
			);
			name = Frameworks;
			path = Cygnus/Frameworks;
			sourceTree = "<group>";
		};
		6627824F1633EEC200F1D0E7 /* Cygnus */ = {
			isa = PBXGroup;
			children = (
				4E8DF92D1655CF8200A113C9 /* CYAnalytics.h */,
				4E8DF92E1655CF8200A113C9 /* CYAnalytics.m */,
				662782581633EEC200F1D0E7 /* CYAppDelegate.h */,
				662782591633EEC200F1D0E7 /* CYAppDelegate.m */,
				66F2B2D41654D7D90043DD15 /* CYConstants.h */,
				66F2B2D51654D7D90043DD15 /* CYConstants.m */,
				4EEEE464164CDCB300D3357B /* CYUI.h */,
				4EEEE465164CDCB300D3357B /* CYUI.m */,
				662782611633EEC200F1D0E7 /* MainStoryboard.storyboard */,
				66F2B2C91654D3040043DD15 /* Categories */,
				66F2B24A1654A8620043DD15 /* Core Data */,
				66F2B2A21654B4FB0043DD15 /* Views */,
				66A1B30C16387F7B00B9DCEC /* View Controllers */,
				669C1F8E163DC702001F1C18 /* Schemas */,
				662782501633EEC200F1D0E7 /* Supporting Files */,
			);
			path = Cygnus;
			sourceTree = "<group>";
		};
		662782501633EEC200F1D0E7 /* Supporting Files */ = {
			isa = PBXGroup;
			children = (
				662782511633EEC200F1D0E7 /* Cygnus-Info.plist */,
				662782521633EEC200F1D0E7 /* InfoPlist.strings */,
				662782551633EEC200F1D0E7 /* main.m */,
				662782571633EEC200F1D0E7 /* Cygnus-Prefix.pch */,
			);
			name = "Supporting Files";
			sourceTree = "<group>";
		};
		66558A8116361CE200C7BB8B /* Libraries */ = {
			isa = PBXGroup;
			children = (
				66558A9D16361EBC00C7BB8B /* AFNetworking */,
				66A1B3661638AC8100B9DCEC /* ARKit */,
				4E8DFA081655D1DE00A113C9 /* Flurry */,
				4E541B3116554E7100E495D1 /* KNSemiModalViewController */,
				4E8DF9CE1655D14D00A113C9 /* Mixpanel */,
				6696F6131655BCAF0092BDB3 /* QuickDialog.xcodeproj */,
				4EEB9617163DF84900D67785 /* Objective-C-Categories-and-Macros */,
				661088C3163AAD0B000D1DA2 /* AwesomeMenu */,
				66558A8D16361D4700C7BB8B /* SSToolkit.xcodeproj */,
			);
			name = Libraries;
			path = Cygnus/Libraries;
			sourceTree = "<group>";
		};
		66558A9D16361EBC00C7BB8B /* AFNetworking */ = {
			isa = PBXGroup;
			children = (
				66558A9E16361EBC00C7BB8B /* AFHTTPClient.h */,
				66558A9F16361EBC00C7BB8B /* AFHTTPClient.m */,
				66558AA016361EBC00C7BB8B /* AFHTTPRequestOperation.h */,
				66558AA116361EBC00C7BB8B /* AFHTTPRequestOperation.m */,
				66558AA216361EBC00C7BB8B /* AFImageRequestOperation.h */,
				66558AA316361EBC00C7BB8B /* AFImageRequestOperation.m */,
				66558AA416361EBC00C7BB8B /* AFJSONRequestOperation.h */,
				66558AA516361EBC00C7BB8B /* AFJSONRequestOperation.m */,
				66558AA616361EBC00C7BB8B /* AFNetworkActivityIndicatorManager.h */,
				66558AA716361EBC00C7BB8B /* AFNetworkActivityIndicatorManager.m */,
				66558AA816361EBC00C7BB8B /* AFNetworking.h */,
				66558AA916361EBC00C7BB8B /* AFPropertyListRequestOperation.h */,
				66558AAA16361EBC00C7BB8B /* AFPropertyListRequestOperation.m */,
				66558AAB16361EBC00C7BB8B /* AFURLConnectionOperation.h */,
				66558AAC16361EBC00C7BB8B /* AFURLConnectionOperation.m */,
				66558AAD16361EBC00C7BB8B /* AFXMLRequestOperation.h */,
				66558AAE16361EBC00C7BB8B /* AFXMLRequestOperation.m */,
				66558AAF16361EBC00C7BB8B /* UIImageView+AFNetworking.h */,
				66558AB016361EBC00C7BB8B /* UIImageView+AFNetworking.m */,
			);
			name = AFNetworking;
			path = AFNetworking/AFNetworking;
			sourceTree = "<group>";
		};
		666CED4B16564C3400D0179B /* Products */ = {
			isa = PBXGroup;
			children = (
				666CED5016564C3400D0179B /* QuickDialogExample.app */,
				666CED5216564C3400D0179B /* libQuickDialog.a */,
			);
			name = Products;
			sourceTree = "<group>";
		};
		666CED5716564CB700D0179B /* Products */ = {
			isa = PBXGroup;
			children = (
				666CED5D16564CB700D0179B /* libSSToolkit.a */,
				666CED5F16564CB700D0179B /* SSToolkitTests.app */,
				666CED6116564CB700D0179B /* SSToolkitResources.bundle */,
			);
			name = Products;
			sourceTree = "<group>";
		};
		669C1F8E163DC702001F1C18 /* Schemas */ = {
			isa = PBXGroup;
			children = (
				4E541ADD16550F9F00E495D1 /* pointCreationDefaultScheme.json */,
			);
			path = Schemas;
			sourceTree = "<group>";
		};
		66A1B30C16387F7B00B9DCEC /* View Controllers */ = {
			isa = PBXGroup;
			children = (
				666CEDA51656504B00D0179B /* CYConsoleViewController.h */,
				666CEDA61656504B00D0179B /* CYConsoleViewController.m */,
				666CEDA71656504B00D0179B /* CYMapCreationViewController.h */,
				666CEDA81656504B00D0179B /* CYMapCreationViewController.m */,
				666CEDA91656504B00D0179B /* CYMapDetailViewController.h */,
				666CEDAA1656504B00D0179B /* CYMapDetailViewController.m */,
				666CEDAB1656504B00D0179B /* CYMapsTableViewController.h */,
				666CEDAC1656504B00D0179B /* CYMapsTableViewController.m */,
				666CEDAD1656504B00D0179B /* CYMapViewController.h */,
				666CEDAE1656504B00D0179B /* CYMapViewController.m */,
				666CEDAF1656504B00D0179B /* CYPointCreationViewController.h */,
				666CEDB01656504B00D0179B /* CYPointCreationViewController.m */,
				666CEDB11656504B00D0179B /* CYPointCreationViewController.xib */,
				666CEDB21656504B00D0179B /* CYPointDetailViewController.h */,
				666CEDB31656504B00D0179B /* CYPointDetailViewController.m */,
				666CEDB41656504B00D0179B /* CYTabBarViewController.h */,
				666CEDB51656504B00D0179B /* CYTabBarViewController.m */,
			);
			path = "View Controllers";
			sourceTree = "<group>";
		};
		66A1B31F1638828A00B9DCEC /* Assets */ = {
			isa = PBXGroup;
			children = (
				4EC259A8165581B500825436 /* Fonts */,
				4EEEE455164CDCB300D3357B /* 04-eye-white.png */,
				4EEEE456164CDCB300D3357B /* 04-eye-white@2x.png */,
				4EEEE457164CDCB300D3357B /* 06-magnify.png */,
				4EEEE458164CDCB300D3357B /* 06-magnify@2x.png */,
				4EEEE459164CDCB300D3357B /* 08-pin-white.png */,
				4EEEE45A164CDCB300D3357B /* 08-pin-white@2x.png */,
				4EEEE45B164CDCB300D3357B /* 20-gear-2.png */,
				4EEEE45C164CDCB300D3357B /* 20-gear-2@2x.png */,
				669903FF1658AD6300A8CD79 /* 73-radar.png */,
				669904001658AD6300A8CD79 /* 73-radar@2x.png */,
				4E541B461655507B00E495D1 /* 86-camera.png */,
				6696F6111655B90E0092BDB3 /* 86-camera@2x.png */,
				4EEEE45D164CDCB300D3357B /* 103-map.png */,
				4EEEE45E164CDCB300D3357B /* 103-map@2x.png */,
				666CEDCC165654C400D0179B /* 103-map-white.png */,
				666CEDCD165654C400D0179B /* 103-map-white@2x.png */,
				4E541B5816557ADC00E495D1 /* app_icon.png */,
				4E541B5A16557ADF00E495D1 /* app_icon@2x.png */,
				4EEEE466164CDCB300D3357B /* Default-568h@2x.png */,
				4EEEE467164CDCB300D3357B /* Default.png */,
				4EEEE468164CDCB300D3357B /* Default@2x.png */,
				4E541B13165548EE00E495D1 /* hud-check.png */,
				4E541B14165548EE00E495D1 /* hud-check@2x.png */,
				666CEDC81656545800D0179B /* nav-bar-background.png */,
				666CEDC91656545800D0179B /* nav-bar-background@2x.png */,
				4E541B15165548EE00E495D1 /* polaroid.png */,
				4E541B16165548EE00E495D1 /* polaroid@2x.png */,
				4E541B5C16557ED200E495D1 /* tab-bar-background.png */,
				4E541B5D16557ED200E495D1 /* tab-bar-background@2x.png */,
				4E541B6016557F0600E495D1 /* tab-selection-indicator.png */,
				4E541B6116557F0600E495D1 /* tab-selection-indicator@2x.png */,
				4E541B17165548EE00E495D1 /* tap_to_add_photo.png */,
			);
			name = Assets;
			path = Cygnus/Assets;
			sourceTree = "<group>";
		};
		66A1B3661638AC8100B9DCEC /* ARKit */ = {
			isa = PBXGroup;
			children = (
				66A1B3681638AC8100B9DCEC /* Categories */,
				66A1B36C1638AC8100B9DCEC /* Views */,
			);
			path = ARKit;
			sourceTree = "<group>";
		};
		66A1B3681638AC8100B9DCEC /* Categories */ = {
			isa = PBXGroup;
			children = (
				66A1B3691638AC8100B9DCEC /* MKMapView+ARKit.h */,
				66A1B36A1638AC8100B9DCEC /* MKMapView+ARKit.m */,
			);
			path = Categories;
			sourceTree = "<group>";
		};
		66A1B36C1638AC8100B9DCEC /* Views */ = {
			isa = PBXGroup;
			children = (
				66A1B36D1638AC8100B9DCEC /* ARTextField.h */,
				66A1B36E1638AC8100B9DCEC /* ARTextField.m */,
				66A1B36F1638AC8100B9DCEC /* ARTextView.h */,
				66A1B3701638AC8100B9DCEC /* ARTextView.m */,
			);
			path = Views;
			sourceTree = "<group>";
		};
		66F2B24A1654A8620043DD15 /* Core Data */ = {
			isa = PBXGroup;
			children = (
				66F2B2471654A8550043DD15 /* Cygnus.xcdatamodeld */,
				66F2B2E01654DA510043DD15 /* CYMap.h */,
				66F2B2E11654DA510043DD15 /* CYMap.m */,
				66F2B2E61654DA8B0043DD15 /* CYMap+Additions.h */,
				66F2B2E71654DA8B0043DD15 /* CYMap+Additions.m */,
				66F2B2E31654DA5E0043DD15 /* CYPoint.h */,
				66F2B2E41654DA5E0043DD15 /* CYPoint.m */,
				66F2B2E91654DAD20043DD15 /* CYPoint+Additions.h */,
				66F2B2EA1654DAD20043DD15 /* CYPoint+Additions.m */,
				669903FC1658A9D600A8CD79 /* CYUser.h */,
				669903FD1658A9D600A8CD79 /* CYUser.m */,
				66F2B2FD1654F0660043DD15 /* CYUser+Additions.h */,
				66F2B2FE1654F0660043DD15 /* CYUser+Additions.m */,
			);
			path = "Core Data";
			sourceTree = "<group>";
		};
		66F2B2A21654B4FB0043DD15 /* Views */ = {
			isa = PBXGroup;
			children = (
				4EEEE462164CDCB300D3357B /* CYMapView.h */,
				4EEEE463164CDCB300D3357B /* CYMapView.m */,
				66995E141656F67E005BC35C /* CYMapsTableViewCell.h */,
				66995E151656F67E005BC35C /* CYMapsTableViewCell.m */,
			);
			path = Views;
			sourceTree = "<group>";
		};
		66F2B2C91654D3040043DD15 /* Categories */ = {
			isa = PBXGroup;
			children = (
				66F2B2CD1654D3490043DD15 /* NSManagedObjectContext+SimpleSave.h */,
				66F2B2CE1654D3490043DD15 /* NSManagedObjectContext+SimpleSave.m */,
			);
			path = Categories;
			sourceTree = "<group>";
		};
/* End PBXGroup section */

/* Begin PBXNativeTarget section */
		662782441633EEC200F1D0E7 /* Cygnus */ = {
			isa = PBXNativeTarget;
			buildConfigurationList = 662782691633EEC200F1D0E7 /* Build configuration list for PBXNativeTarget "Cygnus" */;
			buildPhases = (
				662782411633EEC200F1D0E7 /* Sources */,
				662782421633EEC200F1D0E7 /* Frameworks */,
				662782431633EEC200F1D0E7 /* Resources */,
			);
			buildRules = (
			);
			dependencies = (
				666CEDC71656532A00D0179B /* PBXTargetDependency */,
				666CEDC3165652E300D0179B /* PBXTargetDependency */,
				666CEDC5165652E300D0179B /* PBXTargetDependency */,
			);
			name = Cygnus;
			productName = Cygnus;
			productReference = 662782451633EEC200F1D0E7 /* Cygnus.app */;
			productType = "com.apple.product-type.application";
		};
/* End PBXNativeTarget section */

/* Begin PBXProject section */
		6627823C1633EEC200F1D0E7 /* Project object */ = {
			isa = PBXProject;
			attributes = {
				CLASSPREFIX = CY;
				LastUpgradeCheck = 0450;
				ORGANIZATIONNAME = Cygnus;
			};
			buildConfigurationList = 6627823F1633EEC200F1D0E7 /* Build configuration list for PBXProject "Cygnus" */;
			compatibilityVersion = "Xcode 3.2";
			developmentRegion = English;
			hasScannedForEncodings = 0;
			knownRegions = (
				en,
			);
			mainGroup = 6627823A1633EEC200F1D0E7;
			productRefGroup = 662782461633EEC200F1D0E7 /* Products */;
			projectDirPath = "";
			projectReferences = (
				{
					ProductGroup = 666CED4B16564C3400D0179B /* Products */;
					ProjectRef = 6696F6131655BCAF0092BDB3 /* QuickDialog.xcodeproj */;
				},
				{
					ProductGroup = 666CED5716564CB700D0179B /* Products */;
					ProjectRef = 66558A8D16361D4700C7BB8B /* SSToolkit.xcodeproj */;
				},
			);
			projectRoot = "";
			targets = (
				662782441633EEC200F1D0E7 /* Cygnus */,
			);
		};
/* End PBXProject section */

/* Begin PBXReferenceProxy section */
		666CED5016564C3400D0179B /* QuickDialogExample.app */ = {
			isa = PBXReferenceProxy;
			fileType = wrapper.application;
			path = QuickDialogExample.app;
			remoteRef = 666CED4F16564C3400D0179B /* PBXContainerItemProxy */;
			sourceTree = BUILT_PRODUCTS_DIR;
		};
		666CED5216564C3400D0179B /* libQuickDialog.a */ = {
			isa = PBXReferenceProxy;
			fileType = archive.ar;
			path = libQuickDialog.a;
			remoteRef = 666CED5116564C3400D0179B /* PBXContainerItemProxy */;
			sourceTree = BUILT_PRODUCTS_DIR;
		};
		666CED5D16564CB700D0179B /* libSSToolkit.a */ = {
			isa = PBXReferenceProxy;
			fileType = archive.ar;
			path = libSSToolkit.a;
			remoteRef = 666CED5C16564CB700D0179B /* PBXContainerItemProxy */;
			sourceTree = BUILT_PRODUCTS_DIR;
		};
		666CED5F16564CB700D0179B /* SSToolkitTests.app */ = {
			isa = PBXReferenceProxy;
			fileType = wrapper.application;
			path = SSToolkitTests.app;
			remoteRef = 666CED5E16564CB700D0179B /* PBXContainerItemProxy */;
			sourceTree = BUILT_PRODUCTS_DIR;
		};
		666CED6116564CB700D0179B /* SSToolkitResources.bundle */ = {
			isa = PBXReferenceProxy;
			fileType = wrapper.cfbundle;
			path = SSToolkitResources.bundle;
			remoteRef = 666CED6016564CB700D0179B /* PBXContainerItemProxy */;
			sourceTree = BUILT_PRODUCTS_DIR;
		};
/* End PBXReferenceProxy section */

/* Begin PBXResourcesBuildPhase section */
		662782431633EEC200F1D0E7 /* Resources */ = {
			isa = PBXResourcesBuildPhase;
			buildActionMask = 2147483647;
			files = (
				662782541633EEC200F1D0E7 /* InfoPlist.strings in Resources */,
				662782631633EEC200F1D0E7 /* MainStoryboard.storyboard in Resources */,
				4EEEE469164CDCB300D3357B /* 04-eye-white.png in Resources */,
				4EEEE46A164CDCB300D3357B /* 04-eye-white@2x.png in Resources */,
				4EEEE46B164CDCB300D3357B /* 06-magnify.png in Resources */,
				4EEEE46C164CDCB300D3357B /* 06-magnify@2x.png in Resources */,
				4EEEE46D164CDCB300D3357B /* 08-pin-white.png in Resources */,
				4EEEE46E164CDCB300D3357B /* 08-pin-white@2x.png in Resources */,
				4EEEE46F164CDCB300D3357B /* 20-gear-2.png in Resources */,
				4EEEE470164CDCB300D3357B /* 20-gear-2@2x.png in Resources */,
				4EEEE471164CDCB300D3357B /* 103-map.png in Resources */,
				4EEEE472164CDCB300D3357B /* 103-map@2x.png in Resources */,
				4EEEE477164CDCB300D3357B /* Default-568h@2x.png in Resources */,
				4EEEE478164CDCB300D3357B /* Default.png in Resources */,
				4EEEE479164CDCB300D3357B /* Default@2x.png in Resources */,
				4E541ADE16550F9F00E495D1 /* pointCreationDefaultScheme.json in Resources */,
				4E541B18165548EE00E495D1 /* hud-check.png in Resources */,
				4E541B19165548EE00E495D1 /* hud-check@2x.png in Resources */,
				4E541B1A165548EE00E495D1 /* polaroid.png in Resources */,
				4E541B1B165548EE00E495D1 /* polaroid@2x.png in Resources */,
				4E541B1C165548EE00E495D1 /* tap_to_add_photo.png in Resources */,
				4E541B471655507B00E495D1 /* 86-camera.png in Resources */,
				4E541B5916557ADD00E495D1 /* app_icon.png in Resources */,
				4E541B5B16557AE000E495D1 /* app_icon@2x.png in Resources */,
				4E541B5E16557ED200E495D1 /* tab-bar-background.png in Resources */,
				4E541B5F16557ED200E495D1 /* tab-bar-background@2x.png in Resources */,
				4E541B6216557F0600E495D1 /* tab-selection-indicator.png in Resources */,
				4E541B6316557F0600E495D1 /* tab-selection-indicator@2x.png in Resources */,
				4EC259AD165581B500825436 /* accent.ttf in Resources */,
				4EC259AE165581B500825436 /* Adamas-Regular.otf in Resources */,
				4EC259AF165581B500825436 /* CODE Bold.otf in Resources */,
				4EC259B0165581B500825436 /* CODE Light.otf in Resources */,
				6696F6121655B90E0092BDB3 /* 86-camera@2x.png in Resources */,
				666CED7016564CD300D0179B /* bg-addbutton-highlighted.png in Resources */,
				666CED7116564CD300D0179B /* bg-addbutton-highlighted@2x.png in Resources */,
				666CED7216564CD300D0179B /* bg-addbutton.png in Resources */,
				666CED7316564CD300D0179B /* bg-addbutton@2x.png in Resources */,
				666CED7416564CD300D0179B /* bg-menuitem-highlighted.png in Resources */,
				666CED7516564CD300D0179B /* bg-menuitem-highlighted@2x.png in Resources */,
				666CED7616564CD300D0179B /* bg-menuitem.png in Resources */,
				666CED7716564CD300D0179B /* bg-menuitem@2x.png in Resources */,
				666CED7816564CD300D0179B /* icon-plus-highlighted.png in Resources */,
				666CED7916564CD300D0179B /* icon-plus-highlighted@2x.png in Resources */,
				666CED7A16564CD300D0179B /* icon-plus.png in Resources */,
				666CED7B16564CD300D0179B /* icon-plus@2x.png in Resources */,
				666CED7C16564CD300D0179B /* icon-star.png in Resources */,
				666CED7D16564CD300D0179B /* icon-star@2x.png in Resources */,
				666CEDBD1656504B00D0179B /* CYPointCreationViewController.xib in Resources */,
				666CEDCA1656545800D0179B /* nav-bar-background.png in Resources */,
				666CEDCB1656545800D0179B /* nav-bar-background@2x.png in Resources */,
				666CEDCE165654C400D0179B /* 103-map-white.png in Resources */,
				666CEDCF165654C400D0179B /* 103-map-white@2x.png in Resources */,
				669904011658AD6300A8CD79 /* 73-radar.png in Resources */,
				669904021658AD6300A8CD79 /* 73-radar@2x.png in Resources */,
			);
			runOnlyForDeploymentPostprocessing = 0;
		};
/* End PBXResourcesBuildPhase section */

/* Begin PBXSourcesBuildPhase section */
		662782411633EEC200F1D0E7 /* Sources */ = {
			isa = PBXSourcesBuildPhase;
			buildActionMask = 2147483647;
			files = (
				662782561633EEC200F1D0E7 /* main.m in Sources */,
				6627825A1633EEC200F1D0E7 /* CYAppDelegate.m in Sources */,
				66558AB116361EBC00C7BB8B /* AFHTTPClient.m in Sources */,
				66558AB216361EBC00C7BB8B /* AFHTTPRequestOperation.m in Sources */,
				66558AB316361EBC00C7BB8B /* AFImageRequestOperation.m in Sources */,
				66558AB416361EBC00C7BB8B /* AFJSONRequestOperation.m in Sources */,
				66558AB516361EBC00C7BB8B /* AFNetworkActivityIndicatorManager.m in Sources */,
				66558AB616361EBC00C7BB8B /* AFPropertyListRequestOperation.m in Sources */,
				66558AB716361EBC00C7BB8B /* AFURLConnectionOperation.m in Sources */,
				66558AB816361EBC00C7BB8B /* AFXMLRequestOperation.m in Sources */,
				66558AB916361EBC00C7BB8B /* UIImageView+AFNetworking.m in Sources */,
				66A1B3721638AC8100B9DCEC /* MKMapView+ARKit.m in Sources */,
				66A1B3741638AC8100B9DCEC /* ARTextField.m in Sources */,
				66A1B3751638AC8100B9DCEC /* ARTextView.m in Sources */,
				661088C8163AAD4D000D1DA2 /* AwesomeMenu.m in Sources */,
				661088C9163AAD4D000D1DA2 /* AwesomeMenuItem.m in Sources */,
				4EEB9626163DF84900D67785 /* NSArray+Accessing.m in Sources */,
				4EEB9627163DF84900D67785 /* NSObject+PerformBlock.m in Sources */,
				4EEB9628163DF84900D67785 /* NSString+UUID.m in Sources */,
				4EEB962A163DF84900D67785 /* UIImage+ImageFromDiskNamed.m in Sources */,
				4EEB962B163DF84900D67785 /* UIView+Animations.m in Sources */,
				4EEB962C163DF84900D67785 /* UIView+Layout.m in Sources */,
				4E6DFF9B1643F3A600AB180C /* NSAttributedString+Attributes.m in Sources */,
				4EEEE475164CDCB300D3357B /* CYMapView.m in Sources */,
				4EEEE476164CDCB300D3357B /* CYUI.m in Sources */,
				66F2B2491654A8550043DD15 /* Cygnus.xcdatamodeld in Sources */,
				66F2B2CF1654D3490043DD15 /* NSManagedObjectContext+SimpleSave.m in Sources */,
				66F2B2D61654D7DA0043DD15 /* CYConstants.m in Sources */,
				66F2B2E21654DA520043DD15 /* CYMap.m in Sources */,
				66F2B2E51654DA5E0043DD15 /* CYPoint.m in Sources */,
				66F2B2E81654DA8B0043DD15 /* CYMap+Additions.m in Sources */,
				66F2B2EB1654DAD20043DD15 /* CYPoint+Additions.m in Sources */,
				66F2B2FF1654F0660043DD15 /* CYUser+Additions.m in Sources */,
				4E541B3416554E7100E495D1 /* UIViewController+KNSemiModal.m in Sources */,
				4E8DF92F1655CF8200A113C9 /* CYAnalytics.m in Sources */,
				4E8DF9FC1655D14D00A113C9 /* MPCJSONDataSerializer.m in Sources */,
				4E8DF9FD1655D14D00A113C9 /* MPCJSONSerializer.m in Sources */,
				4E8DF9FE1655D14D00A113C9 /* MPCSerializedJSONData.m in Sources */,
				4E8DF9FF1655D14D00A113C9 /* NSData+MPBase64.m in Sources */,
				4E8DFA001655D14D00A113C9 /* Mixpanel.m in Sources */,
				666CEDB71656504B00D0179B /* CYConsoleViewController.m in Sources */,
				666CEDB81656504B00D0179B /* CYMapCreationViewController.m in Sources */,
				666CEDB91656504B00D0179B /* CYMapDetailViewController.m in Sources */,
				666CEDBA1656504B00D0179B /* CYMapsTableViewController.m in Sources */,
				666CEDBB1656504B00D0179B /* CYMapViewController.m in Sources */,
				666CEDBC1656504B00D0179B /* CYPointCreationViewController.m in Sources */,
				666CEDBE1656504B00D0179B /* CYPointDetailViewController.m in Sources */,
				666CEDBF1656504B00D0179B /* CYTabBarViewController.m in Sources */,
				66995E161656F67E005BC35C /* CYMapsTableViewCell.m in Sources */,
				669903FE1658A9D600A8CD79 /* CYUser.m in Sources */,
			);
			runOnlyForDeploymentPostprocessing = 0;
		};
/* End PBXSourcesBuildPhase section */

/* Begin PBXTargetDependency section */
		666CEDC3165652E300D0179B /* PBXTargetDependency */ = {
			isa = PBXTargetDependency;
			name = QuickDialog;
			targetProxy = 666CEDC2165652E300D0179B /* PBXContainerItemProxy */;
		};
		666CEDC5165652E300D0179B /* PBXTargetDependency */ = {
			isa = PBXTargetDependency;
			name = SSToolkit;
			targetProxy = 666CEDC4165652E300D0179B /* PBXContainerItemProxy */;
		};
		666CEDC71656532A00D0179B /* PBXTargetDependency */ = {
			isa = PBXTargetDependency;
			name = SSToolkitResources;
			targetProxy = 666CEDC61656532A00D0179B /* PBXContainerItemProxy */;
		};
/* End PBXTargetDependency section */

/* Begin PBXVariantGroup section */
		662782521633EEC200F1D0E7 /* InfoPlist.strings */ = {
			isa = PBXVariantGroup;
			children = (
				662782531633EEC200F1D0E7 /* en */,
			);
			name = InfoPlist.strings;
			sourceTree = "<group>";
		};
		662782611633EEC200F1D0E7 /* MainStoryboard.storyboard */ = {
			isa = PBXVariantGroup;
			children = (
				662782621633EEC200F1D0E7 /* en */,
			);
			name = MainStoryboard.storyboard;
			sourceTree = "<group>";
		};
/* End PBXVariantGroup section */

/* Begin XCBuildConfiguration section */
		662782671633EEC200F1D0E7 /* Debug */ = {
			isa = XCBuildConfiguration;
			buildSettings = {
				ALWAYS_SEARCH_USER_PATHS = NO;
				CLANG_CXX_LANGUAGE_STANDARD = "gnu++0x";
				CLANG_CXX_LIBRARY = "libc++";
				CLANG_ENABLE_OBJC_ARC = YES;
				CLANG_WARN_EMPTY_BODY = YES;
				CLANG_WARN__DUPLICATE_METHOD_MATCH = YES;
				"CODE_SIGN_IDENTITY[sdk=iphoneos*]" = "iPhone Developer";
				COPY_PHASE_STRIP = NO;
				GCC_C_LANGUAGE_STANDARD = gnu99;
				GCC_DYNAMIC_NO_PIC = NO;
				GCC_OPTIMIZATION_LEVEL = 0;
				GCC_PREPROCESSOR_DEFINITIONS = (
					"DEBUG=1",
					"$(inherited)",
				);
				GCC_SYMBOLS_PRIVATE_EXTERN = NO;
				GCC_WARN_ABOUT_RETURN_TYPE = YES;
				GCC_WARN_UNINITIALIZED_AUTOS = YES;
				GCC_WARN_UNUSED_VARIABLE = YES;
				IPHONEOS_DEPLOYMENT_TARGET = 6.0;
				ONLY_ACTIVE_ARCH = YES;
				SDKROOT = iphoneos;
			};
			name = Debug;
		};
		662782681633EEC200F1D0E7 /* Release */ = {
			isa = XCBuildConfiguration;
			buildSettings = {
				ALWAYS_SEARCH_USER_PATHS = NO;
				CLANG_CXX_LANGUAGE_STANDARD = "gnu++0x";
				CLANG_CXX_LIBRARY = "libc++";
				CLANG_ENABLE_OBJC_ARC = YES;
				CLANG_WARN_EMPTY_BODY = YES;
				CLANG_WARN__DUPLICATE_METHOD_MATCH = YES;
				"CODE_SIGN_IDENTITY[sdk=iphoneos*]" = "iPhone Developer";
				COPY_PHASE_STRIP = YES;
				GCC_C_LANGUAGE_STANDARD = gnu99;
				GCC_WARN_ABOUT_RETURN_TYPE = YES;
				GCC_WARN_UNINITIALIZED_AUTOS = YES;
				GCC_WARN_UNUSED_VARIABLE = YES;
				IPHONEOS_DEPLOYMENT_TARGET = 6.0;
				OTHER_CFLAGS = "-DNS_BLOCK_ASSERTIONS=1";
				SDKROOT = iphoneos;
				VALIDATE_PRODUCT = YES;
			};
			name = Release;
		};
		6627826A1633EEC200F1D0E7 /* Debug */ = {
			isa = XCBuildConfiguration;
			buildSettings = {
				ALWAYS_SEARCH_USER_PATHS = YES;
				CODE_SIGN_IDENTITY = "iPhone Distribution: Quantified Labs, Inc.";
				"CODE_SIGN_IDENTITY[sdk=iphoneos*]" = "iPhone Distribution: Quantified Labs, Inc.";
				FRAMEWORK_SEARCH_PATHS = (
					"$(inherited)",
					"\"$(SRCROOT)\"/Cygnus/Frameworks/**",
					"\"$(SRCROOT)\"",
					"\"$(SRCROOT)/Cygnus/Frameworks\"",
				);
				GCC_PRECOMPILE_PREFIX_HEADER = YES;
				GCC_PREFIX_HEADER = "Cygnus/Cygnus-Prefix.pch";
				HEADER_SEARCH_PATHS = "\"$(SRCROOT)\"/Cygnus/Libraries/**";
				INFOPLIST_FILE = "Cygnus/Cygnus-Info.plist";
				LIBRARY_SEARCH_PATHS = (
					"$(inherited)",
					"\"$(SRCROOT)/Cygnus/Libraries/Flurry\"",
				);
				OTHER_LDFLAGS = (
					"-all_load",
					"-ObjC",
				);
				PRODUCT_NAME = "$(TARGET_NAME)";
				PROVISIONING_PROFILE = "0E86C8E7-449A-4EB8-904F-DABF9C84E72A";
				"PROVISIONING_PROFILE[sdk=iphoneos*]" = "0E86C8E7-449A-4EB8-904F-DABF9C84E72A";
				USER_HEADER_SEARCH_PATHS = "\"${PROJECT_DIR}\"/**";
				WRAPPER_EXTENSION = app;
			};
			name = Debug;
		};
		6627826B1633EEC200F1D0E7 /* Release */ = {
			isa = XCBuildConfiguration;
			buildSettings = {
				ALWAYS_SEARCH_USER_PATHS = YES;
				CODE_SIGN_IDENTITY = "iPhone Distribution: Quantified Labs, Inc.";
				"CODE_SIGN_IDENTITY[sdk=iphoneos*]" = "iPhone Distribution: Quantified Labs, Inc.";
				FRAMEWORK_SEARCH_PATHS = (
					"$(inherited)",
					"\"$(SRCROOT)\"/Cygnus/Frameworks/**",
					"\"$(SRCROOT)\"",
					"\"$(SRCROOT)/Cygnus/Frameworks\"",
				);
				GCC_PRECOMPILE_PREFIX_HEADER = YES;
				GCC_PREFIX_HEADER = "Cygnus/Cygnus-Prefix.pch";
				HEADER_SEARCH_PATHS = "\"$(SRCROOT)\"/Cygnus/Libraries/**";
				INFOPLIST_FILE = "Cygnus/Cygnus-Info.plist";
				LIBRARY_SEARCH_PATHS = (
					"$(inherited)",
					"\"$(SRCROOT)/Cygnus/Libraries/Flurry\"",
				);
				OTHER_LDFLAGS = (
					"-all_load",
					"-ObjC",
				);
				PRODUCT_NAME = "$(TARGET_NAME)";
				PROVISIONING_PROFILE = "0E86C8E7-449A-4EB8-904F-DABF9C84E72A";
				"PROVISIONING_PROFILE[sdk=iphoneos*]" = "0E86C8E7-449A-4EB8-904F-DABF9C84E72A";
				USER_HEADER_SEARCH_PATHS = "\"${PROJECT_DIR}\"/**";
				WRAPPER_EXTENSION = app;
			};
			name = Release;
		};
/* End XCBuildConfiguration section */

/* Begin XCConfigurationList section */
		6627823F1633EEC200F1D0E7 /* Build configuration list for PBXProject "Cygnus" */ = {
			isa = XCConfigurationList;
			buildConfigurations = (
				662782671633EEC200F1D0E7 /* Debug */,
				662782681633EEC200F1D0E7 /* Release */,
			);
			defaultConfigurationIsVisible = 0;
			defaultConfigurationName = Release;
		};
		662782691633EEC200F1D0E7 /* Build configuration list for PBXNativeTarget "Cygnus" */ = {
			isa = XCConfigurationList;
			buildConfigurations = (
				6627826A1633EEC200F1D0E7 /* Debug */,
				6627826B1633EEC200F1D0E7 /* Release */,
			);
			defaultConfigurationIsVisible = 0;
			defaultConfigurationName = Release;
		};
/* End XCConfigurationList section */

/* Begin XCVersionGroup section */
		66F2B2471654A8550043DD15 /* Cygnus.xcdatamodeld */ = {
			isa = XCVersionGroup;
			children = (
				66F2B2481654A8550043DD15 /* Cygnus.xcdatamodel */,
			);
			currentVersion = 66F2B2481654A8550043DD15 /* Cygnus.xcdatamodel */;
			path = Cygnus.xcdatamodeld;
			sourceTree = "<group>";
			versionGroupType = wrapper.xcdatamodel;
		};
/* End XCVersionGroup section */
	};
	rootObject = 6627823C1633EEC200F1D0E7 /* Project object */;
}
