// !$*UTF8*$!
{
	archiveVersion = 1;
	classes = {
	};
	objectVersion = 46;
	objects = {

/* Begin PBXBuildFile section */
		4E5419531654BAF300E495D1 /* CYPointDetailViewController.m in Sources */ = {isa = PBXBuildFile; fileRef = 4E5419521654BAF300E495D1 /* CYPointDetailViewController.m */; };
		4E54195E1654C4A600E495D1 /* CYMapCreationViewController.m in Sources */ = {isa = PBXBuildFile; fileRef = 4E54195D1654C4A500E495D1 /* CYMapCreationViewController.m */; };
		4E541AA31654CBFA00E495D1 /* libQuickDialog.a in Frameworks */ = {isa = PBXBuildFile; fileRef = 4E541AA01654CBCF00E495D1 /* libQuickDialog.a */; };
		4E6DFF7D1643EA5F00AB180C /* CYTabBarViewController.m in Sources */ = {isa = PBXBuildFile; fileRef = 4E6DFF7C1643EA5F00AB180C /* CYTabBarViewController.m */; };
		4E6DFF9B1643F3A600AB180C /* NSAttributedString+Attributes.m in Sources */ = {isa = PBXBuildFile; fileRef = 4E6DFF9A1643F3A600AB180C /* NSAttributedString+Attributes.m */; settings = {COMPILER_FLAGS = "-fno-objc-arc"; }; };
		4E6DFFA11643FC1100AB180C /* CYConsoleViewController.m in Sources */ = {isa = PBXBuildFile; fileRef = 4E6DFFA01643FC1100AB180C /* CYConsoleViewController.m */; };
		4E9B9C02164D3ADE00A6A010 /* CYMapDetailViewController.m in Sources */ = {isa = PBXBuildFile; fileRef = 4E9B9C01164D3ADE00A6A010 /* CYMapDetailViewController.m */; };
		4EEB960B163DDE3500D67785 /* CYLogInViewController.m in Sources */ = {isa = PBXBuildFile; fileRef = 4EEB960A163DDE3500D67785 /* CYLogInViewController.m */; };
		4EEB9626163DF84900D67785 /* NSArray+Accessing.m in Sources */ = {isa = PBXBuildFile; fileRef = 4EEB961A163DF84900D67785 /* NSArray+Accessing.m */; };
		4EEB9627163DF84900D67785 /* NSObject+PerformBlock.m in Sources */ = {isa = PBXBuildFile; fileRef = 4EEB961C163DF84900D67785 /* NSObject+PerformBlock.m */; };
		4EEB9628163DF84900D67785 /* NSString+UUID.m in Sources */ = {isa = PBXBuildFile; fileRef = 4EEB961E163DF84900D67785 /* NSString+UUID.m */; };
		4EEB962A163DF84900D67785 /* UIImage+ImageFromDiskNamed.m in Sources */ = {isa = PBXBuildFile; fileRef = 4EEB9621163DF84900D67785 /* UIImage+ImageFromDiskNamed.m */; };
		4EEB962B163DF84900D67785 /* UIView+Animations.m in Sources */ = {isa = PBXBuildFile; fileRef = 4EEB9623163DF84900D67785 /* UIView+Animations.m */; };
		4EEB962C163DF84900D67785 /* UIView+Layout.m in Sources */ = {isa = PBXBuildFile; fileRef = 4EEB9625163DF84900D67785 /* UIView+Layout.m */; };
		4EEB9656163E298F00D67785 /* CYSearchViewController.m in Sources */ = {isa = PBXBuildFile; fileRef = 4EEB9655163E298F00D67785 /* CYSearchViewController.m */; };
		4EEEE469164CDCB300D3357B /* 04-eye-white.png in Resources */ = {isa = PBXBuildFile; fileRef = 4EEEE455164CDCB300D3357B /* 04-eye-white.png */; };
		4EEEE46A164CDCB300D3357B /* 04-eye-white@2x.png in Resources */ = {isa = PBXBuildFile; fileRef = 4EEEE456164CDCB300D3357B /* 04-eye-white@2x.png */; };
		4EEEE46B164CDCB300D3357B /* 06-magnify.png in Resources */ = {isa = PBXBuildFile; fileRef = 4EEEE457164CDCB300D3357B /* 06-magnify.png */; };
		4EEEE46C164CDCB300D3357B /* 06-magnify@2x.png in Resources */ = {isa = PBXBuildFile; fileRef = 4EEEE458164CDCB300D3357B /* 06-magnify@2x.png */; };
		4EEEE46D164CDCB300D3357B /* 08-pin-white.png in Resources */ = {isa = PBXBuildFile; fileRef = 4EEEE459164CDCB300D3357B /* 08-pin-white.png */; };
		4EEEE46E164CDCB300D3357B /* 08-pin-white@2x.png in Resources */ = {isa = PBXBuildFile; fileRef = 4EEEE45A164CDCB300D3357B /* 08-pin-white@2x.png */; };
		4EEEE46F164CDCB300D3357B /* 20-gear-2.png in Resources */ = {isa = PBXBuildFile; fileRef = 4EEEE45B164CDCB300D3357B /* 20-gear-2.png */; };
		4EEEE470164CDCB300D3357B /* 20-gear-2@2x.png in Resources */ = {isa = PBXBuildFile; fileRef = 4EEEE45C164CDCB300D3357B /* 20-gear-2@2x.png */; };
		4EEEE471164CDCB300D3357B /* 103-map.png in Resources */ = {isa = PBXBuildFile; fileRef = 4EEEE45D164CDCB300D3357B /* 103-map.png */; };
		4EEEE472164CDCB300D3357B /* 103-map@2x.png in Resources */ = {isa = PBXBuildFile; fileRef = 4EEEE45E164CDCB300D3357B /* 103-map@2x.png */; };
		4EEEE473164CDCB300D3357B /* CYBeaconHUD.m in Sources */ = {isa = PBXBuildFile; fileRef = 4EEEE460164CDCB300D3357B /* CYBeaconHUD.m */; };
		4EEEE474164CDCB300D3357B /* CYBeaconHUD.xib in Resources */ = {isa = PBXBuildFile; fileRef = 4EEEE461164CDCB300D3357B /* CYBeaconHUD.xib */; };
		4EEEE475164CDCB300D3357B /* CYMapView.m in Sources */ = {isa = PBXBuildFile; fileRef = 4EEEE463164CDCB300D3357B /* CYMapView.m */; };
		4EEEE476164CDCB300D3357B /* CYUI.m in Sources */ = {isa = PBXBuildFile; fileRef = 4EEEE465164CDCB300D3357B /* CYUI.m */; };
		4EEEE477164CDCB300D3357B /* Default-568h@2x.png in Resources */ = {isa = PBXBuildFile; fileRef = 4EEEE466164CDCB300D3357B /* Default-568h@2x.png */; };
		4EEEE478164CDCB300D3357B /* Default.png in Resources */ = {isa = PBXBuildFile; fileRef = 4EEEE467164CDCB300D3357B /* Default.png */; };
		4EEEE479164CDCB300D3357B /* Default@2x.png in Resources */ = {isa = PBXBuildFile; fileRef = 4EEEE468164CDCB300D3357B /* Default@2x.png */; };
		661088C8163AAD4D000D1DA2 /* AwesomeMenu.m in Sources */ = {isa = PBXBuildFile; fileRef = 661088C5163AAD4D000D1DA2 /* AwesomeMenu.m */; };
		661088C9163AAD4D000D1DA2 /* AwesomeMenuItem.m in Sources */ = {isa = PBXBuildFile; fileRef = 661088C7163AAD4D000D1DA2 /* AwesomeMenuItem.m */; };
		661088F6163AADB0000D1DA2 /* bg-addbutton-highlighted.png in Resources */ = {isa = PBXBuildFile; fileRef = 661088E8163AADB0000D1DA2 /* bg-addbutton-highlighted.png */; };
		661088F7163AADB0000D1DA2 /* bg-addbutton-highlighted@2x.png in Resources */ = {isa = PBXBuildFile; fileRef = 661088E9163AADB0000D1DA2 /* bg-addbutton-highlighted@2x.png */; };
		661088F8163AADB0000D1DA2 /* bg-addbutton.png in Resources */ = {isa = PBXBuildFile; fileRef = 661088EA163AADB0000D1DA2 /* bg-addbutton.png */; };
		661088F9163AADB0000D1DA2 /* bg-addbutton@2x.png in Resources */ = {isa = PBXBuildFile; fileRef = 661088EB163AADB0000D1DA2 /* bg-addbutton@2x.png */; };
		661088FA163AADB0000D1DA2 /* bg-menuitem-highlighted.png in Resources */ = {isa = PBXBuildFile; fileRef = 661088EC163AADB0000D1DA2 /* bg-menuitem-highlighted.png */; };
		661088FB163AADB0000D1DA2 /* bg-menuitem-highlighted@2x.png in Resources */ = {isa = PBXBuildFile; fileRef = 661088ED163AADB0000D1DA2 /* bg-menuitem-highlighted@2x.png */; };
		661088FC163AADB0000D1DA2 /* bg-menuitem.png in Resources */ = {isa = PBXBuildFile; fileRef = 661088EE163AADB0000D1DA2 /* bg-menuitem.png */; };
		661088FD163AADB0000D1DA2 /* bg-menuitem@2x.png in Resources */ = {isa = PBXBuildFile; fileRef = 661088EF163AADB0000D1DA2 /* bg-menuitem@2x.png */; };
		661088FE163AADB0000D1DA2 /* icon-plus-highlighted.png in Resources */ = {isa = PBXBuildFile; fileRef = 661088F0163AADB0000D1DA2 /* icon-plus-highlighted.png */; };
		661088FF163AADB0000D1DA2 /* icon-plus-highlighted@2x.png in Resources */ = {isa = PBXBuildFile; fileRef = 661088F1163AADB0000D1DA2 /* icon-plus-highlighted@2x.png */; };
		66108900163AADB0000D1DA2 /* icon-plus.png in Resources */ = {isa = PBXBuildFile; fileRef = 661088F2163AADB0000D1DA2 /* icon-plus.png */; };
		66108901163AADB0000D1DA2 /* icon-plus@2x.png in Resources */ = {isa = PBXBuildFile; fileRef = 661088F3163AADB0000D1DA2 /* icon-plus@2x.png */; };
		66108902163AADB0000D1DA2 /* icon-star.png in Resources */ = {isa = PBXBuildFile; fileRef = 661088F4163AADB0000D1DA2 /* icon-star.png */; };
		66108903163AADB0000D1DA2 /* icon-star@2x.png in Resources */ = {isa = PBXBuildFile; fileRef = 661088F5163AADB0000D1DA2 /* icon-star@2x.png */; };
		6627824A1633EEC200F1D0E7 /* UIKit.framework in Frameworks */ = {isa = PBXBuildFile; fileRef = 662782491633EEC200F1D0E7 /* UIKit.framework */; };
		6627824C1633EEC200F1D0E7 /* Foundation.framework in Frameworks */ = {isa = PBXBuildFile; fileRef = 6627824B1633EEC200F1D0E7 /* Foundation.framework */; };
		6627824E1633EEC200F1D0E7 /* CoreGraphics.framework in Frameworks */ = {isa = PBXBuildFile; fileRef = 6627824D1633EEC200F1D0E7 /* CoreGraphics.framework */; };
		662782541633EEC200F1D0E7 /* InfoPlist.strings in Resources */ = {isa = PBXBuildFile; fileRef = 662782521633EEC200F1D0E7 /* InfoPlist.strings */; };
		662782561633EEC200F1D0E7 /* main.m in Sources */ = {isa = PBXBuildFile; fileRef = 662782551633EEC200F1D0E7 /* main.m */; };
		6627825A1633EEC200F1D0E7 /* CYAppDelegate.m in Sources */ = {isa = PBXBuildFile; fileRef = 662782591633EEC200F1D0E7 /* CYAppDelegate.m */; };
		662782631633EEC200F1D0E7 /* MainStoryboard.storyboard in Resources */ = {isa = PBXBuildFile; fileRef = 662782611633EEC200F1D0E7 /* MainStoryboard.storyboard */; };
		6627827F1633EF9200F1D0E7 /* Accounts.framework in Frameworks */ = {isa = PBXBuildFile; fileRef = 662782731633EF9200F1D0E7 /* Accounts.framework */; };
		662782801633EF9200F1D0E7 /* AdSupport.framework in Frameworks */ = {isa = PBXBuildFile; fileRef = 662782741633EF9200F1D0E7 /* AdSupport.framework */; };
		662782811633EF9200F1D0E7 /* AudioToolbox.framework in Frameworks */ = {isa = PBXBuildFile; fileRef = 662782751633EF9200F1D0E7 /* AudioToolbox.framework */; };
		662782821633EF9200F1D0E7 /* CFNetwork.framework in Frameworks */ = {isa = PBXBuildFile; fileRef = 662782761633EF9200F1D0E7 /* CFNetwork.framework */; };
		662782831633EF9200F1D0E7 /* libsqlite3.dylib in Frameworks */ = {isa = PBXBuildFile; fileRef = 662782771633EF9200F1D0E7 /* libsqlite3.dylib */; };
		662782841633EF9200F1D0E7 /* libz.1.1.3.dylib in Frameworks */ = {isa = PBXBuildFile; fileRef = 662782781633EF9200F1D0E7 /* libz.1.1.3.dylib */; };
		662782851633EF9200F1D0E7 /* MobileCoreServices.framework in Frameworks */ = {isa = PBXBuildFile; fileRef = 662782791633EF9200F1D0E7 /* MobileCoreServices.framework */; };
		662782861633EF9200F1D0E7 /* QuartzCore.framework in Frameworks */ = {isa = PBXBuildFile; fileRef = 6627827A1633EF9200F1D0E7 /* QuartzCore.framework */; };
		662782871633EF9200F1D0E7 /* Security.framework in Frameworks */ = {isa = PBXBuildFile; fileRef = 6627827B1633EF9200F1D0E7 /* Security.framework */; };
		662782881633EF9200F1D0E7 /* Social.framework in Frameworks */ = {isa = PBXBuildFile; fileRef = 6627827C1633EF9200F1D0E7 /* Social.framework */; };
		662782891633EF9200F1D0E7 /* StoreKit.framework in Frameworks */ = {isa = PBXBuildFile; fileRef = 6627827D1633EF9200F1D0E7 /* StoreKit.framework */; };
		662782901633F0F400F1D0E7 /* MapKit.framework in Frameworks */ = {isa = PBXBuildFile; fileRef = 6627828F1633F0F400F1D0E7 /* MapKit.framework */; };
		662782921633F10100F1D0E7 /* CoreLocation.framework in Frameworks */ = {isa = PBXBuildFile; fileRef = 662782911633F10100F1D0E7 /* CoreLocation.framework */; };
		6644E253163F338000537778 /* Parse.framework in Frameworks */ = {isa = PBXBuildFile; fileRef = 6644E252163F338000537778 /* Parse.framework */; };
		66558AB116361EBC00C7BB8B /* AFHTTPClient.m in Sources */ = {isa = PBXBuildFile; fileRef = 66558A9F16361EBC00C7BB8B /* AFHTTPClient.m */; };
		66558AB216361EBC00C7BB8B /* AFHTTPRequestOperation.m in Sources */ = {isa = PBXBuildFile; fileRef = 66558AA116361EBC00C7BB8B /* AFHTTPRequestOperation.m */; };
		66558AB316361EBC00C7BB8B /* AFImageRequestOperation.m in Sources */ = {isa = PBXBuildFile; fileRef = 66558AA316361EBC00C7BB8B /* AFImageRequestOperation.m */; };
		66558AB416361EBC00C7BB8B /* AFJSONRequestOperation.m in Sources */ = {isa = PBXBuildFile; fileRef = 66558AA516361EBC00C7BB8B /* AFJSONRequestOperation.m */; };
		66558AB516361EBC00C7BB8B /* AFNetworkActivityIndicatorManager.m in Sources */ = {isa = PBXBuildFile; fileRef = 66558AA716361EBC00C7BB8B /* AFNetworkActivityIndicatorManager.m */; };
		66558AB616361EBC00C7BB8B /* AFPropertyListRequestOperation.m in Sources */ = {isa = PBXBuildFile; fileRef = 66558AAA16361EBC00C7BB8B /* AFPropertyListRequestOperation.m */; };
		66558AB716361EBC00C7BB8B /* AFURLConnectionOperation.m in Sources */ = {isa = PBXBuildFile; fileRef = 66558AAC16361EBC00C7BB8B /* AFURLConnectionOperation.m */; };
		66558AB816361EBC00C7BB8B /* AFXMLRequestOperation.m in Sources */ = {isa = PBXBuildFile; fileRef = 66558AAE16361EBC00C7BB8B /* AFXMLRequestOperation.m */; };
		66558AB916361EBC00C7BB8B /* UIImageView+AFNetworking.m in Sources */ = {isa = PBXBuildFile; fileRef = 66558AB016361EBC00C7BB8B /* UIImageView+AFNetworking.m */; };
		66558ABE163634BE00C7BB8B /* libSSToolkit.a in Frameworks */ = {isa = PBXBuildFile; fileRef = 66558A9816361D4700C7BB8B /* libSSToolkit.a */; };
		66558ABF163634DA00C7BB8B /* SSToolkitResources.bundle in Resources */ = {isa = PBXBuildFile; fileRef = 66558A9C16361D4700C7BB8B /* SSToolkitResources.bundle */; };
		669C1F91163DC75E001F1C18 /* CYUser.m in Sources */ = {isa = PBXBuildFile; fileRef = 669C1F90163DC75E001F1C18 /* CYUser.m */; };
		669C1F94163DC906001F1C18 /* CYMap.m in Sources */ = {isa = PBXBuildFile; fileRef = 669C1F93163DC906001F1C18 /* CYMap.m */; };
		669C1F97163DC99C001F1C18 /* CYPoint.m in Sources */ = {isa = PBXBuildFile; fileRef = 669C1F96163DC99C001F1C18 /* CYPoint.m */; };
		669C1FA1163DDDBF001F1C18 /* CYGroup.m in Sources */ = {isa = PBXBuildFile; fileRef = 669C1FA0163DDDBF001F1C18 /* CYGroup.m */; };
		669C1FA4163DF8FD001F1C18 /* CYObject.m in Sources */ = {isa = PBXBuildFile; fileRef = 669C1FA3163DF8FD001F1C18 /* CYObject.m */; };
		66A1B331163888AC00B9DCEC /* SystemConfiguration.framework in Frameworks */ = {isa = PBXBuildFile; fileRef = 66A1B330163888AC00B9DCEC /* SystemConfiguration.framework */; };
		66A1B34316388E7200B9DCEC /* CYMapViewController.m in Sources */ = {isa = PBXBuildFile; fileRef = 66A1B34216388E7200B9DCEC /* CYMapViewController.m */; };
		66A1B3721638AC8100B9DCEC /* MKMapView+ARKit.m in Sources */ = {isa = PBXBuildFile; fileRef = 66A1B36A1638AC8100B9DCEC /* MKMapView+ARKit.m */; };
		66A1B3741638AC8100B9DCEC /* ARTextField.m in Sources */ = {isa = PBXBuildFile; fileRef = 66A1B36E1638AC8100B9DCEC /* ARTextField.m */; };
		66A1B3751638AC8100B9DCEC /* ARTextView.m in Sources */ = {isa = PBXBuildFile; fileRef = 66A1B3701638AC8100B9DCEC /* ARTextView.m */; };
		66C29A59164CEA9400DC8DBA /* CoreText.framework in Frameworks */ = {isa = PBXBuildFile; fileRef = 66C29A58164CEA9400DC8DBA /* CoreText.framework */; };
/* End PBXBuildFile section */

/* Begin PBXContainerItemProxy section */
		4E541A9D1654CBCF00E495D1 /* PBXContainerItemProxy */ = {
			isa = PBXContainerItemProxy;
			containerPortal = 4E541A941654CBCE00E495D1 /* QuickDialog.xcodeproj */;
			proxyType = 2;
			remoteGlobalIDString = D80B0E3313E052DF00FA85CA;
			remoteInfo = QuickDialogExample;
		};
		4E541A9F1654CBCF00E495D1 /* PBXContainerItemProxy */ = {
			isa = PBXContainerItemProxy;
			containerPortal = 4E541A941654CBCE00E495D1 /* QuickDialog.xcodeproj */;
			proxyType = 2;
			remoteGlobalIDString = 2C542393145ADEBD0026A152;
			remoteInfo = QuickDialog;
		};
		4E541AA11654CBE900E495D1 /* PBXContainerItemProxy */ = {
			isa = PBXContainerItemProxy;
			containerPortal = 4E541A941654CBCE00E495D1 /* QuickDialog.xcodeproj */;
			proxyType = 1;
			remoteGlobalIDString = 2C542392145ADEBD0026A152;
			remoteInfo = QuickDialog;
		};
		66558A9716361D4700C7BB8B /* PBXContainerItemProxy */ = {
			isa = PBXContainerItemProxy;
			containerPortal = 66558A8D16361D4700C7BB8B /* SSToolkit.xcodeproj */;
			proxyType = 2;
			remoteGlobalIDString = D2AAC07E0554694100DB518D;
			remoteInfo = SSToolkit;
		};
		66558A9916361D4700C7BB8B /* PBXContainerItemProxy */ = {
			isa = PBXContainerItemProxy;
			containerPortal = 66558A8D16361D4700C7BB8B /* SSToolkit.xcodeproj */;
			proxyType = 2;
			remoteGlobalIDString = B239101D1357DC3E00ADE21B;
			remoteInfo = SSToolkitTests;
		};
		66558A9B16361D4700C7BB8B /* PBXContainerItemProxy */ = {
			isa = PBXContainerItemProxy;
			containerPortal = 66558A8D16361D4700C7BB8B /* SSToolkit.xcodeproj */;
			proxyType = 2;
			remoteGlobalIDString = B2C507EA151BA64400E94614;
			remoteInfo = SSToolkitResources;
		};
		66558ABA163634AC00C7BB8B /* PBXContainerItemProxy */ = {
			isa = PBXContainerItemProxy;
			containerPortal = 66558A8D16361D4700C7BB8B /* SSToolkit.xcodeproj */;
			proxyType = 1;
			remoteGlobalIDString = D2AAC07D0554694100DB518D;
			remoteInfo = SSToolkit;
		};
		66558ABC163634AC00C7BB8B /* PBXContainerItemProxy */ = {
			isa = PBXContainerItemProxy;
			containerPortal = 66558A8D16361D4700C7BB8B /* SSToolkit.xcodeproj */;
			proxyType = 1;
			remoteGlobalIDString = B2C507E9151BA64400E94614;
			remoteInfo = SSToolkitResources;
		};
/* End PBXContainerItemProxy section */

/* Begin PBXFileReference section */
		4E5419511654BAF300E495D1 /* CYPointDetailViewController.h */ = {isa = PBXFileReference; fileEncoding = 4; lastKnownFileType = sourcecode.c.h; name = CYPointDetailViewController.h; path = "View Controllers/CYPointDetailViewController.h"; sourceTree = "<group>"; };
		4E5419521654BAF300E495D1 /* CYPointDetailViewController.m */ = {isa = PBXFileReference; fileEncoding = 4; lastKnownFileType = sourcecode.c.objc; name = CYPointDetailViewController.m; path = "View Controllers/CYPointDetailViewController.m"; sourceTree = "<group>"; };
		4E54195C1654C4A500E495D1 /* CYMapCreationViewController.h */ = {isa = PBXFileReference; fileEncoding = 4; lastKnownFileType = sourcecode.c.h; name = CYMapCreationViewController.h; path = "View Controllers/CYMapCreationViewController.h"; sourceTree = "<group>"; };
		4E54195D1654C4A500E495D1 /* CYMapCreationViewController.m */ = {isa = PBXFileReference; fileEncoding = 4; lastKnownFileType = sourcecode.c.objc; name = CYMapCreationViewController.m; path = "View Controllers/CYMapCreationViewController.m"; sourceTree = "<group>"; };
		4E541A941654CBCE00E495D1 /* QuickDialog.xcodeproj */ = {isa = PBXFileReference; lastKnownFileType = "wrapper.pb-project"; name = QuickDialog.xcodeproj; path = Cygnus/Libraries/QuickDialog/QuickDialog.xcodeproj; sourceTree = "<group>"; };
		4E6DFF7B1643EA5F00AB180C /* CYTabBarViewController.h */ = {isa = PBXFileReference; fileEncoding = 4; lastKnownFileType = sourcecode.c.h; name = CYTabBarViewController.h; path = "View Controllers/CYTabBarViewController.h"; sourceTree = "<group>"; };
		4E6DFF7C1643EA5F00AB180C /* CYTabBarViewController.m */ = {isa = PBXFileReference; fileEncoding = 4; lastKnownFileType = sourcecode.c.objc; name = CYTabBarViewController.m; path = "View Controllers/CYTabBarViewController.m"; sourceTree = "<group>"; };
		4E6DFF991643F3A600AB180C /* NSAttributedString+Attributes.h */ = {isa = PBXFileReference; fileEncoding = 4; lastKnownFileType = sourcecode.c.h; path = "NSAttributedString+Attributes.h"; sourceTree = "<group>"; };
		4E6DFF9A1643F3A600AB180C /* NSAttributedString+Attributes.m */ = {isa = PBXFileReference; fileEncoding = 4; lastKnownFileType = sourcecode.c.objc; path = "NSAttributedString+Attributes.m"; sourceTree = "<group>"; };
		4E6DFF9F1643FC1000AB180C /* CYConsoleViewController.h */ = {isa = PBXFileReference; fileEncoding = 4; lastKnownFileType = sourcecode.c.h; name = CYConsoleViewController.h; path = "View Controllers/CYConsoleViewController.h"; sourceTree = "<group>"; };
		4E6DFFA01643FC1100AB180C /* CYConsoleViewController.m */ = {isa = PBXFileReference; fileEncoding = 4; lastKnownFileType = sourcecode.c.objc; name = CYConsoleViewController.m; path = "View Controllers/CYConsoleViewController.m"; sourceTree = "<group>"; };
		4E9B9C00164D3ADD00A6A010 /* CYMapDetailViewController.h */ = {isa = PBXFileReference; fileEncoding = 4; lastKnownFileType = sourcecode.c.h; name = CYMapDetailViewController.h; path = "View Controllers/CYMapDetailViewController.h"; sourceTree = "<group>"; };
		4E9B9C01164D3ADE00A6A010 /* CYMapDetailViewController.m */ = {isa = PBXFileReference; fileEncoding = 4; lastKnownFileType = sourcecode.c.objc; name = CYMapDetailViewController.m; path = "View Controllers/CYMapDetailViewController.m"; sourceTree = "<group>"; };
		4EEB9609163DDE3500D67785 /* CYLogInViewController.h */ = {isa = PBXFileReference; fileEncoding = 4; lastKnownFileType = sourcecode.c.h; name = CYLogInViewController.h; path = "View Controllers/CYLogInViewController.h"; sourceTree = "<group>"; };
		4EEB960A163DDE3500D67785 /* CYLogInViewController.m */ = {isa = PBXFileReference; fileEncoding = 4; lastKnownFileType = sourcecode.c.objc; name = CYLogInViewController.m; path = "View Controllers/CYLogInViewController.m"; sourceTree = "<group>"; };
		4EEB9618163DF84900D67785 /* FDNullOrEmpty.h */ = {isa = PBXFileReference; fileEncoding = 4; lastKnownFileType = sourcecode.c.h; path = FDNullOrEmpty.h; sourceTree = "<group>"; };
		4EEB9619163DF84900D67785 /* NSArray+Accessing.h */ = {isa = PBXFileReference; fileEncoding = 4; lastKnownFileType = sourcecode.c.h; path = "NSArray+Accessing.h"; sourceTree = "<group>"; };
		4EEB961A163DF84900D67785 /* NSArray+Accessing.m */ = {isa = PBXFileReference; fileEncoding = 4; lastKnownFileType = sourcecode.c.objc; path = "NSArray+Accessing.m"; sourceTree = "<group>"; };
		4EEB961B163DF84900D67785 /* NSObject+PerformBlock.h */ = {isa = PBXFileReference; fileEncoding = 4; lastKnownFileType = sourcecode.c.h; path = "NSObject+PerformBlock.h"; sourceTree = "<group>"; };
		4EEB961C163DF84900D67785 /* NSObject+PerformBlock.m */ = {isa = PBXFileReference; fileEncoding = 4; lastKnownFileType = sourcecode.c.objc; path = "NSObject+PerformBlock.m"; sourceTree = "<group>"; };
		4EEB961D163DF84900D67785 /* NSString+UUID.h */ = {isa = PBXFileReference; fileEncoding = 4; lastKnownFileType = sourcecode.c.h; path = "NSString+UUID.h"; sourceTree = "<group>"; };
		4EEB961E163DF84900D67785 /* NSString+UUID.m */ = {isa = PBXFileReference; fileEncoding = 4; lastKnownFileType = sourcecode.c.objc; path = "NSString+UUID.m"; sourceTree = "<group>"; };
		4EEB961F163DF84900D67785 /* README.md */ = {isa = PBXFileReference; fileEncoding = 4; lastKnownFileType = text; path = README.md; sourceTree = "<group>"; };
		4EEB9620163DF84900D67785 /* UIImage+ImageFromDiskNamed.h */ = {isa = PBXFileReference; fileEncoding = 4; lastKnownFileType = sourcecode.c.h; path = "UIImage+ImageFromDiskNamed.h"; sourceTree = "<group>"; };
		4EEB9621163DF84900D67785 /* UIImage+ImageFromDiskNamed.m */ = {isa = PBXFileReference; fileEncoding = 4; lastKnownFileType = sourcecode.c.objc; path = "UIImage+ImageFromDiskNamed.m"; sourceTree = "<group>"; };
		4EEB9622163DF84900D67785 /* UIView+Animations.h */ = {isa = PBXFileReference; fileEncoding = 4; lastKnownFileType = sourcecode.c.h; path = "UIView+Animations.h"; sourceTree = "<group>"; };
		4EEB9623163DF84900D67785 /* UIView+Animations.m */ = {isa = PBXFileReference; fileEncoding = 4; lastKnownFileType = sourcecode.c.objc; path = "UIView+Animations.m"; sourceTree = "<group>"; };
		4EEB9624163DF84900D67785 /* UIView+Layout.h */ = {isa = PBXFileReference; fileEncoding = 4; lastKnownFileType = sourcecode.c.h; path = "UIView+Layout.h"; sourceTree = "<group>"; };
		4EEB9625163DF84900D67785 /* UIView+Layout.m */ = {isa = PBXFileReference; fileEncoding = 4; lastKnownFileType = sourcecode.c.objc; path = "UIView+Layout.m"; sourceTree = "<group>"; };
		4EEB9654163E298E00D67785 /* CYSearchViewController.h */ = {isa = PBXFileReference; fileEncoding = 4; lastKnownFileType = sourcecode.c.h; name = CYSearchViewController.h; path = "View Controllers/CYSearchViewController.h"; sourceTree = "<group>"; };
		4EEB9655163E298F00D67785 /* CYSearchViewController.m */ = {isa = PBXFileReference; fileEncoding = 4; lastKnownFileType = sourcecode.c.objc; name = CYSearchViewController.m; path = "View Controllers/CYSearchViewController.m"; sourceTree = "<group>"; };
		4EEEE455164CDCB300D3357B /* 04-eye-white.png */ = {isa = PBXFileReference; lastKnownFileType = image.png; path = "04-eye-white.png"; sourceTree = "<group>"; };
		4EEEE456164CDCB300D3357B /* 04-eye-white@2x.png */ = {isa = PBXFileReference; lastKnownFileType = image.png; path = "04-eye-white@2x.png"; sourceTree = "<group>"; };
		4EEEE457164CDCB300D3357B /* 06-magnify.png */ = {isa = PBXFileReference; lastKnownFileType = image.png; path = "06-magnify.png"; sourceTree = "<group>"; };
		4EEEE458164CDCB300D3357B /* 06-magnify@2x.png */ = {isa = PBXFileReference; lastKnownFileType = image.png; path = "06-magnify@2x.png"; sourceTree = "<group>"; };
		4EEEE459164CDCB300D3357B /* 08-pin-white.png */ = {isa = PBXFileReference; lastKnownFileType = image.png; path = "08-pin-white.png"; sourceTree = "<group>"; };
		4EEEE45A164CDCB300D3357B /* 08-pin-white@2x.png */ = {isa = PBXFileReference; lastKnownFileType = image.png; path = "08-pin-white@2x.png"; sourceTree = "<group>"; };
		4EEEE45B164CDCB300D3357B /* 20-gear-2.png */ = {isa = PBXFileReference; lastKnownFileType = image.png; path = "20-gear-2.png"; sourceTree = "<group>"; };
		4EEEE45C164CDCB300D3357B /* 20-gear-2@2x.png */ = {isa = PBXFileReference; lastKnownFileType = image.png; path = "20-gear-2@2x.png"; sourceTree = "<group>"; };
		4EEEE45D164CDCB300D3357B /* 103-map.png */ = {isa = PBXFileReference; lastKnownFileType = image.png; path = "103-map.png"; sourceTree = "<group>"; };
		4EEEE45E164CDCB300D3357B /* 103-map@2x.png */ = {isa = PBXFileReference; lastKnownFileType = image.png; path = "103-map@2x.png"; sourceTree = "<group>"; };
		4EEEE45F164CDCB300D3357B /* CYBeaconHUD.h */ = {isa = PBXFileReference; fileEncoding = 4; lastKnownFileType = sourcecode.c.h; path = CYBeaconHUD.h; sourceTree = "<group>"; };
		4EEEE460164CDCB300D3357B /* CYBeaconHUD.m */ = {isa = PBXFileReference; fileEncoding = 4; lastKnownFileType = sourcecode.c.objc; path = CYBeaconHUD.m; sourceTree = "<group>"; };
		4EEEE461164CDCB300D3357B /* CYBeaconHUD.xib */ = {isa = PBXFileReference; fileEncoding = 4; lastKnownFileType = file.xib; path = CYBeaconHUD.xib; sourceTree = "<group>"; };
		4EEEE462164CDCB300D3357B /* CYMapView.h */ = {isa = PBXFileReference; fileEncoding = 4; lastKnownFileType = sourcecode.c.h; path = CYMapView.h; sourceTree = "<group>"; };
		4EEEE463164CDCB300D3357B /* CYMapView.m */ = {isa = PBXFileReference; fileEncoding = 4; lastKnownFileType = sourcecode.c.objc; path = CYMapView.m; sourceTree = "<group>"; };
		4EEEE464164CDCB300D3357B /* CYUI.h */ = {isa = PBXFileReference; fileEncoding = 4; lastKnownFileType = sourcecode.c.h; path = CYUI.h; sourceTree = "<group>"; };
		4EEEE465164CDCB300D3357B /* CYUI.m */ = {isa = PBXFileReference; fileEncoding = 4; lastKnownFileType = sourcecode.c.objc; path = CYUI.m; sourceTree = "<group>"; };
		4EEEE466164CDCB300D3357B /* Default-568h@2x.png */ = {isa = PBXFileReference; lastKnownFileType = image.png; path = "Default-568h@2x.png"; sourceTree = "<group>"; };
		4EEEE467164CDCB300D3357B /* Default.png */ = {isa = PBXFileReference; lastKnownFileType = image.png; path = Default.png; sourceTree = "<group>"; };
		4EEEE468164CDCB300D3357B /* Default@2x.png */ = {isa = PBXFileReference; lastKnownFileType = image.png; path = "Default@2x.png"; sourceTree = "<group>"; };
		661088C4163AAD4D000D1DA2 /* AwesomeMenu.h */ = {isa = PBXFileReference; fileEncoding = 4; lastKnownFileType = sourcecode.c.h; name = AwesomeMenu.h; path = Cygnus/Libraries/AwesomeMenu/AwesomeMenu/AwesomeMenu/AwesomeMenu.h; sourceTree = "<group>"; };
		661088C5163AAD4D000D1DA2 /* AwesomeMenu.m */ = {isa = PBXFileReference; fileEncoding = 4; lastKnownFileType = sourcecode.c.objc; name = AwesomeMenu.m; path = Cygnus/Libraries/AwesomeMenu/AwesomeMenu/AwesomeMenu/AwesomeMenu.m; sourceTree = "<group>"; };
		661088C6163AAD4D000D1DA2 /* AwesomeMenuItem.h */ = {isa = PBXFileReference; fileEncoding = 4; lastKnownFileType = sourcecode.c.h; name = AwesomeMenuItem.h; path = Cygnus/Libraries/AwesomeMenu/AwesomeMenu/AwesomeMenu/AwesomeMenuItem.h; sourceTree = "<group>"; };
		661088C7163AAD4D000D1DA2 /* AwesomeMenuItem.m */ = {isa = PBXFileReference; fileEncoding = 4; lastKnownFileType = sourcecode.c.objc; name = AwesomeMenuItem.m; path = Cygnus/Libraries/AwesomeMenu/AwesomeMenu/AwesomeMenu/AwesomeMenuItem.m; sourceTree = "<group>"; };
		661088E8163AADB0000D1DA2 /* bg-addbutton-highlighted.png */ = {isa = PBXFileReference; lastKnownFileType = image.png; name = "bg-addbutton-highlighted.png"; path = "Cygnus/Libraries/AwesomeMenu/AwesomeMenu/Images/bg-addbutton-highlighted.png"; sourceTree = "<group>"; };
		661088E9163AADB0000D1DA2 /* bg-addbutton-highlighted@2x.png */ = {isa = PBXFileReference; lastKnownFileType = image.png; name = "bg-addbutton-highlighted@2x.png"; path = "Cygnus/Libraries/AwesomeMenu/AwesomeMenu/Images/bg-addbutton-highlighted@2x.png"; sourceTree = "<group>"; };
		661088EA163AADB0000D1DA2 /* bg-addbutton.png */ = {isa = PBXFileReference; lastKnownFileType = image.png; name = "bg-addbutton.png"; path = "Cygnus/Libraries/AwesomeMenu/AwesomeMenu/Images/bg-addbutton.png"; sourceTree = "<group>"; };
		661088EB163AADB0000D1DA2 /* bg-addbutton@2x.png */ = {isa = PBXFileReference; lastKnownFileType = image.png; name = "bg-addbutton@2x.png"; path = "Cygnus/Libraries/AwesomeMenu/AwesomeMenu/Images/bg-addbutton@2x.png"; sourceTree = "<group>"; };
		661088EC163AADB0000D1DA2 /* bg-menuitem-highlighted.png */ = {isa = PBXFileReference; lastKnownFileType = image.png; name = "bg-menuitem-highlighted.png"; path = "Cygnus/Libraries/AwesomeMenu/AwesomeMenu/Images/bg-menuitem-highlighted.png"; sourceTree = "<group>"; };
		661088ED163AADB0000D1DA2 /* bg-menuitem-highlighted@2x.png */ = {isa = PBXFileReference; lastKnownFileType = image.png; name = "bg-menuitem-highlighted@2x.png"; path = "Cygnus/Libraries/AwesomeMenu/AwesomeMenu/Images/bg-menuitem-highlighted@2x.png"; sourceTree = "<group>"; };
		661088EE163AADB0000D1DA2 /* bg-menuitem.png */ = {isa = PBXFileReference; lastKnownFileType = image.png; name = "bg-menuitem.png"; path = "Cygnus/Libraries/AwesomeMenu/AwesomeMenu/Images/bg-menuitem.png"; sourceTree = "<group>"; };
		661088EF163AADB0000D1DA2 /* bg-menuitem@2x.png */ = {isa = PBXFileReference; lastKnownFileType = image.png; name = "bg-menuitem@2x.png"; path = "Cygnus/Libraries/AwesomeMenu/AwesomeMenu/Images/bg-menuitem@2x.png"; sourceTree = "<group>"; };
		661088F0163AADB0000D1DA2 /* icon-plus-highlighted.png */ = {isa = PBXFileReference; lastKnownFileType = image.png; name = "icon-plus-highlighted.png"; path = "Cygnus/Libraries/AwesomeMenu/AwesomeMenu/Images/icon-plus-highlighted.png"; sourceTree = "<group>"; };
		661088F1163AADB0000D1DA2 /* icon-plus-highlighted@2x.png */ = {isa = PBXFileReference; lastKnownFileType = image.png; name = "icon-plus-highlighted@2x.png"; path = "Cygnus/Libraries/AwesomeMenu/AwesomeMenu/Images/icon-plus-highlighted@2x.png"; sourceTree = "<group>"; };
		661088F2163AADB0000D1DA2 /* icon-plus.png */ = {isa = PBXFileReference; lastKnownFileType = image.png; name = "icon-plus.png"; path = "Cygnus/Libraries/AwesomeMenu/AwesomeMenu/Images/icon-plus.png"; sourceTree = "<group>"; };
		661088F3163AADB0000D1DA2 /* icon-plus@2x.png */ = {isa = PBXFileReference; lastKnownFileType = image.png; name = "icon-plus@2x.png"; path = "Cygnus/Libraries/AwesomeMenu/AwesomeMenu/Images/icon-plus@2x.png"; sourceTree = "<group>"; };
		661088F4163AADB0000D1DA2 /* icon-star.png */ = {isa = PBXFileReference; lastKnownFileType = image.png; name = "icon-star.png"; path = "Cygnus/Libraries/AwesomeMenu/AwesomeMenu/Images/icon-star.png"; sourceTree = "<group>"; };
		661088F5163AADB0000D1DA2 /* icon-star@2x.png */ = {isa = PBXFileReference; lastKnownFileType = image.png; name = "icon-star@2x.png"; path = "Cygnus/Libraries/AwesomeMenu/AwesomeMenu/Images/icon-star@2x.png"; sourceTree = "<group>"; };
		662782451633EEC200F1D0E7 /* Cygnus.app */ = {isa = PBXFileReference; explicitFileType = wrapper.application; includeInIndex = 0; path = Cygnus.app; sourceTree = BUILT_PRODUCTS_DIR; };
		662782491633EEC200F1D0E7 /* UIKit.framework */ = {isa = PBXFileReference; lastKnownFileType = wrapper.framework; name = UIKit.framework; path = System/Library/Frameworks/UIKit.framework; sourceTree = SDKROOT; };
		6627824B1633EEC200F1D0E7 /* Foundation.framework */ = {isa = PBXFileReference; lastKnownFileType = wrapper.framework; name = Foundation.framework; path = System/Library/Frameworks/Foundation.framework; sourceTree = SDKROOT; };
		6627824D1633EEC200F1D0E7 /* CoreGraphics.framework */ = {isa = PBXFileReference; lastKnownFileType = wrapper.framework; name = CoreGraphics.framework; path = System/Library/Frameworks/CoreGraphics.framework; sourceTree = SDKROOT; };
		662782511633EEC200F1D0E7 /* Cygnus-Info.plist */ = {isa = PBXFileReference; lastKnownFileType = text.plist.xml; path = "Cygnus-Info.plist"; sourceTree = "<group>"; };
		662782531633EEC200F1D0E7 /* en */ = {isa = PBXFileReference; lastKnownFileType = text.plist.strings; name = en; path = en.lproj/InfoPlist.strings; sourceTree = "<group>"; };
		662782551633EEC200F1D0E7 /* main.m */ = {isa = PBXFileReference; lastKnownFileType = sourcecode.c.objc; path = main.m; sourceTree = "<group>"; };
		662782571633EEC200F1D0E7 /* Cygnus-Prefix.pch */ = {isa = PBXFileReference; lastKnownFileType = sourcecode.c.h; path = "Cygnus-Prefix.pch"; sourceTree = "<group>"; };
		662782581633EEC200F1D0E7 /* CYAppDelegate.h */ = {isa = PBXFileReference; lastKnownFileType = sourcecode.c.h; path = CYAppDelegate.h; sourceTree = "<group>"; };
		662782591633EEC200F1D0E7 /* CYAppDelegate.m */ = {isa = PBXFileReference; lastKnownFileType = sourcecode.c.objc; path = CYAppDelegate.m; sourceTree = "<group>"; };
		662782621633EEC200F1D0E7 /* en */ = {isa = PBXFileReference; lastKnownFileType = file.storyboard; name = en; path = en.lproj/MainStoryboard.storyboard; sourceTree = "<group>"; };
		662782731633EF9200F1D0E7 /* Accounts.framework */ = {isa = PBXFileReference; lastKnownFileType = wrapper.framework; name = Accounts.framework; path = System/Library/Frameworks/Accounts.framework; sourceTree = SDKROOT; };
		662782741633EF9200F1D0E7 /* AdSupport.framework */ = {isa = PBXFileReference; lastKnownFileType = wrapper.framework; name = AdSupport.framework; path = System/Library/Frameworks/AdSupport.framework; sourceTree = SDKROOT; };
		662782751633EF9200F1D0E7 /* AudioToolbox.framework */ = {isa = PBXFileReference; lastKnownFileType = wrapper.framework; name = AudioToolbox.framework; path = System/Library/Frameworks/AudioToolbox.framework; sourceTree = SDKROOT; };
		662782761633EF9200F1D0E7 /* CFNetwork.framework */ = {isa = PBXFileReference; lastKnownFileType = wrapper.framework; name = CFNetwork.framework; path = System/Library/Frameworks/CFNetwork.framework; sourceTree = SDKROOT; };
		662782771633EF9200F1D0E7 /* libsqlite3.dylib */ = {isa = PBXFileReference; lastKnownFileType = "compiled.mach-o.dylib"; name = libsqlite3.dylib; path = usr/lib/libsqlite3.dylib; sourceTree = SDKROOT; };
		662782781633EF9200F1D0E7 /* libz.1.1.3.dylib */ = {isa = PBXFileReference; lastKnownFileType = "compiled.mach-o.dylib"; name = libz.1.1.3.dylib; path = usr/lib/libz.1.1.3.dylib; sourceTree = SDKROOT; };
		662782791633EF9200F1D0E7 /* MobileCoreServices.framework */ = {isa = PBXFileReference; lastKnownFileType = wrapper.framework; name = MobileCoreServices.framework; path = System/Library/Frameworks/MobileCoreServices.framework; sourceTree = SDKROOT; };
		6627827A1633EF9200F1D0E7 /* QuartzCore.framework */ = {isa = PBXFileReference; lastKnownFileType = wrapper.framework; name = QuartzCore.framework; path = System/Library/Frameworks/QuartzCore.framework; sourceTree = SDKROOT; };
		6627827B1633EF9200F1D0E7 /* Security.framework */ = {isa = PBXFileReference; lastKnownFileType = wrapper.framework; name = Security.framework; path = System/Library/Frameworks/Security.framework; sourceTree = SDKROOT; };
		6627827C1633EF9200F1D0E7 /* Social.framework */ = {isa = PBXFileReference; lastKnownFileType = wrapper.framework; name = Social.framework; path = System/Library/Frameworks/Social.framework; sourceTree = SDKROOT; };
		6627827D1633EF9200F1D0E7 /* StoreKit.framework */ = {isa = PBXFileReference; lastKnownFileType = wrapper.framework; name = StoreKit.framework; path = System/Library/Frameworks/StoreKit.framework; sourceTree = SDKROOT; };
		6627828F1633F0F400F1D0E7 /* MapKit.framework */ = {isa = PBXFileReference; lastKnownFileType = wrapper.framework; name = MapKit.framework; path = System/Library/Frameworks/MapKit.framework; sourceTree = SDKROOT; };
		662782911633F10100F1D0E7 /* CoreLocation.framework */ = {isa = PBXFileReference; lastKnownFileType = wrapper.framework; name = CoreLocation.framework; path = System/Library/Frameworks/CoreLocation.framework; sourceTree = SDKROOT; };
		6644E246163F312700537778 /* CYNotifications.h */ = {isa = PBXFileReference; fileEncoding = 4; lastKnownFileType = sourcecode.c.h; path = CYNotifications.h; sourceTree = "<group>"; };
		6644E252163F338000537778 /* Parse.framework */ = {isa = PBXFileReference; lastKnownFileType = wrapper.framework; name = Parse.framework; path = Cygnus/Frameworks/Parse.framework; sourceTree = "<group>"; };
		66558A8D16361D4700C7BB8B /* SSToolkit.xcodeproj */ = {isa = PBXFileReference; lastKnownFileType = "wrapper.pb-project"; name = SSToolkit.xcodeproj; path = Cygnus/Libraries/SSToolkit/SSToolkit.xcodeproj; sourceTree = "<group>"; };
		66558A9E16361EBC00C7BB8B /* AFHTTPClient.h */ = {isa = PBXFileReference; fileEncoding = 4; lastKnownFileType = sourcecode.c.h; path = AFHTTPClient.h; sourceTree = "<group>"; };
		66558A9F16361EBC00C7BB8B /* AFHTTPClient.m */ = {isa = PBXFileReference; fileEncoding = 4; lastKnownFileType = sourcecode.c.objc; path = AFHTTPClient.m; sourceTree = "<group>"; };
		66558AA016361EBC00C7BB8B /* AFHTTPRequestOperation.h */ = {isa = PBXFileReference; fileEncoding = 4; lastKnownFileType = sourcecode.c.h; path = AFHTTPRequestOperation.h; sourceTree = "<group>"; };
		66558AA116361EBC00C7BB8B /* AFHTTPRequestOperation.m */ = {isa = PBXFileReference; fileEncoding = 4; lastKnownFileType = sourcecode.c.objc; path = AFHTTPRequestOperation.m; sourceTree = "<group>"; };
		66558AA216361EBC00C7BB8B /* AFImageRequestOperation.h */ = {isa = PBXFileReference; fileEncoding = 4; lastKnownFileType = sourcecode.c.h; path = AFImageRequestOperation.h; sourceTree = "<group>"; };
		66558AA316361EBC00C7BB8B /* AFImageRequestOperation.m */ = {isa = PBXFileReference; fileEncoding = 4; lastKnownFileType = sourcecode.c.objc; path = AFImageRequestOperation.m; sourceTree = "<group>"; };
		66558AA416361EBC00C7BB8B /* AFJSONRequestOperation.h */ = {isa = PBXFileReference; fileEncoding = 4; lastKnownFileType = sourcecode.c.h; path = AFJSONRequestOperation.h; sourceTree = "<group>"; };
		66558AA516361EBC00C7BB8B /* AFJSONRequestOperation.m */ = {isa = PBXFileReference; fileEncoding = 4; lastKnownFileType = sourcecode.c.objc; path = AFJSONRequestOperation.m; sourceTree = "<group>"; };
		66558AA616361EBC00C7BB8B /* AFNetworkActivityIndicatorManager.h */ = {isa = PBXFileReference; fileEncoding = 4; lastKnownFileType = sourcecode.c.h; path = AFNetworkActivityIndicatorManager.h; sourceTree = "<group>"; };
		66558AA716361EBC00C7BB8B /* AFNetworkActivityIndicatorManager.m */ = {isa = PBXFileReference; fileEncoding = 4; lastKnownFileType = sourcecode.c.objc; path = AFNetworkActivityIndicatorManager.m; sourceTree = "<group>"; };
		66558AA816361EBC00C7BB8B /* AFNetworking.h */ = {isa = PBXFileReference; fileEncoding = 4; lastKnownFileType = sourcecode.c.h; path = AFNetworking.h; sourceTree = "<group>"; };
		66558AA916361EBC00C7BB8B /* AFPropertyListRequestOperation.h */ = {isa = PBXFileReference; fileEncoding = 4; lastKnownFileType = sourcecode.c.h; path = AFPropertyListRequestOperation.h; sourceTree = "<group>"; };
		66558AAA16361EBC00C7BB8B /* AFPropertyListRequestOperation.m */ = {isa = PBXFileReference; fileEncoding = 4; lastKnownFileType = sourcecode.c.objc; path = AFPropertyListRequestOperation.m; sourceTree = "<group>"; };
		66558AAB16361EBC00C7BB8B /* AFURLConnectionOperation.h */ = {isa = PBXFileReference; fileEncoding = 4; lastKnownFileType = sourcecode.c.h; path = AFURLConnectionOperation.h; sourceTree = "<group>"; };
		66558AAC16361EBC00C7BB8B /* AFURLConnectionOperation.m */ = {isa = PBXFileReference; fileEncoding = 4; lastKnownFileType = sourcecode.c.objc; path = AFURLConnectionOperation.m; sourceTree = "<group>"; };
		66558AAD16361EBC00C7BB8B /* AFXMLRequestOperation.h */ = {isa = PBXFileReference; fileEncoding = 4; lastKnownFileType = sourcecode.c.h; path = AFXMLRequestOperation.h; sourceTree = "<group>"; };
		66558AAE16361EBC00C7BB8B /* AFXMLRequestOperation.m */ = {isa = PBXFileReference; fileEncoding = 4; lastKnownFileType = sourcecode.c.objc; path = AFXMLRequestOperation.m; sourceTree = "<group>"; };
		66558AAF16361EBC00C7BB8B /* UIImageView+AFNetworking.h */ = {isa = PBXFileReference; fileEncoding = 4; lastKnownFileType = sourcecode.c.h; path = "UIImageView+AFNetworking.h"; sourceTree = "<group>"; };
		66558AB016361EBC00C7BB8B /* UIImageView+AFNetworking.m */ = {isa = PBXFileReference; fileEncoding = 4; lastKnownFileType = sourcecode.c.objc; path = "UIImageView+AFNetworking.m"; sourceTree = "<group>"; };
		669C1F8F163DC75E001F1C18 /* CYUser.h */ = {isa = PBXFileReference; fileEncoding = 4; lastKnownFileType = sourcecode.c.h; name = CYUser.h; path = Models/CYUser.h; sourceTree = "<group>"; };
		669C1F90163DC75E001F1C18 /* CYUser.m */ = {isa = PBXFileReference; fileEncoding = 4; lastKnownFileType = sourcecode.c.objc; name = CYUser.m; path = Models/CYUser.m; sourceTree = "<group>"; };
		669C1F92163DC906001F1C18 /* CYMap.h */ = {isa = PBXFileReference; fileEncoding = 4; lastKnownFileType = sourcecode.c.h; name = CYMap.h; path = Models/CYMap.h; sourceTree = "<group>"; };
		669C1F93163DC906001F1C18 /* CYMap.m */ = {isa = PBXFileReference; fileEncoding = 4; lastKnownFileType = sourcecode.c.objc; name = CYMap.m; path = Models/CYMap.m; sourceTree = "<group>"; };
		669C1F95163DC99C001F1C18 /* CYPoint.h */ = {isa = PBXFileReference; fileEncoding = 4; lastKnownFileType = sourcecode.c.h; name = CYPoint.h; path = Models/CYPoint.h; sourceTree = "<group>"; };
		669C1F96163DC99C001F1C18 /* CYPoint.m */ = {isa = PBXFileReference; fileEncoding = 4; lastKnownFileType = sourcecode.c.objc; name = CYPoint.m; path = Models/CYPoint.m; sourceTree = "<group>"; };
		669C1F9F163DDDBF001F1C18 /* CYGroup.h */ = {isa = PBXFileReference; fileEncoding = 4; lastKnownFileType = sourcecode.c.h; name = CYGroup.h; path = Models/CYGroup.h; sourceTree = "<group>"; };
		669C1FA0163DDDBF001F1C18 /* CYGroup.m */ = {isa = PBXFileReference; fileEncoding = 4; lastKnownFileType = sourcecode.c.objc; name = CYGroup.m; path = Models/CYGroup.m; sourceTree = "<group>"; };
		669C1FA2163DF8FD001F1C18 /* CYObject.h */ = {isa = PBXFileReference; fileEncoding = 4; lastKnownFileType = sourcecode.c.h; name = CYObject.h; path = Models/CYObject.h; sourceTree = "<group>"; };
		669C1FA3163DF8FD001F1C18 /* CYObject.m */ = {isa = PBXFileReference; fileEncoding = 4; lastKnownFileType = sourcecode.c.objc; name = CYObject.m; path = Models/CYObject.m; sourceTree = "<group>"; };
		66A1B330163888AC00B9DCEC /* SystemConfiguration.framework */ = {isa = PBXFileReference; lastKnownFileType = wrapper.framework; name = SystemConfiguration.framework; path = System/Library/Frameworks/SystemConfiguration.framework; sourceTree = SDKROOT; };
		66A1B34116388E7200B9DCEC /* CYMapViewController.h */ = {isa = PBXFileReference; fileEncoding = 4; lastKnownFileType = sourcecode.c.h; name = CYMapViewController.h; path = "View Controllers/CYMapViewController.h"; sourceTree = "<group>"; };
		66A1B34216388E7200B9DCEC /* CYMapViewController.m */ = {isa = PBXFileReference; fileEncoding = 4; lastKnownFileType = sourcecode.c.objc; name = CYMapViewController.m; path = "View Controllers/CYMapViewController.m"; sourceTree = "<group>"; };
		66A1B3671638AC8100B9DCEC /* .gitignore */ = {isa = PBXFileReference; fileEncoding = 4; lastKnownFileType = text; path = .gitignore; sourceTree = "<group>"; };
		66A1B3691638AC8100B9DCEC /* MKMapView+ARKit.h */ = {isa = PBXFileReference; fileEncoding = 4; lastKnownFileType = sourcecode.c.h; path = "MKMapView+ARKit.h"; sourceTree = "<group>"; };
		66A1B36A1638AC8100B9DCEC /* MKMapView+ARKit.m */ = {isa = PBXFileReference; fileEncoding = 4; lastKnownFileType = sourcecode.c.objc; path = "MKMapView+ARKit.m"; sourceTree = "<group>"; };
		66A1B36B1638AC8100B9DCEC /* README.md */ = {isa = PBXFileReference; fileEncoding = 4; lastKnownFileType = text; path = README.md; sourceTree = "<group>"; };
		66A1B36D1638AC8100B9DCEC /* ARTextField.h */ = {isa = PBXFileReference; fileEncoding = 4; lastKnownFileType = sourcecode.c.h; path = ARTextField.h; sourceTree = "<group>"; };
		66A1B36E1638AC8100B9DCEC /* ARTextField.m */ = {isa = PBXFileReference; fileEncoding = 4; lastKnownFileType = sourcecode.c.objc; path = ARTextField.m; sourceTree = "<group>"; };
		66A1B36F1638AC8100B9DCEC /* ARTextView.h */ = {isa = PBXFileReference; fileEncoding = 4; lastKnownFileType = sourcecode.c.h; path = ARTextView.h; sourceTree = "<group>"; };
		66A1B3701638AC8100B9DCEC /* ARTextView.m */ = {isa = PBXFileReference; fileEncoding = 4; lastKnownFileType = sourcecode.c.objc; path = ARTextView.m; sourceTree = "<group>"; };
		66C29A57164CDEBF00DC8DBA /* CYBlocks.h */ = {isa = PBXFileReference; fileEncoding = 4; lastKnownFileType = sourcecode.c.h; path = CYBlocks.h; sourceTree = "<group>"; };
		66C29A58164CEA9400DC8DBA /* CoreText.framework */ = {isa = PBXFileReference; lastKnownFileType = wrapper.framework; name = CoreText.framework; path = System/Library/Frameworks/CoreText.framework; sourceTree = SDKROOT; };
/* End PBXFileReference section */

/* Begin PBXFrameworksBuildPhase section */
		662782421633EEC200F1D0E7 /* Frameworks */ = {
			isa = PBXFrameworksBuildPhase;
			buildActionMask = 2147483647;
			files = (
				4E541AA31654CBFA00E495D1 /* libQuickDialog.a in Frameworks */,
				66C29A59164CEA9400DC8DBA /* CoreText.framework in Frameworks */,
				66A1B331163888AC00B9DCEC /* SystemConfiguration.framework in Frameworks */,
				66558ABE163634BE00C7BB8B /* libSSToolkit.a in Frameworks */,
				662782921633F10100F1D0E7 /* CoreLocation.framework in Frameworks */,
				662782901633F0F400F1D0E7 /* MapKit.framework in Frameworks */,
				6627827F1633EF9200F1D0E7 /* Accounts.framework in Frameworks */,
				662782801633EF9200F1D0E7 /* AdSupport.framework in Frameworks */,
				662782811633EF9200F1D0E7 /* AudioToolbox.framework in Frameworks */,
				662782821633EF9200F1D0E7 /* CFNetwork.framework in Frameworks */,
				662782831633EF9200F1D0E7 /* libsqlite3.dylib in Frameworks */,
				662782841633EF9200F1D0E7 /* libz.1.1.3.dylib in Frameworks */,
				662782851633EF9200F1D0E7 /* MobileCoreServices.framework in Frameworks */,
				662782861633EF9200F1D0E7 /* QuartzCore.framework in Frameworks */,
				662782871633EF9200F1D0E7 /* Security.framework in Frameworks */,
				662782881633EF9200F1D0E7 /* Social.framework in Frameworks */,
				662782891633EF9200F1D0E7 /* StoreKit.framework in Frameworks */,
				6627824A1633EEC200F1D0E7 /* UIKit.framework in Frameworks */,
				6627824C1633EEC200F1D0E7 /* Foundation.framework in Frameworks */,
				6627824E1633EEC200F1D0E7 /* CoreGraphics.framework in Frameworks */,
				6644E253163F338000537778 /* Parse.framework in Frameworks */,
			);
			runOnlyForDeploymentPostprocessing = 0;
		};
/* End PBXFrameworksBuildPhase section */

/* Begin PBXGroup section */
		4E541A951654CBCE00E495D1 /* Products */ = {
			isa = PBXGroup;
			children = (
				4E541A9E1654CBCF00E495D1 /* QuickDialogExample.app */,
				4E541AA01654CBCF00E495D1 /* libQuickDialog.a */,
			);
			name = Products;
			sourceTree = "<group>";
		};
		4EEB9617163DF84900D67785 /* Objective-C-Categories-and-Macros */ = {
			isa = PBXGroup;
			children = (
				4E6DFF991643F3A600AB180C /* NSAttributedString+Attributes.h */,
				4E6DFF9A1643F3A600AB180C /* NSAttributedString+Attributes.m */,
				4EEB9618163DF84900D67785 /* FDNullOrEmpty.h */,
				4EEB9619163DF84900D67785 /* NSArray+Accessing.h */,
				4EEB961A163DF84900D67785 /* NSArray+Accessing.m */,
				4EEB961B163DF84900D67785 /* NSObject+PerformBlock.h */,
				4EEB961C163DF84900D67785 /* NSObject+PerformBlock.m */,
				4EEB961D163DF84900D67785 /* NSString+UUID.h */,
				4EEB961E163DF84900D67785 /* NSString+UUID.m */,
				4EEB961F163DF84900D67785 /* README.md */,
				4EEB9620163DF84900D67785 /* UIImage+ImageFromDiskNamed.h */,
				4EEB9621163DF84900D67785 /* UIImage+ImageFromDiskNamed.m */,
				4EEB9622163DF84900D67785 /* UIView+Animations.h */,
				4EEB9623163DF84900D67785 /* UIView+Animations.m */,
				4EEB9624163DF84900D67785 /* UIView+Layout.h */,
				4EEB9625163DF84900D67785 /* UIView+Layout.m */,
			);
			name = "Objective-C-Categories-and-Macros";
			path = "Cygnus/Libraries/Objective-C-Categories-and-Macros";
			sourceTree = "<group>";
		};
		661088C3163AAD0B000D1DA2 /* AwesomeMenu */ = {
			isa = PBXGroup;
			children = (
				661088C4163AAD4D000D1DA2 /* AwesomeMenu.h */,
				661088C5163AAD4D000D1DA2 /* AwesomeMenu.m */,
				661088C6163AAD4D000D1DA2 /* AwesomeMenuItem.h */,
				661088C7163AAD4D000D1DA2 /* AwesomeMenuItem.m */,
				661088E7163AAD9A000D1DA2 /* Resources */,
			);
			name = AwesomeMenu;
			sourceTree = "<group>";
		};
		661088E7163AAD9A000D1DA2 /* Resources */ = {
			isa = PBXGroup;
			children = (
				661088E8163AADB0000D1DA2 /* bg-addbutton-highlighted.png */,
				661088E9163AADB0000D1DA2 /* bg-addbutton-highlighted@2x.png */,
				661088EA163AADB0000D1DA2 /* bg-addbutton.png */,
				661088EB163AADB0000D1DA2 /* bg-addbutton@2x.png */,
				661088EC163AADB0000D1DA2 /* bg-menuitem-highlighted.png */,
				661088ED163AADB0000D1DA2 /* bg-menuitem-highlighted@2x.png */,
				661088EE163AADB0000D1DA2 /* bg-menuitem.png */,
				661088EF163AADB0000D1DA2 /* bg-menuitem@2x.png */,
				661088F0163AADB0000D1DA2 /* icon-plus-highlighted.png */,
				661088F1163AADB0000D1DA2 /* icon-plus-highlighted@2x.png */,
				661088F2163AADB0000D1DA2 /* icon-plus.png */,
				661088F3163AADB0000D1DA2 /* icon-plus@2x.png */,
				661088F4163AADB0000D1DA2 /* icon-star.png */,
				661088F5163AADB0000D1DA2 /* icon-star@2x.png */,
			);
			name = Resources;
			sourceTree = "<group>";
		};
		6627823A1633EEC200F1D0E7 = {
			isa = PBXGroup;
			children = (
				6627824F1633EEC200F1D0E7 /* Cygnus */,
				66A1B31F1638828A00B9DCEC /* Resources */,
				662782481633EEC200F1D0E7 /* Frameworks */,
				66558A8116361CE200C7BB8B /* Libraries */,
				662782461633EEC200F1D0E7 /* Products */,
			);
			sourceTree = "<group>";
		};
		662782461633EEC200F1D0E7 /* Products */ = {
			isa = PBXGroup;
			children = (
				662782451633EEC200F1D0E7 /* Cygnus.app */,
			);
			name = Products;
			sourceTree = "<group>";
		};
		662782481633EEC200F1D0E7 /* Frameworks */ = {
			isa = PBXGroup;
			children = (
				662782731633EF9200F1D0E7 /* Accounts.framework */,
				662782741633EF9200F1D0E7 /* AdSupport.framework */,
				662782751633EF9200F1D0E7 /* AudioToolbox.framework */,
				662782761633EF9200F1D0E7 /* CFNetwork.framework */,
				6627824D1633EEC200F1D0E7 /* CoreGraphics.framework */,
				662782911633F10100F1D0E7 /* CoreLocation.framework */,
				66C29A58164CEA9400DC8DBA /* CoreText.framework */,
				6627824B1633EEC200F1D0E7 /* Foundation.framework */,
				662782771633EF9200F1D0E7 /* libsqlite3.dylib */,
				662782781633EF9200F1D0E7 /* libz.1.1.3.dylib */,
				6627828F1633F0F400F1D0E7 /* MapKit.framework */,
				662782791633EF9200F1D0E7 /* MobileCoreServices.framework */,
				6644E252163F338000537778 /* Parse.framework */,
				6627827A1633EF9200F1D0E7 /* QuartzCore.framework */,
				6627827B1633EF9200F1D0E7 /* Security.framework */,
				6627827C1633EF9200F1D0E7 /* Social.framework */,
				6627827D1633EF9200F1D0E7 /* StoreKit.framework */,
				66A1B330163888AC00B9DCEC /* SystemConfiguration.framework */,
				662782491633EEC200F1D0E7 /* UIKit.framework */,
			);
			name = Frameworks;
			sourceTree = "<group>";
		};
		6627824F1633EEC200F1D0E7 /* Cygnus */ = {
			isa = PBXGroup;
			children = (
				662782581633EEC200F1D0E7 /* CYAppDelegate.h */,
				662782591633EEC200F1D0E7 /* CYAppDelegate.m */,
				66C29A57164CDEBF00DC8DBA /* CYBlocks.h */,
				6644E246163F312700537778 /* CYNotifications.h */,
				662782611633EEC200F1D0E7 /* MainStoryboard.storyboard */,
				66A1B30C16387F7B00B9DCEC /* View Controllers */,
				669C1F8E163DC702001F1C18 /* Models */,
				662782501633EEC200F1D0E7 /* Supporting Files */,
			);
			path = Cygnus;
			sourceTree = "<group>";
		};
		662782501633EEC200F1D0E7 /* Supporting Files */ = {
			isa = PBXGroup;
			children = (
				662782511633EEC200F1D0E7 /* Cygnus-Info.plist */,
				662782521633EEC200F1D0E7 /* InfoPlist.strings */,
				662782551633EEC200F1D0E7 /* main.m */,
				662782571633EEC200F1D0E7 /* Cygnus-Prefix.pch */,
			);
			name = "Supporting Files";
			sourceTree = "<group>";
		};
		66558A8116361CE200C7BB8B /* Libraries */ = {
			isa = PBXGroup;
			children = (
				4E541A941654CBCE00E495D1 /* QuickDialog.xcodeproj */,
				4EEB9617163DF84900D67785 /* Objective-C-Categories-and-Macros */,
				66558A9D16361EBC00C7BB8B /* AFNetworking */,
				66A1B3661638AC8100B9DCEC /* ARKit */,
				661088C3163AAD0B000D1DA2 /* AwesomeMenu */,
				66558A8D16361D4700C7BB8B /* SSToolkit.xcodeproj */,
			);
			name = Libraries;
			sourceTree = "<group>";
		};
		66558A8E16361D4700C7BB8B /* Products */ = {
			isa = PBXGroup;
			children = (
				66558A9816361D4700C7BB8B /* libSSToolkit.a */,
				66558A9A16361D4700C7BB8B /* SSToolkitTests.app */,
				66558A9C16361D4700C7BB8B /* SSToolkitResources.bundle */,
			);
			name = Products;
			sourceTree = "<group>";
		};
		66558A9D16361EBC00C7BB8B /* AFNetworking */ = {
			isa = PBXGroup;
			children = (
				66558A9E16361EBC00C7BB8B /* AFHTTPClient.h */,
				66558A9F16361EBC00C7BB8B /* AFHTTPClient.m */,
				66558AA016361EBC00C7BB8B /* AFHTTPRequestOperation.h */,
				66558AA116361EBC00C7BB8B /* AFHTTPRequestOperation.m */,
				66558AA216361EBC00C7BB8B /* AFImageRequestOperation.h */,
				66558AA316361EBC00C7BB8B /* AFImageRequestOperation.m */,
				66558AA416361EBC00C7BB8B /* AFJSONRequestOperation.h */,
				66558AA516361EBC00C7BB8B /* AFJSONRequestOperation.m */,
				66558AA616361EBC00C7BB8B /* AFNetworkActivityIndicatorManager.h */,
				66558AA716361EBC00C7BB8B /* AFNetworkActivityIndicatorManager.m */,
				66558AA816361EBC00C7BB8B /* AFNetworking.h */,
				66558AA916361EBC00C7BB8B /* AFPropertyListRequestOperation.h */,
				66558AAA16361EBC00C7BB8B /* AFPropertyListRequestOperation.m */,
				66558AAB16361EBC00C7BB8B /* AFURLConnectionOperation.h */,
				66558AAC16361EBC00C7BB8B /* AFURLConnectionOperation.m */,
				66558AAD16361EBC00C7BB8B /* AFXMLRequestOperation.h */,
				66558AAE16361EBC00C7BB8B /* AFXMLRequestOperation.m */,
				66558AAF16361EBC00C7BB8B /* UIImageView+AFNetworking.h */,
				66558AB016361EBC00C7BB8B /* UIImageView+AFNetworking.m */,
			);
			name = AFNetworking;
			path = Cygnus/Libraries/AFNetworking/AFNetworking;
			sourceTree = "<group>";
		};
		669C1F8E163DC702001F1C18 /* Models */ = {
			isa = PBXGroup;
			children = (
				669C1FA2163DF8FD001F1C18 /* CYObject.h */,
				669C1FA3163DF8FD001F1C18 /* CYObject.m */,
				669C1F9F163DDDBF001F1C18 /* CYGroup.h */,
				669C1FA0163DDDBF001F1C18 /* CYGroup.m */,
				669C1F92163DC906001F1C18 /* CYMap.h */,
				669C1F93163DC906001F1C18 /* CYMap.m */,
				669C1F8F163DC75E001F1C18 /* CYUser.h */,
				669C1F90163DC75E001F1C18 /* CYUser.m */,
				669C1F95163DC99C001F1C18 /* CYPoint.h */,
				669C1F96163DC99C001F1C18 /* CYPoint.m */,
			);
			name = Models;
			sourceTree = "<group>";
		};
		66A1B30C16387F7B00B9DCEC /* View Controllers */ = {
			isa = PBXGroup;
			children = (
				4EEB9609163DDE3500D67785 /* CYLogInViewController.h */,
				4EEB960A163DDE3500D67785 /* CYLogInViewController.m */,
				4E6DFF7B1643EA5F00AB180C /* CYTabBarViewController.h */,
				4E6DFF7C1643EA5F00AB180C /* CYTabBarViewController.m */,
				66A1B34116388E7200B9DCEC /* CYMapViewController.h */,
				66A1B34216388E7200B9DCEC /* CYMapViewController.m */,
				4E6DFF9F1643FC1000AB180C /* CYConsoleViewController.h */,
				4E6DFFA01643FC1100AB180C /* CYConsoleViewController.m */,
				4EEB9654163E298E00D67785 /* CYSearchViewController.h */,
				4EEB9655163E298F00D67785 /* CYSearchViewController.m */,
				4E54195C1654C4A500E495D1 /* CYMapCreationViewController.h */,
				4E54195D1654C4A500E495D1 /* CYMapCreationViewController.m */,
				4E5419511654BAF300E495D1 /* CYPointDetailViewController.h */,
				4E5419521654BAF300E495D1 /* CYPointDetailViewController.m */,
				4E9B9C00164D3ADD00A6A010 /* CYMapDetailViewController.h */,
				4E9B9C01164D3ADE00A6A010 /* CYMapDetailViewController.m */,
			);
			name = "View Controllers";
			sourceTree = "<group>";
		};
		66A1B31F1638828A00B9DCEC /* Resources */ = {
			isa = PBXGroup;
			children = (
				4EEEE464164CDCB300D3357B /* CYUI.h */,
				4EEEE465164CDCB300D3357B /* CYUI.m */,
				4EEEE45F164CDCB300D3357B /* CYBeaconHUD.h */,
				4EEEE460164CDCB300D3357B /* CYBeaconHUD.m */,
				4EEEE461164CDCB300D3357B /* CYBeaconHUD.xib */,
				4EEEE462164CDCB300D3357B /* CYMapView.h */,
				4EEEE463164CDCB300D3357B /* CYMapView.m */,
				4EEEE455164CDCB300D3357B /* 04-eye-white.png */,
				4EEEE456164CDCB300D3357B /* 04-eye-white@2x.png */,
				4EEEE457164CDCB300D3357B /* 06-magnify.png */,
				4EEEE458164CDCB300D3357B /* 06-magnify@2x.png */,
				4EEEE459164CDCB300D3357B /* 08-pin-white.png */,
				4EEEE45A164CDCB300D3357B /* 08-pin-white@2x.png */,
				4EEEE45B164CDCB300D3357B /* 20-gear-2.png */,
				4EEEE45C164CDCB300D3357B /* 20-gear-2@2x.png */,
				4EEEE45D164CDCB300D3357B /* 103-map.png */,
				4EEEE45E164CDCB300D3357B /* 103-map@2x.png */,
				4EEEE466164CDCB300D3357B /* Default-568h@2x.png */,
				4EEEE467164CDCB300D3357B /* Default.png */,
				4EEEE468164CDCB300D3357B /* Default@2x.png */,
			);
			name = Resources;
			path = Cygnus/Resources;
			sourceTree = "<group>";
		};
		66A1B3661638AC8100B9DCEC /* ARKit */ = {
			isa = PBXGroup;
			children = (
				66A1B3671638AC8100B9DCEC /* .gitignore */,
				66A1B3681638AC8100B9DCEC /* Categories */,
				66A1B36B1638AC8100B9DCEC /* README.md */,
				66A1B36C1638AC8100B9DCEC /* Views */,
			);
			name = ARKit;
			path = Cygnus/Libraries/ARKit;
			sourceTree = "<group>";
		};
		66A1B3681638AC8100B9DCEC /* Categories */ = {
			isa = PBXGroup;
			children = (
				66A1B3691638AC8100B9DCEC /* MKMapView+ARKit.h */,
				66A1B36A1638AC8100B9DCEC /* MKMapView+ARKit.m */,
			);
			path = Categories;
			sourceTree = "<group>";
		};
		66A1B36C1638AC8100B9DCEC /* Views */ = {
			isa = PBXGroup;
			children = (
				66A1B36D1638AC8100B9DCEC /* ARTextField.h */,
				66A1B36E1638AC8100B9DCEC /* ARTextField.m */,
				66A1B36F1638AC8100B9DCEC /* ARTextView.h */,
				66A1B3701638AC8100B9DCEC /* ARTextView.m */,
			);
			path = Views;
			sourceTree = "<group>";
		};
/* End PBXGroup section */

/* Begin PBXNativeTarget section */
		662782441633EEC200F1D0E7 /* Cygnus */ = {
			isa = PBXNativeTarget;
			buildConfigurationList = 662782691633EEC200F1D0E7 /* Build configuration list for PBXNativeTarget "Cygnus" */;
			buildPhases = (
				662782411633EEC200F1D0E7 /* Sources */,
				662782421633EEC200F1D0E7 /* Frameworks */,
				662782431633EEC200F1D0E7 /* Resources */,
			);
			buildRules = (
			);
			dependencies = (
				4E541AA21654CBE900E495D1 /* PBXTargetDependency */,
				66558ABB163634AC00C7BB8B /* PBXTargetDependency */,
				66558ABD163634AC00C7BB8B /* PBXTargetDependency */,
			);
			name = Cygnus;
			productName = Cygnus;
			productReference = 662782451633EEC200F1D0E7 /* Cygnus.app */;
			productType = "com.apple.product-type.application";
		};
/* End PBXNativeTarget section */

/* Begin PBXProject section */
		6627823C1633EEC200F1D0E7 /* Project object */ = {
			isa = PBXProject;
			attributes = {
				CLASSPREFIX = CY;
				LastUpgradeCheck = 0450;
				ORGANIZATIONNAME = Cygnus;
			};
			buildConfigurationList = 6627823F1633EEC200F1D0E7 /* Build configuration list for PBXProject "Cygnus" */;
			compatibilityVersion = "Xcode 3.2";
			developmentRegion = English;
			hasScannedForEncodings = 0;
			knownRegions = (
				en,
			);
			mainGroup = 6627823A1633EEC200F1D0E7;
			productRefGroup = 662782461633EEC200F1D0E7 /* Products */;
			projectDirPath = "";
			projectReferences = (
				{
					ProductGroup = 4E541A951654CBCE00E495D1 /* Products */;
					ProjectRef = 4E541A941654CBCE00E495D1 /* QuickDialog.xcodeproj */;
				},
				{
					ProductGroup = 66558A8E16361D4700C7BB8B /* Products */;
					ProjectRef = 66558A8D16361D4700C7BB8B /* SSToolkit.xcodeproj */;
				},
			);
			projectRoot = "";
			targets = (
				662782441633EEC200F1D0E7 /* Cygnus */,
			);
		};
/* End PBXProject section */

/* Begin PBXReferenceProxy section */
		4E541A9E1654CBCF00E495D1 /* QuickDialogExample.app */ = {
			isa = PBXReferenceProxy;
			fileType = wrapper.application;
			path = QuickDialogExample.app;
			remoteRef = 4E541A9D1654CBCF00E495D1 /* PBXContainerItemProxy */;
			sourceTree = BUILT_PRODUCTS_DIR;
		};
		4E541AA01654CBCF00E495D1 /* libQuickDialog.a */ = {
			isa = PBXReferenceProxy;
			fileType = archive.ar;
			path = libQuickDialog.a;
			remoteRef = 4E541A9F1654CBCF00E495D1 /* PBXContainerItemProxy */;
			sourceTree = BUILT_PRODUCTS_DIR;
		};
		66558A9816361D4700C7BB8B /* libSSToolkit.a */ = {
			isa = PBXReferenceProxy;
			fileType = archive.ar;
			path = libSSToolkit.a;
			remoteRef = 66558A9716361D4700C7BB8B /* PBXContainerItemProxy */;
			sourceTree = BUILT_PRODUCTS_DIR;
		};
		66558A9A16361D4700C7BB8B /* SSToolkitTests.app */ = {
			isa = PBXReferenceProxy;
			fileType = wrapper.application;
			path = SSToolkitTests.app;
			remoteRef = 66558A9916361D4700C7BB8B /* PBXContainerItemProxy */;
			sourceTree = BUILT_PRODUCTS_DIR;
		};
		66558A9C16361D4700C7BB8B /* SSToolkitResources.bundle */ = {
			isa = PBXReferenceProxy;
			fileType = wrapper.cfbundle;
			path = SSToolkitResources.bundle;
			remoteRef = 66558A9B16361D4700C7BB8B /* PBXContainerItemProxy */;
			sourceTree = BUILT_PRODUCTS_DIR;
		};
/* End PBXReferenceProxy section */

/* Begin PBXResourcesBuildPhase section */
		662782431633EEC200F1D0E7 /* Resources */ = {
			isa = PBXResourcesBuildPhase;
			buildActionMask = 2147483647;
			files = (
				662782541633EEC200F1D0E7 /* InfoPlist.strings in Resources */,
				662782631633EEC200F1D0E7 /* MainStoryboard.storyboard in Resources */,
				66558ABF163634DA00C7BB8B /* SSToolkitResources.bundle in Resources */,
				661088F6163AADB0000D1DA2 /* bg-addbutton-highlighted.png in Resources */,
				661088F7163AADB0000D1DA2 /* bg-addbutton-highlighted@2x.png in Resources */,
				661088F8163AADB0000D1DA2 /* bg-addbutton.png in Resources */,
				661088F9163AADB0000D1DA2 /* bg-addbutton@2x.png in Resources */,
				661088FA163AADB0000D1DA2 /* bg-menuitem-highlighted.png in Resources */,
				661088FB163AADB0000D1DA2 /* bg-menuitem-highlighted@2x.png in Resources */,
				661088FC163AADB0000D1DA2 /* bg-menuitem.png in Resources */,
				661088FD163AADB0000D1DA2 /* bg-menuitem@2x.png in Resources */,
				661088FE163AADB0000D1DA2 /* icon-plus-highlighted.png in Resources */,
				661088FF163AADB0000D1DA2 /* icon-plus-highlighted@2x.png in Resources */,
				66108900163AADB0000D1DA2 /* icon-plus.png in Resources */,
				66108901163AADB0000D1DA2 /* icon-plus@2x.png in Resources */,
				66108902163AADB0000D1DA2 /* icon-star.png in Resources */,
				66108903163AADB0000D1DA2 /* icon-star@2x.png in Resources */,
				4EEEE469164CDCB300D3357B /* 04-eye-white.png in Resources */,
				4EEEE46A164CDCB300D3357B /* 04-eye-white@2x.png in Resources */,
				4EEEE46B164CDCB300D3357B /* 06-magnify.png in Resources */,
				4EEEE46C164CDCB300D3357B /* 06-magnify@2x.png in Resources */,
				4EEEE46D164CDCB300D3357B /* 08-pin-white.png in Resources */,
				4EEEE46E164CDCB300D3357B /* 08-pin-white@2x.png in Resources */,
				4EEEE46F164CDCB300D3357B /* 20-gear-2.png in Resources */,
				4EEEE470164CDCB300D3357B /* 20-gear-2@2x.png in Resources */,
				4EEEE471164CDCB300D3357B /* 103-map.png in Resources */,
				4EEEE472164CDCB300D3357B /* 103-map@2x.png in Resources */,
				4EEEE474164CDCB300D3357B /* CYBeaconHUD.xib in Resources */,
				4EEEE477164CDCB300D3357B /* Default-568h@2x.png in Resources */,
				4EEEE478164CDCB300D3357B /* Default.png in Resources */,
				4EEEE479164CDCB300D3357B /* Default@2x.png in Resources */,
			);
			runOnlyForDeploymentPostprocessing = 0;
		};
/* End PBXResourcesBuildPhase section */

/* Begin PBXSourcesBuildPhase section */
		662782411633EEC200F1D0E7 /* Sources */ = {
			isa = PBXSourcesBuildPhase;
			buildActionMask = 2147483647;
			files = (
				662782561633EEC200F1D0E7 /* main.m in Sources */,
				6627825A1633EEC200F1D0E7 /* CYAppDelegate.m in Sources */,
				66558AB116361EBC00C7BB8B /* AFHTTPClient.m in Sources */,
				66558AB216361EBC00C7BB8B /* AFHTTPRequestOperation.m in Sources */,
				66558AB316361EBC00C7BB8B /* AFImageRequestOperation.m in Sources */,
				66558AB416361EBC00C7BB8B /* AFJSONRequestOperation.m in Sources */,
				66558AB516361EBC00C7BB8B /* AFNetworkActivityIndicatorManager.m in Sources */,
				66558AB616361EBC00C7BB8B /* AFPropertyListRequestOperation.m in Sources */,
				66558AB716361EBC00C7BB8B /* AFURLConnectionOperation.m in Sources */,
				66558AB816361EBC00C7BB8B /* AFXMLRequestOperation.m in Sources */,
				66558AB916361EBC00C7BB8B /* UIImageView+AFNetworking.m in Sources */,
				66A1B34316388E7200B9DCEC /* CYMapViewController.m in Sources */,
				66A1B3721638AC8100B9DCEC /* MKMapView+ARKit.m in Sources */,
				66A1B3741638AC8100B9DCEC /* ARTextField.m in Sources */,
				66A1B3751638AC8100B9DCEC /* ARTextView.m in Sources */,
				661088C8163AAD4D000D1DA2 /* AwesomeMenu.m in Sources */,
				661088C9163AAD4D000D1DA2 /* AwesomeMenuItem.m in Sources */,
				669C1FA4163DF8FD001F1C18 /* CYObject.m in Sources */,
				669C1F91163DC75E001F1C18 /* CYUser.m in Sources */,
				669C1FA1163DDDBF001F1C18 /* CYGroup.m in Sources */,
				669C1F94163DC906001F1C18 /* CYMap.m in Sources */,
				669C1F97163DC99C001F1C18 /* CYPoint.m in Sources */,
				4EEB960B163DDE3500D67785 /* CYLogInViewController.m in Sources */,
				4EEB9626163DF84900D67785 /* NSArray+Accessing.m in Sources */,
				4EEB9627163DF84900D67785 /* NSObject+PerformBlock.m in Sources */,
				4EEB9628163DF84900D67785 /* NSString+UUID.m in Sources */,
				4EEB962A163DF84900D67785 /* UIImage+ImageFromDiskNamed.m in Sources */,
				4EEB962B163DF84900D67785 /* UIView+Animations.m in Sources */,
				4EEB962C163DF84900D67785 /* UIView+Layout.m in Sources */,
				4EEB9656163E298F00D67785 /* CYSearchViewController.m in Sources */,
				4E6DFF7D1643EA5F00AB180C /* CYTabBarViewController.m in Sources */,
				4E6DFF9B1643F3A600AB180C /* NSAttributedString+Attributes.m in Sources */,
				4E6DFFA11643FC1100AB180C /* CYConsoleViewController.m in Sources */,
				4EEEE473164CDCB300D3357B /* CYBeaconHUD.m in Sources */,
				4EEEE475164CDCB300D3357B /* CYMapView.m in Sources */,
				4EEEE476164CDCB300D3357B /* CYUI.m in Sources */,
				4E9B9C02164D3ADE00A6A010 /* CYMapDetailViewController.m in Sources */,
				4E5419531654BAF300E495D1 /* CYPointDetailViewController.m in Sources */,
				4E54195E1654C4A600E495D1 /* CYMapCreationViewController.m in Sources */,
			);
			runOnlyForDeploymentPostprocessing = 0;
		};
/* End PBXSourcesBuildPhase section */

/* Begin PBXTargetDependency section */
		4E541AA21654CBE900E495D1 /* PBXTargetDependency */ = {
			isa = PBXTargetDependency;
			name = QuickDialog;
			targetProxy = 4E541AA11654CBE900E495D1 /* PBXContainerItemProxy */;
		};
		66558ABB163634AC00C7BB8B /* PBXTargetDependency */ = {
			isa = PBXTargetDependency;
			name = SSToolkit;
			targetProxy = 66558ABA163634AC00C7BB8B /* PBXContainerItemProxy */;
		};
		66558ABD163634AC00C7BB8B /* PBXTargetDependency */ = {
			isa = PBXTargetDependency;
			name = SSToolkitResources;
			targetProxy = 66558ABC163634AC00C7BB8B /* PBXContainerItemProxy */;
		};
/* End PBXTargetDependency section */

/* Begin PBXVariantGroup section */
		662782521633EEC200F1D0E7 /* InfoPlist.strings */ = {
			isa = PBXVariantGroup;
			children = (
				662782531633EEC200F1D0E7 /* en */,
			);
			name = InfoPlist.strings;
			sourceTree = "<group>";
		};
		662782611633EEC200F1D0E7 /* MainStoryboard.storyboard */ = {
			isa = PBXVariantGroup;
			children = (
				662782621633EEC200F1D0E7 /* en */,
			);
			name = MainStoryboard.storyboard;
			sourceTree = "<group>";
		};
/* End PBXVariantGroup section */

/* Begin XCBuildConfiguration section */
		662782671633EEC200F1D0E7 /* Debug */ = {
			isa = XCBuildConfiguration;
			buildSettings = {
				ALWAYS_SEARCH_USER_PATHS = NO;
				CLANG_CXX_LANGUAGE_STANDARD = "gnu++0x";
				CLANG_CXX_LIBRARY = "libc++";
				CLANG_ENABLE_OBJC_ARC = YES;
				CLANG_WARN_EMPTY_BODY = YES;
				CLANG_WARN__DUPLICATE_METHOD_MATCH = YES;
				"CODE_SIGN_IDENTITY[sdk=iphoneos*]" = "iPhone Developer";
				COPY_PHASE_STRIP = NO;
				GCC_C_LANGUAGE_STANDARD = gnu99;
				GCC_DYNAMIC_NO_PIC = NO;
				GCC_OPTIMIZATION_LEVEL = 0;
				GCC_PREPROCESSOR_DEFINITIONS = (
					"DEBUG=1",
					"$(inherited)",
				);
				GCC_SYMBOLS_PRIVATE_EXTERN = NO;
				GCC_WARN_ABOUT_RETURN_TYPE = YES;
				GCC_WARN_UNINITIALIZED_AUTOS = YES;
				GCC_WARN_UNUSED_VARIABLE = YES;
				IPHONEOS_DEPLOYMENT_TARGET = 6.0;
				ONLY_ACTIVE_ARCH = YES;
				SDKROOT = iphoneos;
			};
			name = Debug;
		};
		662782681633EEC200F1D0E7 /* Release */ = {
			isa = XCBuildConfiguration;
			buildSettings = {
				ALWAYS_SEARCH_USER_PATHS = NO;
				CLANG_CXX_LANGUAGE_STANDARD = "gnu++0x";
				CLANG_CXX_LIBRARY = "libc++";
				CLANG_ENABLE_OBJC_ARC = YES;
				CLANG_WARN_EMPTY_BODY = YES;
				CLANG_WARN__DUPLICATE_METHOD_MATCH = YES;
				"CODE_SIGN_IDENTITY[sdk=iphoneos*]" = "iPhone Developer";
				COPY_PHASE_STRIP = YES;
				GCC_C_LANGUAGE_STANDARD = gnu99;
				GCC_WARN_ABOUT_RETURN_TYPE = YES;
				GCC_WARN_UNINITIALIZED_AUTOS = YES;
				GCC_WARN_UNUSED_VARIABLE = YES;
				IPHONEOS_DEPLOYMENT_TARGET = 6.0;
				OTHER_CFLAGS = "-DNS_BLOCK_ASSERTIONS=1";
				SDKROOT = iphoneos;
				VALIDATE_PRODUCT = YES;
			};
			name = Release;
		};
		6627826A1633EEC200F1D0E7 /* Debug */ = {
			isa = XCBuildConfiguration;
			buildSettings = {
				ALWAYS_SEARCH_USER_PATHS = YES;
				FRAMEWORK_SEARCH_PATHS = (
					"$(inherited)",
					"\"$(SRCROOT)\"/Cygnus/Frameworks/**",
					"\"$(SRCROOT)\"",
					"\"$(SRCROOT)/Cygnus/Frameworks\"",
				);
				GCC_PRECOMPILE_PREFIX_HEADER = YES;
				GCC_PREFIX_HEADER = "Cygnus/Cygnus-Prefix.pch";
				HEADER_SEARCH_PATHS = "\"$(SRCROOT)\"/Cygnus/Libraries/**";
				INFOPLIST_FILE = "Cygnus/Cygnus-Info.plist";
				OTHER_LDFLAGS = (
					"-all_load",
					"-ObjC",
				);
				PRODUCT_NAME = "$(TARGET_NAME)";
				USER_HEADER_SEARCH_PATHS = "\"${PROJECT_DIR}\"/**";
				WRAPPER_EXTENSION = app;
			};
			name = Debug;
		};
		6627826B1633EEC200F1D0E7 /* Release */ = {
			isa = XCBuildConfiguration;
			buildSettings = {
				ALWAYS_SEARCH_USER_PATHS = YES;
				FRAMEWORK_SEARCH_PATHS = (
					"$(inherited)",
					"\"$(SRCROOT)\"/Cygnus/Frameworks/**",
					"\"$(SRCROOT)\"",
					"\"$(SRCROOT)/Cygnus/Frameworks\"",
				);
				GCC_PRECOMPILE_PREFIX_HEADER = YES;
				GCC_PREFIX_HEADER = "Cygnus/Cygnus-Prefix.pch";
				HEADER_SEARCH_PATHS = "\"$(SRCROOT)\"/Cygnus/Libraries/**";
				INFOPLIST_FILE = "Cygnus/Cygnus-Info.plist";
				OTHER_LDFLAGS = (
					"-all_load",
					"-ObjC",
				);
				PRODUCT_NAME = "$(TARGET_NAME)";
				USER_HEADER_SEARCH_PATHS = "\"${PROJECT_DIR}\"/**";
				WRAPPER_EXTENSION = app;
			};
			name = Release;
		};
/* End XCBuildConfiguration section */

/* Begin XCConfigurationList section */
		6627823F1633EEC200F1D0E7 /* Build configuration list for PBXProject "Cygnus" */ = {
			isa = XCConfigurationList;
			buildConfigurations = (
				662782671633EEC200F1D0E7 /* Debug */,
				662782681633EEC200F1D0E7 /* Release */,
			);
			defaultConfigurationIsVisible = 0;
			defaultConfigurationName = Release;
		};
		662782691633EEC200F1D0E7 /* Build configuration list for PBXNativeTarget "Cygnus" */ = {
			isa = XCConfigurationList;
			buildConfigurations = (
				6627826A1633EEC200F1D0E7 /* Debug */,
				6627826B1633EEC200F1D0E7 /* Release */,
			);
			defaultConfigurationIsVisible = 0;
			defaultConfigurationName = Release;
		};
/* End XCConfigurationList section */
	};
	rootObject = 6627823C1633EEC200F1D0E7 /* Project object */;
}
